// !$*UTF8*$!
{
	archiveVersion = 1;
	classes = {
	};
	objectVersion = 55;
	objects = {

/* Begin PBXBuildFile section */
		AA43700F283F677400BEED80 /* WatchCordApp.swift in Sources */ = {isa = PBXBuildFile; fileRef = AA43700E283F677400BEED80 /* WatchCordApp.swift */; };
		AA43701A283F677600BEED80 /* WatchCord.app in Embed Watch Content */ = {isa = PBXBuildFile; fileRef = AA437019283F677600BEED80 /* WatchCord.app */; settings = {ATTRIBUTES = (RemoveHeadersOnCopy, ); }; };
		AA437025283F677700BEED80 /* WatchCord WatchKit Extension.appex in Embed App Extensions */ = {isa = PBXBuildFile; fileRef = AA437024283F677700BEED80 /* WatchCord WatchKit Extension.appex */; settings = {ATTRIBUTES = (RemoveHeadersOnCopy, ); }; };
		AA43702A283F677700BEED80 /* ContentView.swift in Sources */ = {isa = PBXBuildFile; fileRef = AA437029283F677700BEED80 /* ContentView.swift */; };
		AA43702C283F677700BEED80 /* WatchCordApp.swift in Sources */ = {isa = PBXBuildFile; fileRef = AA43702B283F677700BEED80 /* WatchCordApp.swift */; };
		AA4370BC283F683E00BEED80 /* SDWebImageSwiftUI in Frameworks */ = {isa = PBXBuildFile; productRef = AA4370BB283F683E00BEED80 /* SDWebImageSwiftUI */; };
		AA4370BF283F686000BEED80 /* SDWebImageSwiftUI in Frameworks */ = {isa = PBXBuildFile; productRef = AA4370BE283F686000BEED80 /* SDWebImageSwiftUI */; };
		AA437135283F692600BEED80 /* Assets.xcassets in Resources */ = {isa = PBXBuildFile; fileRef = AA437134283F692600BEED80 /* Assets.xcassets */; };
		AA437137283F692F00BEED80 /* ContentView.swift in Sources */ = {isa = PBXBuildFile; fileRef = AA437136283F692F00BEED80 /* ContentView.swift */; };
		AA4371AC283F695A00BEED80 /* Assets.xcassets in Resources */ = {isa = PBXBuildFile; fileRef = AA4371AA283F695A00BEED80 /* Assets.xcassets */; };
		AA4371AD283F695A00BEED80 /* ComplicationController.swift in Sources */ = {isa = PBXBuildFile; fileRef = AA4371AB283F695A00BEED80 /* ComplicationController.swift */; };
		AA4371AF283F69ED00BEED80 /* Assets.xcassets in Resources */ = {isa = PBXBuildFile; fileRef = AA4371AE283F69ED00BEED80 /* Assets.xcassets */; };
		AA4371F1283F6A9F00BEED80 /* Constants.swift in Sources */ = {isa = PBXBuildFile; fileRef = AA4371B2283F6A9F00BEED80 /* Constants.swift */; };
		AA4371F2283F6A9F00BEED80 /* Constants.swift in Sources */ = {isa = PBXBuildFile; fileRef = AA4371B2283F6A9F00BEED80 /* Constants.swift */; };
		AA4371F3283F6A9F00BEED80 /* Queues.swift in Sources */ = {isa = PBXBuildFile; fileRef = AA4371B4283F6A9F00BEED80 /* Queues.swift */; };
		AA4371F4283F6A9F00BEED80 /* Queues.swift in Sources */ = {isa = PBXBuildFile; fileRef = AA4371B4283F6A9F00BEED80 /* Queues.swift */; };
		AA4371F5283F6A9F00BEED80 /* AppExtension.swift in Sources */ = {isa = PBXBuildFile; fileRef = AA4371B5283F6A9F00BEED80 /* AppExtension.swift */; };
		AA4371F6283F6A9F00BEED80 /* AppExtension.swift in Sources */ = {isa = PBXBuildFile; fileRef = AA4371B5283F6A9F00BEED80 /* AppExtension.swift */; };
		AA4371F7283F6A9F00BEED80 /* Github.swift in Sources */ = {isa = PBXBuildFile; fileRef = AA4371B7283F6A9F00BEED80 /* Github.swift */; };
		AA4371F8283F6A9F00BEED80 /* Github.swift in Sources */ = {isa = PBXBuildFile; fileRef = AA4371B7283F6A9F00BEED80 /* Github.swift */; };
		AA4371F9283F6A9F00BEED80 /* Keychain.swift in Sources */ = {isa = PBXBuildFile; fileRef = AA4371B8283F6A9F00BEED80 /* Keychain.swift */; };
		AA4371FA283F6A9F00BEED80 /* Keychain.swift in Sources */ = {isa = PBXBuildFile; fileRef = AA4371B8283F6A9F00BEED80 /* Keychain.swift */; };
		AA4371FB283F6A9F00BEED80 /* Regex.swift in Sources */ = {isa = PBXBuildFile; fileRef = AA4371B9283F6A9F00BEED80 /* Regex.swift */; };
		AA4371FC283F6A9F00BEED80 /* Regex.swift in Sources */ = {isa = PBXBuildFile; fileRef = AA4371B9283F6A9F00BEED80 /* Regex.swift */; };
		AA4371FD283F6A9F00BEED80 /* String++.swift in Sources */ = {isa = PBXBuildFile; fileRef = AA4371BB283F6A9F00BEED80 /* String++.swift */; };
		AA4371FE283F6A9F00BEED80 /* String++.swift in Sources */ = {isa = PBXBuildFile; fileRef = AA4371BB283F6A9F00BEED80 /* String++.swift */; };
		AA4371FF283F6A9F00BEED80 /* Networking++.swift in Sources */ = {isa = PBXBuildFile; fileRef = AA4371BC283F6A9F00BEED80 /* Networking++.swift */; };
		AA437200283F6A9F00BEED80 /* Networking++.swift in Sources */ = {isa = PBXBuildFile; fileRef = AA4371BC283F6A9F00BEED80 /* Networking++.swift */; };
		AA437201283F6A9F00BEED80 /* Extensions.swift in Sources */ = {isa = PBXBuildFile; fileRef = AA4371BD283F6A9F00BEED80 /* Extensions.swift */; };
		AA437202283F6A9F00BEED80 /* Extensions.swift in Sources */ = {isa = PBXBuildFile; fileRef = AA4371BD283F6A9F00BEED80 /* Extensions.swift */; };
		AA437203283F6A9F00BEED80 /* NSColor++.swift in Sources */ = {isa = PBXBuildFile; fileRef = AA4371BE283F6A9F00BEED80 /* NSColor++.swift */; };
		AA437204283F6A9F00BEED80 /* NSColor++.swift in Sources */ = {isa = PBXBuildFile; fileRef = AA4371BE283F6A9F00BEED80 /* NSColor++.swift */; };
		AA437205283F6A9F00BEED80 /* Collection++.swift in Sources */ = {isa = PBXBuildFile; fileRef = AA4371BF283F6A9F00BEED80 /* Collection++.swift */; };
		AA437206283F6A9F00BEED80 /* Collection++.swift in Sources */ = {isa = PBXBuildFile; fileRef = AA4371BF283F6A9F00BEED80 /* Collection++.swift */; };
		AA437207283F6A9F00BEED80 /* Print++.swift in Sources */ = {isa = PBXBuildFile; fileRef = AA4371C0283F6A9F00BEED80 /* Print++.swift */; };
		AA437208283F6A9F00BEED80 /* Print++.swift in Sources */ = {isa = PBXBuildFile; fileRef = AA4371C0283F6A9F00BEED80 /* Print++.swift */; };
		AA437209283F6A9F00BEED80 /* Combine++.swift in Sources */ = {isa = PBXBuildFile; fileRef = AA4371C1283F6A9F00BEED80 /* Combine++.swift */; };
		AA43720A283F6A9F00BEED80 /* Combine++.swift in Sources */ = {isa = PBXBuildFile; fileRef = AA4371C1283F6A9F00BEED80 /* Combine++.swift */; };
		AA43720B283F6A9F00BEED80 /* SwiftUI++.swift in Sources */ = {isa = PBXBuildFile; fileRef = AA4371C2283F6A9F00BEED80 /* SwiftUI++.swift */; };
		AA43720C283F6A9F00BEED80 /* SwiftUI++.swift in Sources */ = {isa = PBXBuildFile; fileRef = AA4371C2283F6A9F00BEED80 /* SwiftUI++.swift */; };
		AA43720D283F6A9F00BEED80 /* Operators++.swift in Sources */ = {isa = PBXBuildFile; fileRef = AA4371C3283F6A9F00BEED80 /* Operators++.swift */; };
		AA43720E283F6A9F00BEED80 /* Operators++.swift in Sources */ = {isa = PBXBuildFile; fileRef = AA4371C3283F6A9F00BEED80 /* Operators++.swift */; };
		AA43720F283F6A9F00BEED80 /* Keypath++.swift in Sources */ = {isa = PBXBuildFile; fileRef = AA4371C4283F6A9F00BEED80 /* Keypath++.swift */; };
		AA437210283F6A9F00BEED80 /* Keypath++.swift in Sources */ = {isa = PBXBuildFile; fileRef = AA4371C4283F6A9F00BEED80 /* Keypath++.swift */; };
		AA437211283F6A9F00BEED80 /* SongLink.swift in Sources */ = {isa = PBXBuildFile; fileRef = AA4371C7283F6A9F00BEED80 /* SongLink.swift */; };
		AA437212283F6A9F00BEED80 /* SongLink.swift in Sources */ = {isa = PBXBuildFile; fileRef = AA4371C7283F6A9F00BEED80 /* SongLink.swift */; };
		AA437213283F6A9F00BEED80 /* MemberList.swift in Sources */ = {isa = PBXBuildFile; fileRef = AA4371C9283F6A9F00BEED80 /* MemberList.swift */; };
		AA437214283F6A9F00BEED80 /* MemberList.swift in Sources */ = {isa = PBXBuildFile; fileRef = AA4371C9283F6A9F00BEED80 /* MemberList.swift */; };
		AA437215283F6A9F00BEED80 /* Events.swift in Sources */ = {isa = PBXBuildFile; fileRef = AA4371CA283F6A9F00BEED80 /* Events.swift */; };
		AA437216283F6A9F00BEED80 /* Events.swift in Sources */ = {isa = PBXBuildFile; fileRef = AA4371CA283F6A9F00BEED80 /* Events.swift */; };
		AA437217283F6A9F00BEED80 /* LoginPayloads.swift in Sources */ = {isa = PBXBuildFile; fileRef = AA4371CB283F6A9F00BEED80 /* LoginPayloads.swift */; };
		AA437218283F6A9F00BEED80 /* LoginPayloads.swift in Sources */ = {isa = PBXBuildFile; fileRef = AA4371CB283F6A9F00BEED80 /* LoginPayloads.swift */; };
		AA437219283F6A9F00BEED80 /* GatewayStructure.swift in Sources */ = {isa = PBXBuildFile; fileRef = AA4371CC283F6A9F00BEED80 /* GatewayStructure.swift */; };
		AA43721A283F6A9F00BEED80 /* GatewayStructure.swift in Sources */ = {isa = PBXBuildFile; fileRef = AA4371CC283F6A9F00BEED80 /* GatewayStructure.swift */; };
		AA43721B283F6A9F00BEED80 /* Embed.swift in Sources */ = {isa = PBXBuildFile; fileRef = AA4371CE283F6A9F00BEED80 /* Embed.swift */; };
		AA43721C283F6A9F00BEED80 /* Embed.swift in Sources */ = {isa = PBXBuildFile; fileRef = AA4371CE283F6A9F00BEED80 /* Embed.swift */; };
		AA43721D283F6A9F00BEED80 /* Attachment.swift in Sources */ = {isa = PBXBuildFile; fileRef = AA4371CF283F6A9F00BEED80 /* Attachment.swift */; };
		AA43721E283F6A9F00BEED80 /* Attachment.swift in Sources */ = {isa = PBXBuildFile; fileRef = AA4371CF283F6A9F00BEED80 /* Attachment.swift */; };
		AA43721F283F6A9F00BEED80 /* Roles.swift in Sources */ = {isa = PBXBuildFile; fileRef = AA4371D0283F6A9F00BEED80 /* Roles.swift */; };
		AA437220283F6A9F00BEED80 /* Roles.swift in Sources */ = {isa = PBXBuildFile; fileRef = AA4371D0283F6A9F00BEED80 /* Roles.swift */; };
		AA437221283F6A9F00BEED80 /* Guild.swift in Sources */ = {isa = PBXBuildFile; fileRef = AA4371D1283F6A9F00BEED80 /* Guild.swift */; };
		AA437222283F6A9F00BEED80 /* Guild.swift in Sources */ = {isa = PBXBuildFile; fileRef = AA4371D1283F6A9F00BEED80 /* Guild.swift */; };
		AA437223283F6A9F00BEED80 /* Message.swift in Sources */ = {isa = PBXBuildFile; fileRef = AA4371D2283F6A9F00BEED80 /* Message.swift */; };
		AA437224283F6A9F00BEED80 /* Message.swift in Sources */ = {isa = PBXBuildFile; fileRef = AA4371D2283F6A9F00BEED80 /* Message.swift */; };
		AA437225283F6A9F00BEED80 /* Sticker.swift in Sources */ = {isa = PBXBuildFile; fileRef = AA4371D3283F6A9F00BEED80 /* Sticker.swift */; };
		AA437226283F6A9F00BEED80 /* Sticker.swift in Sources */ = {isa = PBXBuildFile; fileRef = AA4371D3283F6A9F00BEED80 /* Sticker.swift */; };
		AA437227283F6A9F00BEED80 /* Channel.swift in Sources */ = {isa = PBXBuildFile; fileRef = AA4371D4283F6A9F00BEED80 /* Channel.swift */; };
		AA437228283F6A9F00BEED80 /* Channel.swift in Sources */ = {isa = PBXBuildFile; fileRef = AA4371D4283F6A9F00BEED80 /* Channel.swift */; };
		AA437229283F6A9F00BEED80 /* Permissions.swift in Sources */ = {isa = PBXBuildFile; fileRef = AA4371D5283F6A9F00BEED80 /* Permissions.swift */; };
		AA43722A283F6A9F00BEED80 /* Permissions.swift in Sources */ = {isa = PBXBuildFile; fileRef = AA4371D5283F6A9F00BEED80 /* Permissions.swift */; };
		AA43722B283F6A9F00BEED80 /* User.swift in Sources */ = {isa = PBXBuildFile; fileRef = AA4371D6283F6A9F00BEED80 /* User.swift */; };
		AA43722C283F6A9F00BEED80 /* User.swift in Sources */ = {isa = PBXBuildFile; fileRef = AA4371D6283F6A9F00BEED80 /* User.swift */; };
		AA43722D283F6A9F00BEED80 /* Emote.swift in Sources */ = {isa = PBXBuildFile; fileRef = AA4371D7283F6A9F00BEED80 /* Emote.swift */; };
		AA43722E283F6A9F00BEED80 /* Emote.swift in Sources */ = {isa = PBXBuildFile; fileRef = AA4371D7283F6A9F00BEED80 /* Emote.swift */; };
		AA43722F283F6A9F00BEED80 /* Reaction.swift in Sources */ = {isa = PBXBuildFile; fileRef = AA4371D8283F6A9F00BEED80 /* Reaction.swift */; };
		AA437230283F6A9F00BEED80 /* Reaction.swift in Sources */ = {isa = PBXBuildFile; fileRef = AA4371D8283F6A9F00BEED80 /* Reaction.swift */; };
		AA437231283F6A9F00BEED80 /* Settings.swift in Sources */ = {isa = PBXBuildFile; fileRef = AA4371D9283F6A9F00BEED80 /* Settings.swift */; };
		AA437232283F6A9F00BEED80 /* Settings.swift in Sources */ = {isa = PBXBuildFile; fileRef = AA4371D9283F6A9F00BEED80 /* Settings.swift */; };
		AA437233283F6A9F00BEED80 /* Status.swift in Sources */ = {isa = PBXBuildFile; fileRef = AA4371DA283F6A9F00BEED80 /* Status.swift */; };
		AA437234283F6A9F00BEED80 /* Status.swift in Sources */ = {isa = PBXBuildFile; fileRef = AA4371DA283F6A9F00BEED80 /* Status.swift */; };
		AA437235283F6A9F00BEED80 /* ReadState.swift in Sources */ = {isa = PBXBuildFile; fileRef = AA4371DB283F6A9F00BEED80 /* ReadState.swift */; };
		AA437236283F6A9F00BEED80 /* ReadState.swift in Sources */ = {isa = PBXBuildFile; fileRef = AA4371DB283F6A9F00BEED80 /* ReadState.swift */; };
		AA437237283F6A9F00BEED80 /* MentionProtocol.swift in Sources */ = {isa = PBXBuildFile; fileRef = AA4371DE283F6A9F00BEED80 /* MentionProtocol.swift */; };
		AA437238283F6A9F00BEED80 /* MentionProtocol.swift in Sources */ = {isa = PBXBuildFile; fileRef = AA4371DE283F6A9F00BEED80 /* MentionProtocol.swift */; };
		AA437239283F6A9F00BEED80 /* Request.swift in Sources */ = {isa = PBXBuildFile; fileRef = AA4371DF283F6A9F00BEED80 /* Request.swift */; };
		AA43723A283F6A9F00BEED80 /* Request.swift in Sources */ = {isa = PBXBuildFile; fileRef = AA4371DF283F6A9F00BEED80 /* Request.swift */; };
		AA43723B283F6A9F00BEED80 /* Core.swift in Sources */ = {isa = PBXBuildFile; fileRef = AA4371E0283F6A9F00BEED80 /* Core.swift */; };
		AA43723C283F6A9F00BEED80 /* Core.swift in Sources */ = {isa = PBXBuildFile; fileRef = AA4371E0283F6A9F00BEED80 /* Core.swift */; };
		AA43723D283F6A9F00BEED80 /* Gateway+VoiceState.swift in Sources */ = {isa = PBXBuildFile; fileRef = AA4371E2283F6A9F00BEED80 /* Gateway+VoiceState.swift */; };
		AA43723E283F6A9F00BEED80 /* Gateway+VoiceState.swift in Sources */ = {isa = PBXBuildFile; fileRef = AA4371E2283F6A9F00BEED80 /* Gateway+VoiceState.swift */; };
		AA43723F283F6A9F00BEED80 /* Gateway+MessageHandle.swift in Sources */ = {isa = PBXBuildFile; fileRef = AA4371E4283F6A9F00BEED80 /* Gateway+MessageHandle.swift */; };
		AA437240283F6A9F00BEED80 /* Gateway+MessageHandle.swift in Sources */ = {isa = PBXBuildFile; fileRef = AA4371E4283F6A9F00BEED80 /* Gateway+MessageHandle.swift */; };
		AA437241283F6A9F00BEED80 /* Gateway.swift in Sources */ = {isa = PBXBuildFile; fileRef = AA4371E5283F6A9F00BEED80 /* Gateway.swift */; };
		AA437242283F6A9F00BEED80 /* Gateway.swift in Sources */ = {isa = PBXBuildFile; fileRef = AA4371E5283F6A9F00BEED80 /* Gateway.swift */; };
		AA437243283F6A9F00BEED80 /* GatewayEvent.swift in Sources */ = {isa = PBXBuildFile; fileRef = AA4371E6283F6A9F00BEED80 /* GatewayEvent.swift */; };
		AA437244283F6A9F00BEED80 /* GatewayEvent.swift in Sources */ = {isa = PBXBuildFile; fileRef = AA4371E6283F6A9F00BEED80 /* GatewayEvent.swift */; };
		AA437245283F6A9F00BEED80 /* ZStream.swift in Sources */ = {isa = PBXBuildFile; fileRef = AA4371E7283F6A9F00BEED80 /* ZStream.swift */; };
		AA437246283F6A9F00BEED80 /* ZStream.swift in Sources */ = {isa = PBXBuildFile; fileRef = AA4371E7283F6A9F00BEED80 /* ZStream.swift */; };
		AA437247283F6A9F00BEED80 /* Socket.swift in Sources */ = {isa = PBXBuildFile; fileRef = AA4371E8283F6A9F00BEED80 /* Socket.swift */; };
		AA437248283F6A9F00BEED80 /* Socket.swift in Sources */ = {isa = PBXBuildFile; fileRef = AA4371E8283F6A9F00BEED80 /* Socket.swift */; };
		AA437249283F6A9F00BEED80 /* RegisterImages.swift in Sources */ = {isa = PBXBuildFile; fileRef = AA4371EA283F6A9F00BEED80 /* RegisterImages.swift */; };
		AA43724A283F6A9F00BEED80 /* RegisterImages.swift in Sources */ = {isa = PBXBuildFile; fileRef = AA4371EA283F6A9F00BEED80 /* RegisterImages.swift */; };
		AA43724B283F6A9F00BEED80 /* Images.swift in Sources */ = {isa = PBXBuildFile; fileRef = AA4371EB283F6A9F00BEED80 /* Images.swift */; };
		AA43724C283F6A9F00BEED80 /* Images.swift in Sources */ = {isa = PBXBuildFile; fileRef = AA4371EB283F6A9F00BEED80 /* Images.swift */; };
		AA43724D283F6A9F00BEED80 /* PlaceholderPfpUrlGen.swift in Sources */ = {isa = PBXBuildFile; fileRef = AA4371EC283F6A9F00BEED80 /* PlaceholderPfpUrlGen.swift */; };
		AA43724E283F6A9F00BEED80 /* PlaceholderPfpUrlGen.swift in Sources */ = {isa = PBXBuildFile; fileRef = AA4371EC283F6A9F00BEED80 /* PlaceholderPfpUrlGen.swift */; };
		AA43724F283F6A9F00BEED80 /* Storage.swift in Sources */ = {isa = PBXBuildFile; fileRef = AA4371EE283F6A9F00BEED80 /* Storage.swift */; };
		AA437250283F6A9F00BEED80 /* Storage.swift in Sources */ = {isa = PBXBuildFile; fileRef = AA4371EE283F6A9F00BEED80 /* Storage.swift */; };
		AA437251283F6A9F00BEED80 /* Engine.swift in Sources */ = {isa = PBXBuildFile; fileRef = AA4371EF283F6A9F00BEED80 /* Engine.swift */; };
		AA437252283F6A9F00BEED80 /* Engine.swift in Sources */ = {isa = PBXBuildFile; fileRef = AA4371EF283F6A9F00BEED80 /* Engine.swift */; };
		AA437253283F6A9F00BEED80 /* Models.swift in Sources */ = {isa = PBXBuildFile; fileRef = AA4371F0283F6A9F00BEED80 /* Models.swift */; };
		AA437254283F6A9F00BEED80 /* Models.swift in Sources */ = {isa = PBXBuildFile; fileRef = AA4371F0283F6A9F00BEED80 /* Models.swift */; };
		AA437257283F6BE900BEED80 /* LoadingView.swift in Sources */ = {isa = PBXBuildFile; fileRef = AA437255283F6BE900BEED80 /* LoadingView.swift */; };
		AA43725D283F6DF900BEED80 /* HomeView.swift in Sources */ = {isa = PBXBuildFile; fileRef = AA43725B283F6DF900BEED80 /* HomeView.swift */; };
		AA437262283F725100BEED80 /* ChatView.swift in Sources */ = {isa = PBXBuildFile; fileRef = AA437260283F725100BEED80 /* ChatView.swift */; };
		AA437265283F73D500BEED80 /* GuildButton.swift in Sources */ = {isa = PBXBuildFile; fileRef = AA437263283F73D500BEED80 /* GuildButton.swift */; };
		AA43726C283F841100BEED80 /* GuildView.swift in Sources */ = {isa = PBXBuildFile; fileRef = AA43726A283F841100BEED80 /* GuildView.swift */; };
		AA437274283FB91600BEED80 /* DmsView.swift in Sources */ = {isa = PBXBuildFile; fileRef = AA437272283FB91600BEED80 /* DmsView.swift */; };
		AA8D00C7283FE266004CF88C /* ChannelViewModel.swift in Sources */ = {isa = PBXBuildFile; fileRef = AA8D00C6283FE266004CF88C /* ChannelViewModel.swift */; };
		AAEDF2E528402C9100362D16 /* msgCell.swift in Sources */ = {isa = PBXBuildFile; fileRef = AAEDF2E428402C9100362D16 /* msgCell.swift */; };
/* End PBXBuildFile section */

/* Begin PBXContainerItemProxy section */
		AA43701B283F677600BEED80 /* PBXContainerItemProxy */ = {
			isa = PBXContainerItemProxy;
			containerPortal = AA437003283F677400BEED80 /* Project object */;
			proxyType = 1;
			remoteGlobalIDString = AA437018283F677600BEED80;
			remoteInfo = "WatchCord WatchKit App";
		};
		AA437026283F677700BEED80 /* PBXContainerItemProxy */ = {
			isa = PBXContainerItemProxy;
			containerPortal = AA437003283F677400BEED80 /* Project object */;
			proxyType = 1;
			remoteGlobalIDString = AA437023283F677700BEED80;
			remoteInfo = "WatchCord WatchKit Extension";
		};
/* End PBXContainerItemProxy section */

/* Begin PBXCopyFilesBuildPhase section */
		AA43703A283F677800BEED80 /* Embed App Extensions */ = {
			isa = PBXCopyFilesBuildPhase;
			buildActionMask = 2147483647;
			dstPath = "";
			dstSubfolderSpec = 13;
			files = (
				AA437025283F677700BEED80 /* WatchCord WatchKit Extension.appex in Embed App Extensions */,
			);
			name = "Embed App Extensions";
			runOnlyForDeploymentPostprocessing = 0;
		};
		AA43703E283F677800BEED80 /* Embed Watch Content */ = {
			isa = PBXCopyFilesBuildPhase;
			buildActionMask = 2147483647;
			dstPath = "$(CONTENTS_FOLDER_PATH)/Watch";
			dstSubfolderSpec = 16;
			files = (
				AA43701A283F677600BEED80 /* WatchCord.app in Embed Watch Content */,
			);
			name = "Embed Watch Content";
			runOnlyForDeploymentPostprocessing = 0;
		};
/* End PBXCopyFilesBuildPhase section */

/* Begin PBXFileReference section */
		AA43700B283F677400BEED80 /* WatchCord.app */ = {isa = PBXFileReference; explicitFileType = wrapper.application; includeInIndex = 0; path = WatchCord.app; sourceTree = BUILT_PRODUCTS_DIR; };
		AA43700E283F677400BEED80 /* WatchCordApp.swift */ = {isa = PBXFileReference; lastKnownFileType = sourcecode.swift; path = WatchCordApp.swift; sourceTree = "<group>"; };
		AA437019283F677600BEED80 /* WatchCord.app */ = {isa = PBXFileReference; explicitFileType = wrapper.application; includeInIndex = 0; path = WatchCord.app; sourceTree = BUILT_PRODUCTS_DIR; };
		AA437024283F677700BEED80 /* WatchCord WatchKit Extension.appex */ = {isa = PBXFileReference; explicitFileType = "wrapper.app-extension"; includeInIndex = 0; path = "WatchCord WatchKit Extension.appex"; sourceTree = BUILT_PRODUCTS_DIR; };
		AA437029283F677700BEED80 /* ContentView.swift */ = {isa = PBXFileReference; lastKnownFileType = sourcecode.swift; path = ContentView.swift; sourceTree = "<group>"; };
		AA43702B283F677700BEED80 /* WatchCordApp.swift */ = {isa = PBXFileReference; lastKnownFileType = sourcecode.swift; path = WatchCordApp.swift; sourceTree = "<group>"; };
		AA437034283F677800BEED80 /* Info.plist */ = {isa = PBXFileReference; lastKnownFileType = text.plist.xml; path = Info.plist; sourceTree = "<group>"; };
		AA437134283F692600BEED80 /* Assets.xcassets */ = {isa = PBXFileReference; lastKnownFileType = folder.assetcatalog; path = Assets.xcassets; sourceTree = "<group>"; };
		AA437136283F692F00BEED80 /* ContentView.swift */ = {isa = PBXFileReference; fileEncoding = 4; lastKnownFileType = sourcecode.swift; path = ContentView.swift; sourceTree = "<group>"; };
		AA4371AA283F695A00BEED80 /* Assets.xcassets */ = {isa = PBXFileReference; lastKnownFileType = folder.assetcatalog; path = Assets.xcassets; sourceTree = "<group>"; };
		AA4371AB283F695A00BEED80 /* ComplicationController.swift */ = {isa = PBXFileReference; fileEncoding = 4; lastKnownFileType = sourcecode.swift; path = ComplicationController.swift; sourceTree = "<group>"; };
		AA4371AE283F69ED00BEED80 /* Assets.xcassets */ = {isa = PBXFileReference; lastKnownFileType = folder.assetcatalog; path = Assets.xcassets; sourceTree = "<group>"; };
		AA4371B2283F6A9F00BEED80 /* Constants.swift */ = {isa = PBXFileReference; fileEncoding = 4; lastKnownFileType = sourcecode.swift; path = Constants.swift; sourceTree = "<group>"; };
		AA4371B4283F6A9F00BEED80 /* Queues.swift */ = {isa = PBXFileReference; fileEncoding = 4; lastKnownFileType = sourcecode.swift; path = Queues.swift; sourceTree = "<group>"; };
		AA4371B5283F6A9F00BEED80 /* AppExtension.swift */ = {isa = PBXFileReference; fileEncoding = 4; lastKnownFileType = sourcecode.swift; path = AppExtension.swift; sourceTree = "<group>"; };
		AA4371B7283F6A9F00BEED80 /* Github.swift */ = {isa = PBXFileReference; fileEncoding = 4; lastKnownFileType = sourcecode.swift; path = Github.swift; sourceTree = "<group>"; };
		AA4371B8283F6A9F00BEED80 /* Keychain.swift */ = {isa = PBXFileReference; fileEncoding = 4; lastKnownFileType = sourcecode.swift; path = Keychain.swift; sourceTree = "<group>"; };
		AA4371B9283F6A9F00BEED80 /* Regex.swift */ = {isa = PBXFileReference; fileEncoding = 4; lastKnownFileType = sourcecode.swift; path = Regex.swift; sourceTree = "<group>"; };
		AA4371BB283F6A9F00BEED80 /* String++.swift */ = {isa = PBXFileReference; fileEncoding = 4; lastKnownFileType = sourcecode.swift; path = "String++.swift"; sourceTree = "<group>"; };
		AA4371BC283F6A9F00BEED80 /* Networking++.swift */ = {isa = PBXFileReference; fileEncoding = 4; lastKnownFileType = sourcecode.swift; path = "Networking++.swift"; sourceTree = "<group>"; };
		AA4371BD283F6A9F00BEED80 /* Extensions.swift */ = {isa = PBXFileReference; fileEncoding = 4; lastKnownFileType = sourcecode.swift; path = Extensions.swift; sourceTree = "<group>"; };
		AA4371BE283F6A9F00BEED80 /* NSColor++.swift */ = {isa = PBXFileReference; fileEncoding = 4; lastKnownFileType = sourcecode.swift; path = "NSColor++.swift"; sourceTree = "<group>"; };
		AA4371BF283F6A9F00BEED80 /* Collection++.swift */ = {isa = PBXFileReference; fileEncoding = 4; lastKnownFileType = sourcecode.swift; path = "Collection++.swift"; sourceTree = "<group>"; };
		AA4371C0283F6A9F00BEED80 /* Print++.swift */ = {isa = PBXFileReference; fileEncoding = 4; lastKnownFileType = sourcecode.swift; path = "Print++.swift"; sourceTree = "<group>"; };
		AA4371C1283F6A9F00BEED80 /* Combine++.swift */ = {isa = PBXFileReference; fileEncoding = 4; lastKnownFileType = sourcecode.swift; path = "Combine++.swift"; sourceTree = "<group>"; };
		AA4371C2283F6A9F00BEED80 /* SwiftUI++.swift */ = {isa = PBXFileReference; fileEncoding = 4; lastKnownFileType = sourcecode.swift; path = "SwiftUI++.swift"; sourceTree = "<group>"; };
		AA4371C3283F6A9F00BEED80 /* Operators++.swift */ = {isa = PBXFileReference; fileEncoding = 4; lastKnownFileType = sourcecode.swift; path = "Operators++.swift"; sourceTree = "<group>"; };
		AA4371C4283F6A9F00BEED80 /* Keypath++.swift */ = {isa = PBXFileReference; fileEncoding = 4; lastKnownFileType = sourcecode.swift; path = "Keypath++.swift"; sourceTree = "<group>"; };
		AA4371C7283F6A9F00BEED80 /* SongLink.swift */ = {isa = PBXFileReference; fileEncoding = 4; lastKnownFileType = sourcecode.swift; path = SongLink.swift; sourceTree = "<group>"; };
		AA4371C9283F6A9F00BEED80 /* MemberList.swift */ = {isa = PBXFileReference; fileEncoding = 4; lastKnownFileType = sourcecode.swift; path = MemberList.swift; sourceTree = "<group>"; };
		AA4371CA283F6A9F00BEED80 /* Events.swift */ = {isa = PBXFileReference; fileEncoding = 4; lastKnownFileType = sourcecode.swift; path = Events.swift; sourceTree = "<group>"; };
		AA4371CB283F6A9F00BEED80 /* LoginPayloads.swift */ = {isa = PBXFileReference; fileEncoding = 4; lastKnownFileType = sourcecode.swift; path = LoginPayloads.swift; sourceTree = "<group>"; };
		AA4371CC283F6A9F00BEED80 /* GatewayStructure.swift */ = {isa = PBXFileReference; fileEncoding = 4; lastKnownFileType = sourcecode.swift; path = GatewayStructure.swift; sourceTree = "<group>"; };
		AA4371CE283F6A9F00BEED80 /* Embed.swift */ = {isa = PBXFileReference; fileEncoding = 4; lastKnownFileType = sourcecode.swift; path = Embed.swift; sourceTree = "<group>"; };
		AA4371CF283F6A9F00BEED80 /* Attachment.swift */ = {isa = PBXFileReference; fileEncoding = 4; lastKnownFileType = sourcecode.swift; path = Attachment.swift; sourceTree = "<group>"; };
		AA4371D0283F6A9F00BEED80 /* Roles.swift */ = {isa = PBXFileReference; fileEncoding = 4; lastKnownFileType = sourcecode.swift; path = Roles.swift; sourceTree = "<group>"; };
		AA4371D1283F6A9F00BEED80 /* Guild.swift */ = {isa = PBXFileReference; fileEncoding = 4; lastKnownFileType = sourcecode.swift; path = Guild.swift; sourceTree = "<group>"; };
		AA4371D2283F6A9F00BEED80 /* Message.swift */ = {isa = PBXFileReference; fileEncoding = 4; lastKnownFileType = sourcecode.swift; path = Message.swift; sourceTree = "<group>"; };
		AA4371D3283F6A9F00BEED80 /* Sticker.swift */ = {isa = PBXFileReference; fileEncoding = 4; lastKnownFileType = sourcecode.swift; path = Sticker.swift; sourceTree = "<group>"; };
		AA4371D4283F6A9F00BEED80 /* Channel.swift */ = {isa = PBXFileReference; fileEncoding = 4; lastKnownFileType = sourcecode.swift; path = Channel.swift; sourceTree = "<group>"; };
		AA4371D5283F6A9F00BEED80 /* Permissions.swift */ = {isa = PBXFileReference; fileEncoding = 4; lastKnownFileType = sourcecode.swift; path = Permissions.swift; sourceTree = "<group>"; };
		AA4371D6283F6A9F00BEED80 /* User.swift */ = {isa = PBXFileReference; fileEncoding = 4; lastKnownFileType = sourcecode.swift; path = User.swift; sourceTree = "<group>"; };
		AA4371D7283F6A9F00BEED80 /* Emote.swift */ = {isa = PBXFileReference; fileEncoding = 4; lastKnownFileType = sourcecode.swift; path = Emote.swift; sourceTree = "<group>"; };
		AA4371D8283F6A9F00BEED80 /* Reaction.swift */ = {isa = PBXFileReference; fileEncoding = 4; lastKnownFileType = sourcecode.swift; path = Reaction.swift; sourceTree = "<group>"; };
		AA4371D9283F6A9F00BEED80 /* Settings.swift */ = {isa = PBXFileReference; fileEncoding = 4; lastKnownFileType = sourcecode.swift; path = Settings.swift; sourceTree = "<group>"; };
		AA4371DA283F6A9F00BEED80 /* Status.swift */ = {isa = PBXFileReference; fileEncoding = 4; lastKnownFileType = sourcecode.swift; path = Status.swift; sourceTree = "<group>"; };
		AA4371DB283F6A9F00BEED80 /* ReadState.swift */ = {isa = PBXFileReference; fileEncoding = 4; lastKnownFileType = sourcecode.swift; path = ReadState.swift; sourceTree = "<group>"; };
		AA4371DE283F6A9F00BEED80 /* MentionProtocol.swift */ = {isa = PBXFileReference; fileEncoding = 4; lastKnownFileType = sourcecode.swift; path = MentionProtocol.swift; sourceTree = "<group>"; };
		AA4371DF283F6A9F00BEED80 /* Request.swift */ = {isa = PBXFileReference; fileEncoding = 4; lastKnownFileType = sourcecode.swift; path = Request.swift; sourceTree = "<group>"; };
		AA4371E0283F6A9F00BEED80 /* Core.swift */ = {isa = PBXFileReference; fileEncoding = 4; lastKnownFileType = sourcecode.swift; path = Core.swift; sourceTree = "<group>"; };
		AA4371E2283F6A9F00BEED80 /* Gateway+VoiceState.swift */ = {isa = PBXFileReference; fileEncoding = 4; lastKnownFileType = sourcecode.swift; path = "Gateway+VoiceState.swift"; sourceTree = "<group>"; };
		AA4371E4283F6A9F00BEED80 /* Gateway+MessageHandle.swift */ = {isa = PBXFileReference; fileEncoding = 4; lastKnownFileType = sourcecode.swift; path = "Gateway+MessageHandle.swift"; sourceTree = "<group>"; };
		AA4371E5283F6A9F00BEED80 /* Gateway.swift */ = {isa = PBXFileReference; fileEncoding = 4; lastKnownFileType = sourcecode.swift; path = Gateway.swift; sourceTree = "<group>"; };
		AA4371E6283F6A9F00BEED80 /* GatewayEvent.swift */ = {isa = PBXFileReference; fileEncoding = 4; lastKnownFileType = sourcecode.swift; path = GatewayEvent.swift; sourceTree = "<group>"; };
		AA4371E7283F6A9F00BEED80 /* ZStream.swift */ = {isa = PBXFileReference; fileEncoding = 4; lastKnownFileType = sourcecode.swift; path = ZStream.swift; sourceTree = "<group>"; };
		AA4371E8283F6A9F00BEED80 /* Socket.swift */ = {isa = PBXFileReference; fileEncoding = 4; lastKnownFileType = sourcecode.swift; path = Socket.swift; sourceTree = "<group>"; };
		AA4371EA283F6A9F00BEED80 /* RegisterImages.swift */ = {isa = PBXFileReference; fileEncoding = 4; lastKnownFileType = sourcecode.swift; path = RegisterImages.swift; sourceTree = "<group>"; };
		AA4371EB283F6A9F00BEED80 /* Images.swift */ = {isa = PBXFileReference; fileEncoding = 4; lastKnownFileType = sourcecode.swift; path = Images.swift; sourceTree = "<group>"; };
		AA4371EC283F6A9F00BEED80 /* PlaceholderPfpUrlGen.swift */ = {isa = PBXFileReference; fileEncoding = 4; lastKnownFileType = sourcecode.swift; path = PlaceholderPfpUrlGen.swift; sourceTree = "<group>"; };
		AA4371EE283F6A9F00BEED80 /* Storage.swift */ = {isa = PBXFileReference; fileEncoding = 4; lastKnownFileType = sourcecode.swift; path = Storage.swift; sourceTree = "<group>"; };
		AA4371EF283F6A9F00BEED80 /* Engine.swift */ = {isa = PBXFileReference; fileEncoding = 4; lastKnownFileType = sourcecode.swift; path = Engine.swift; sourceTree = "<group>"; };
		AA4371F0283F6A9F00BEED80 /* Models.swift */ = {isa = PBXFileReference; fileEncoding = 4; lastKnownFileType = sourcecode.swift; path = Models.swift; sourceTree = "<group>"; };
		AA437255283F6BE900BEED80 /* LoadingView.swift */ = {isa = PBXFileReference; fileEncoding = 4; lastKnownFileType = sourcecode.swift; path = LoadingView.swift; sourceTree = "<group>"; };
		AA43725B283F6DF900BEED80 /* HomeView.swift */ = {isa = PBXFileReference; lastKnownFileType = sourcecode.swift; path = HomeView.swift; sourceTree = "<group>"; };
		AA437260283F725100BEED80 /* ChatView.swift */ = {isa = PBXFileReference; lastKnownFileType = sourcecode.swift; path = ChatView.swift; sourceTree = "<group>"; };
		AA437263283F73D500BEED80 /* GuildButton.swift */ = {isa = PBXFileReference; lastKnownFileType = sourcecode.swift; path = GuildButton.swift; sourceTree = "<group>"; };
		AA437266283F75CA00BEED80 /* WatchKit.framework */ = {isa = PBXFileReference; lastKnownFileType = wrapper.framework; name = WatchKit.framework; path = Platforms/WatchOS.platform/Developer/SDKs/WatchOS8.5.sdk/System/Library/Frameworks/WatchKit.framework; sourceTree = DEVELOPER_DIR; };
		AA43726A283F841100BEED80 /* GuildView.swift */ = {isa = PBXFileReference; lastKnownFileType = sourcecode.swift; path = GuildView.swift; sourceTree = "<group>"; };
		AA437272283FB91600BEED80 /* DmsView.swift */ = {isa = PBXFileReference; fileEncoding = 4; lastKnownFileType = sourcecode.swift; path = DmsView.swift; sourceTree = "<group>"; };
		AA8D00C6283FE266004CF88C /* ChannelViewModel.swift */ = {isa = PBXFileReference; fileEncoding = 4; lastKnownFileType = sourcecode.swift; path = ChannelViewModel.swift; sourceTree = "<group>"; };
		AAEDF2E428402C9100362D16 /* msgCell.swift */ = {isa = PBXFileReference; lastKnownFileType = sourcecode.swift; path = msgCell.swift; sourceTree = "<group>"; };
/* End PBXFileReference section */

/* Begin PBXFrameworksBuildPhase section */
		AA437008283F677400BEED80 /* Frameworks */ = {
			isa = PBXFrameworksBuildPhase;
			buildActionMask = 2147483647;
			files = (
				AA4370BC283F683E00BEED80 /* SDWebImageSwiftUI in Frameworks */,
			);
			runOnlyForDeploymentPostprocessing = 0;
		};
		AA437021283F677700BEED80 /* Frameworks */ = {
			isa = PBXFrameworksBuildPhase;
			buildActionMask = 2147483647;
			files = (
				AA4370BF283F686000BEED80 /* SDWebImageSwiftUI in Frameworks */,
			);
			runOnlyForDeploymentPostprocessing = 0;
		};
/* End PBXFrameworksBuildPhase section */

/* Begin PBXGroup section */
		AA437002283F677400BEED80 = {
			isa = PBXGroup;
			children = (
				AA43700D283F677400BEED80 /* WatchCord */,
				AA43701D283F677600BEED80 /* WatchCord WatchKit App */,
				AA437028283F677700BEED80 /* WatchCord WatchKit Extension */,
				AA43700C283F677400BEED80 /* Products */,
				AA4370BD283F686000BEED80 /* Frameworks */,
			);
			sourceTree = "<group>";
		};
		AA43700C283F677400BEED80 /* Products */ = {
			isa = PBXGroup;
			children = (
				AA43700B283F677400BEED80 /* WatchCord.app */,
				AA437019283F677600BEED80 /* WatchCord.app */,
				AA437024283F677700BEED80 /* WatchCord WatchKit Extension.appex */,
			);
			name = Products;
			sourceTree = "<group>";
		};
		AA43700D283F677400BEED80 /* WatchCord */ = {
			isa = PBXGroup;
			children = (
				AA43700E283F677400BEED80 /* WatchCordApp.swift */,
				AA437136283F692F00BEED80 /* ContentView.swift */,
				AA4371B1283F6A9F00BEED80 /* Utilities */,
				AA437134283F692600BEED80 /* Assets.xcassets */,
			);
			path = WatchCord;
			sourceTree = "<group>";
		};
		AA43701D283F677600BEED80 /* WatchCord WatchKit App */ = {
			isa = PBXGroup;
			children = (
				AA4371AE283F69ED00BEED80 /* Assets.xcassets */,
			);
			path = "WatchCord WatchKit App";
			sourceTree = "<group>";
		};
		AA437028283F677700BEED80 /* WatchCord WatchKit Extension */ = {
			isa = PBXGroup;
			children = (
				AA43702B283F677700BEED80 /* WatchCordApp.swift */,
				AA437258283F6BEE00BEED80 /* Views */,
				AA4371AB283F695A00BEED80 /* ComplicationController.swift */,
				AA4371AA283F695A00BEED80 /* Assets.xcassets */,
				AA437034283F677800BEED80 /* Info.plist */,
			);
			path = "WatchCord WatchKit Extension";
			sourceTree = "<group>";
		};
		AA4370BD283F686000BEED80 /* Frameworks */ = {
			isa = PBXGroup;
			children = (
				AA437266283F75CA00BEED80 /* WatchKit.framework */,
			);
			name = Frameworks;
			sourceTree = "<group>";
		};
		AA4371B1283F6A9F00BEED80 /* Utilities */ = {
			isa = PBXGroup;
			children = (
				AA4371B2283F6A9F00BEED80 /* Constants.swift */,
				AA4371B3283F6A9F00BEED80 /* Misc */,
				AA4371C5283F6A9F00BEED80 /* Objects */,
				AA4371DC283F6A9F00BEED80 /* Backend */,
				AA4371EC283F6A9F00BEED80 /* PlaceholderPfpUrlGen.swift */,
				AA4371ED283F6A9F00BEED80 /* Commands */,
			);
			path = Utilities;
			sourceTree = "<group>";
		};
		AA4371B3283F6A9F00BEED80 /* Misc */ = {
			isa = PBXGroup;
			children = (
				AA4371B4283F6A9F00BEED80 /* Queues.swift */,
				AA4371B5283F6A9F00BEED80 /* AppExtension.swift */,
				AA4371B6283F6A9F00BEED80 /* Shapes */,
				AA4371B8283F6A9F00BEED80 /* Keychain.swift */,
				AA4371B9283F6A9F00BEED80 /* Regex.swift */,
				AA4371BA283F6A9F00BEED80 /* PlusPlus */,
			);
			path = Misc;
			sourceTree = "<group>";
		};
		AA4371B6283F6A9F00BEED80 /* Shapes */ = {
			isa = PBXGroup;
			children = (
				AA4371B7283F6A9F00BEED80 /* Github.swift */,
			);
			path = Shapes;
			sourceTree = "<group>";
		};
		AA4371BA283F6A9F00BEED80 /* PlusPlus */ = {
			isa = PBXGroup;
			children = (
				AA4371BB283F6A9F00BEED80 /* String++.swift */,
				AA4371BC283F6A9F00BEED80 /* Networking++.swift */,
				AA4371BD283F6A9F00BEED80 /* Extensions.swift */,
				AA4371BE283F6A9F00BEED80 /* NSColor++.swift */,
				AA4371BF283F6A9F00BEED80 /* Collection++.swift */,
				AA4371C0283F6A9F00BEED80 /* Print++.swift */,
				AA4371C1283F6A9F00BEED80 /* Combine++.swift */,
				AA4371C2283F6A9F00BEED80 /* SwiftUI++.swift */,
				AA4371C3283F6A9F00BEED80 /* Operators++.swift */,
				AA4371C4283F6A9F00BEED80 /* Keypath++.swift */,
			);
			path = PlusPlus;
			sourceTree = "<group>";
		};
		AA4371C5283F6A9F00BEED80 /* Objects */ = {
			isa = PBXGroup;
			children = (
				AA4371C6283F6A9F00BEED80 /* Misc */,
				AA4371C8283F6A9F00BEED80 /* GatewayPayloads */,
				AA4371CD283F6A9F00BEED80 /* DiscordTypes */,
			);
			path = Objects;
			sourceTree = "<group>";
		};
		AA4371C6283F6A9F00BEED80 /* Misc */ = {
			isa = PBXGroup;
			children = (
				AA4371C7283F6A9F00BEED80 /* SongLink.swift */,
			);
			path = Misc;
			sourceTree = "<group>";
		};
		AA4371C8283F6A9F00BEED80 /* GatewayPayloads */ = {
			isa = PBXGroup;
			children = (
				AA4371C9283F6A9F00BEED80 /* MemberList.swift */,
				AA4371CA283F6A9F00BEED80 /* Events.swift */,
				AA4371CB283F6A9F00BEED80 /* LoginPayloads.swift */,
				AA4371CC283F6A9F00BEED80 /* GatewayStructure.swift */,
			);
			path = GatewayPayloads;
			sourceTree = "<group>";
		};
		AA4371CD283F6A9F00BEED80 /* DiscordTypes */ = {
			isa = PBXGroup;
			children = (
				AA4371CE283F6A9F00BEED80 /* Embed.swift */,
				AA4371CF283F6A9F00BEED80 /* Attachment.swift */,
				AA4371D0283F6A9F00BEED80 /* Roles.swift */,
				AA4371D1283F6A9F00BEED80 /* Guild.swift */,
				AA4371D2283F6A9F00BEED80 /* Message.swift */,
				AA4371D3283F6A9F00BEED80 /* Sticker.swift */,
				AA4371D4283F6A9F00BEED80 /* Channel.swift */,
				AA4371D5283F6A9F00BEED80 /* Permissions.swift */,
				AA4371D6283F6A9F00BEED80 /* User.swift */,
				AA4371D7283F6A9F00BEED80 /* Emote.swift */,
				AA4371D8283F6A9F00BEED80 /* Reaction.swift */,
				AA4371D9283F6A9F00BEED80 /* Settings.swift */,
				AA4371DA283F6A9F00BEED80 /* Status.swift */,
				AA4371DB283F6A9F00BEED80 /* ReadState.swift */,
			);
			path = DiscordTypes;
			sourceTree = "<group>";
		};
		AA4371DC283F6A9F00BEED80 /* Backend */ = {
			isa = PBXGroup;
			children = (
				AA4371DD283F6A9F00BEED80 /* Networking */,
				AA4371E1283F6A9F00BEED80 /* Voice */,
				AA4371E3283F6A9F00BEED80 /* Gateway */,
				AA4371E9283F6A9F00BEED80 /* Media */,
			);
			path = Backend;
			sourceTree = "<group>";
		};
		AA4371DD283F6A9F00BEED80 /* Networking */ = {
			isa = PBXGroup;
			children = (
				AA4371DE283F6A9F00BEED80 /* MentionProtocol.swift */,
				AA4371DF283F6A9F00BEED80 /* Request.swift */,
				AA4371E0283F6A9F00BEED80 /* Core.swift */,
			);
			path = Networking;
			sourceTree = "<group>";
		};
		AA4371E1283F6A9F00BEED80 /* Voice */ = {
			isa = PBXGroup;
			children = (
				AA4371E2283F6A9F00BEED80 /* Gateway+VoiceState.swift */,
			);
			path = Voice;
			sourceTree = "<group>";
		};
		AA4371E3283F6A9F00BEED80 /* Gateway */ = {
			isa = PBXGroup;
			children = (
				AA4371E4283F6A9F00BEED80 /* Gateway+MessageHandle.swift */,
				AA4371E5283F6A9F00BEED80 /* Gateway.swift */,
				AA4371E6283F6A9F00BEED80 /* GatewayEvent.swift */,
				AA4371E7283F6A9F00BEED80 /* ZStream.swift */,
				AA4371E8283F6A9F00BEED80 /* Socket.swift */,
			);
			path = Gateway;
			sourceTree = "<group>";
		};
		AA4371E9283F6A9F00BEED80 /* Media */ = {
			isa = PBXGroup;
			children = (
				AA4371EA283F6A9F00BEED80 /* RegisterImages.swift */,
				AA4371EB283F6A9F00BEED80 /* Images.swift */,
			);
			path = Media;
			sourceTree = "<group>";
		};
		AA4371ED283F6A9F00BEED80 /* Commands */ = {
			isa = PBXGroup;
			children = (
				AA4371EE283F6A9F00BEED80 /* Storage.swift */,
				AA4371EF283F6A9F00BEED80 /* Engine.swift */,
				AA4371F0283F6A9F00BEED80 /* Models.swift */,
			);
			path = Commands;
			sourceTree = "<group>";
		};
		AA437258283F6BEE00BEED80 /* Views */ = {
			isa = PBXGroup;
			children = (
				AA437259283F6BF800BEED80 /* Login */,
				AA43725A283F6D1600BEED80 /* Main */,
			);
			path = Views;
			sourceTree = "<group>";
		};
		AA437259283F6BF800BEED80 /* Login */ = {
			isa = PBXGroup;
			children = (
				AA437255283F6BE900BEED80 /* LoadingView.swift */,
				AA437029283F677700BEED80 /* ContentView.swift */,
			);
			path = Login;
			sourceTree = "<group>";
		};
		AA43725A283F6D1600BEED80 /* Main */ = {
			isa = PBXGroup;
			children = (
				AA43725F283F724500BEED80 /* Chat Support */,
				AA43725E283F723000BEED80 /* Servers Support */,
				AA43725B283F6DF900BEED80 /* HomeView.swift */,
				AA437260283F725100BEED80 /* ChatView.swift */,
			);
			path = Main;
			sourceTree = "<group>";
		};
		AA43725E283F723000BEED80 /* Servers Support */ = {
			isa = PBXGroup;
			children = (
				AA437263283F73D500BEED80 /* GuildButton.swift */,
				AA43726A283F841100BEED80 /* GuildView.swift */,
				AA437272283FB91600BEED80 /* DmsView.swift */,
			);
			path = "Servers Support";
			sourceTree = "<group>";
		};
		AA43725F283F724500BEED80 /* Chat Support */ = {
			isa = PBXGroup;
			children = (
				AA8D00C6283FE266004CF88C /* ChannelViewModel.swift */,
				AAEDF2E428402C9100362D16 /* msgCell.swift */,
			);
			path = "Chat Support";
			sourceTree = "<group>";
		};
/* End PBXGroup section */

/* Begin PBXNativeTarget section */
		AA43700A283F677400BEED80 /* WatchCord */ = {
			isa = PBXNativeTarget;
			buildConfigurationList = AA43703F283F677800BEED80 /* Build configuration list for PBXNativeTarget "WatchCord" */;
			buildPhases = (
				AA437007283F677400BEED80 /* Sources */,
				AA437008283F677400BEED80 /* Frameworks */,
				AA437009283F677400BEED80 /* Resources */,
				AA43703E283F677800BEED80 /* Embed Watch Content */,
			);
			buildRules = (
			);
			dependencies = (
				AA43701C283F677600BEED80 /* PBXTargetDependency */,
			);
			name = WatchCord;
			packageProductDependencies = (
				AA4370BB283F683E00BEED80 /* SDWebImageSwiftUI */,
			);
			productName = WatchCord;
			productReference = AA43700B283F677400BEED80 /* WatchCord.app */;
			productType = "com.apple.product-type.application";
		};
		AA437018283F677600BEED80 /* WatchCord WatchKit App */ = {
			isa = PBXNativeTarget;
			buildConfigurationList = AA43703B283F677800BEED80 /* Build configuration list for PBXNativeTarget "WatchCord WatchKit App" */;
			buildPhases = (
				AA437017283F677600BEED80 /* Resources */,
				AA43703A283F677800BEED80 /* Embed App Extensions */,
			);
			buildRules = (
			);
			dependencies = (
				AA437027283F677700BEED80 /* PBXTargetDependency */,
			);
			name = "WatchCord WatchKit App";
			productName = "WatchCord WatchKit App";
			productReference = AA437019283F677600BEED80 /* WatchCord.app */;
			productType = "com.apple.product-type.application.watchapp2";
		};
		AA437023283F677700BEED80 /* WatchCord WatchKit Extension */ = {
			isa = PBXNativeTarget;
			buildConfigurationList = AA437037283F677800BEED80 /* Build configuration list for PBXNativeTarget "WatchCord WatchKit Extension" */;
			buildPhases = (
				AA437020283F677700BEED80 /* Sources */,
				AA437021283F677700BEED80 /* Frameworks */,
				AA437022283F677700BEED80 /* Resources */,
			);
			buildRules = (
			);
			dependencies = (
			);
			name = "WatchCord WatchKit Extension";
			packageProductDependencies = (
				AA4370BE283F686000BEED80 /* SDWebImageSwiftUI */,
			);
			productName = "WatchCord WatchKit Extension";
			productReference = AA437024283F677700BEED80 /* WatchCord WatchKit Extension.appex */;
			productType = "com.apple.product-type.watchkit2-extension";
		};
/* End PBXNativeTarget section */

/* Begin PBXProject section */
		AA437003283F677400BEED80 /* Project object */ = {
			isa = PBXProject;
			attributes = {
				BuildIndependentTargetsInParallel = 1;
				LastSwiftUpdateCheck = 1340;
				LastUpgradeCheck = 1340;
				TargetAttributes = {
					AA43700A283F677400BEED80 = {
						CreatedOnToolsVersion = 13.4;
					};
					AA437018283F677600BEED80 = {
						CreatedOnToolsVersion = 13.4;
					};
					AA437023283F677700BEED80 = {
						CreatedOnToolsVersion = 13.4;
					};
				};
			};
			buildConfigurationList = AA437006283F677400BEED80 /* Build configuration list for PBXProject "WatchCord" */;
			compatibilityVersion = "Xcode 13.0";
			developmentRegion = en;
			hasScannedForEncodings = 0;
			knownRegions = (
				en,
				Base,
			);
			mainGroup = AA437002283F677400BEED80;
			packageReferences = (
				AA4370BA283F683D00BEED80 /* XCRemoteSwiftPackageReference "SDWebImageSwiftUI" */,
			);
			productRefGroup = AA43700C283F677400BEED80 /* Products */;
			projectDirPath = "";
			projectRoot = "";
			targets = (
				AA43700A283F677400BEED80 /* WatchCord */,
				AA437018283F677600BEED80 /* WatchCord WatchKit App */,
				AA437023283F677700BEED80 /* WatchCord WatchKit Extension */,
			);
		};
/* End PBXProject section */

/* Begin PBXResourcesBuildPhase section */
		AA437009283F677400BEED80 /* Resources */ = {
			isa = PBXResourcesBuildPhase;
			buildActionMask = 2147483647;
			files = (
				AA437135283F692600BEED80 /* Assets.xcassets in Resources */,
			);
			runOnlyForDeploymentPostprocessing = 0;
		};
		AA437017283F677600BEED80 /* Resources */ = {
			isa = PBXResourcesBuildPhase;
			buildActionMask = 2147483647;
			files = (
				AA4371AF283F69ED00BEED80 /* Assets.xcassets in Resources */,
			);
			runOnlyForDeploymentPostprocessing = 0;
		};
		AA437022283F677700BEED80 /* Resources */ = {
			isa = PBXResourcesBuildPhase;
			buildActionMask = 2147483647;
			files = (
				AA4371AC283F695A00BEED80 /* Assets.xcassets in Resources */,
			);
			runOnlyForDeploymentPostprocessing = 0;
		};
/* End PBXResourcesBuildPhase section */

/* Begin PBXSourcesBuildPhase section */
		AA437007283F677400BEED80 /* Sources */ = {
			isa = PBXSourcesBuildPhase;
			buildActionMask = 2147483647;
			files = (
				AA43724D283F6A9F00BEED80 /* PlaceholderPfpUrlGen.swift in Sources */,
				AA437203283F6A9F00BEED80 /* NSColor++.swift in Sources */,
				AA437239283F6A9F00BEED80 /* Request.swift in Sources */,
				AA437227283F6A9F00BEED80 /* Channel.swift in Sources */,
				AA4371F7283F6A9F00BEED80 /* Github.swift in Sources */,
				AA437221283F6A9F00BEED80 /* Guild.swift in Sources */,
				AA437235283F6A9F00BEED80 /* ReadState.swift in Sources */,
				AA437251283F6A9F00BEED80 /* Engine.swift in Sources */,
				AA437231283F6A9F00BEED80 /* Settings.swift in Sources */,
				AA43722B283F6A9F00BEED80 /* User.swift in Sources */,
				AA43724F283F6A9F00BEED80 /* Storage.swift in Sources */,
				AA43723D283F6A9F00BEED80 /* Gateway+VoiceState.swift in Sources */,
				AA4371FB283F6A9F00BEED80 /* Regex.swift in Sources */,
				AA43721B283F6A9F00BEED80 /* Embed.swift in Sources */,
				AA43721D283F6A9F00BEED80 /* Attachment.swift in Sources */,
				AA437137283F692F00BEED80 /* ContentView.swift in Sources */,
				AA43724B283F6A9F00BEED80 /* Images.swift in Sources */,
				AA4371FD283F6A9F00BEED80 /* String++.swift in Sources */,
				AA43721F283F6A9F00BEED80 /* Roles.swift in Sources */,
				AA437209283F6A9F00BEED80 /* Combine++.swift in Sources */,
				AA43700F283F677400BEED80 /* WatchCordApp.swift in Sources */,
				AA437241283F6A9F00BEED80 /* Gateway.swift in Sources */,
				AA4371FF283F6A9F00BEED80 /* Networking++.swift in Sources */,
				AA43723F283F6A9F00BEED80 /* Gateway+MessageHandle.swift in Sources */,
				AA437245283F6A9F00BEED80 /* ZStream.swift in Sources */,
				AA437217283F6A9F00BEED80 /* LoginPayloads.swift in Sources */,
				AA437229283F6A9F00BEED80 /* Permissions.swift in Sources */,
				AA437253283F6A9F00BEED80 /* Models.swift in Sources */,
				AA437223283F6A9F00BEED80 /* Message.swift in Sources */,
				AA4371F1283F6A9F00BEED80 /* Constants.swift in Sources */,
				AA4371F5283F6A9F00BEED80 /* AppExtension.swift in Sources */,
				AA437249283F6A9F00BEED80 /* RegisterImages.swift in Sources */,
				AA437243283F6A9F00BEED80 /* GatewayEvent.swift in Sources */,
				AA43720D283F6A9F00BEED80 /* Operators++.swift in Sources */,
				AA43722F283F6A9F00BEED80 /* Reaction.swift in Sources */,
				AA437213283F6A9F00BEED80 /* MemberList.swift in Sources */,
				AA437247283F6A9F00BEED80 /* Socket.swift in Sources */,
				AA437233283F6A9F00BEED80 /* Status.swift in Sources */,
				AA4371F3283F6A9F00BEED80 /* Queues.swift in Sources */,
				AA437225283F6A9F00BEED80 /* Sticker.swift in Sources */,
				AA437219283F6A9F00BEED80 /* GatewayStructure.swift in Sources */,
				AA437237283F6A9F00BEED80 /* MentionProtocol.swift in Sources */,
				AA43720F283F6A9F00BEED80 /* Keypath++.swift in Sources */,
				AA43720B283F6A9F00BEED80 /* SwiftUI++.swift in Sources */,
				AA437211283F6A9F00BEED80 /* SongLink.swift in Sources */,
				AA437201283F6A9F00BEED80 /* Extensions.swift in Sources */,
				AA437205283F6A9F00BEED80 /* Collection++.swift in Sources */,
				AA43722D283F6A9F00BEED80 /* Emote.swift in Sources */,
				AA437215283F6A9F00BEED80 /* Events.swift in Sources */,
				AA4371F9283F6A9F00BEED80 /* Keychain.swift in Sources */,
				AA43723B283F6A9F00BEED80 /* Core.swift in Sources */,
				AA437207283F6A9F00BEED80 /* Print++.swift in Sources */,
			);
			runOnlyForDeploymentPostprocessing = 0;
		};
		AA437020283F677700BEED80 /* Sources */ = {
			isa = PBXSourcesBuildPhase;
			buildActionMask = 2147483647;
			files = (
				AA437265283F73D500BEED80 /* GuildButton.swift in Sources */,
				AA437234283F6A9F00BEED80 /* Status.swift in Sources */,
				AA437252283F6A9F00BEED80 /* Engine.swift in Sources */,
				AA4371FE283F6A9F00BEED80 /* String++.swift in Sources */,
				AA43721C283F6A9F00BEED80 /* Embed.swift in Sources */,
				AA437262283F725100BEED80 /* ChatView.swift in Sources */,
				AA437204283F6A9F00BEED80 /* NSColor++.swift in Sources */,
				AA437200283F6A9F00BEED80 /* Networking++.swift in Sources */,
				AA437224283F6A9F00BEED80 /* Message.swift in Sources */,
				AAEDF2E528402C9100362D16 /* msgCell.swift in Sources */,
				AA437248283F6A9F00BEED80 /* Socket.swift in Sources */,
				AA437206283F6A9F00BEED80 /* Collection++.swift in Sources */,
				AA437232283F6A9F00BEED80 /* Settings.swift in Sources */,
				AA437220283F6A9F00BEED80 /* Roles.swift in Sources */,
				AA43702A283F677700BEED80 /* ContentView.swift in Sources */,
				AA43722A283F6A9F00BEED80 /* Permissions.swift in Sources */,
				AA437222283F6A9F00BEED80 /* Guild.swift in Sources */,
				AA437246283F6A9F00BEED80 /* ZStream.swift in Sources */,
				AA43721E283F6A9F00BEED80 /* Attachment.swift in Sources */,
				AA43726C283F841100BEED80 /* GuildView.swift in Sources */,
				AA43723C283F6A9F00BEED80 /* Core.swift in Sources */,
				AA437244283F6A9F00BEED80 /* GatewayEvent.swift in Sources */,
				AA437208283F6A9F00BEED80 /* Print++.swift in Sources */,
				AA43702C283F677700BEED80 /* WatchCordApp.swift in Sources */,
				AA4371F4283F6A9F00BEED80 /* Queues.swift in Sources */,
				AA4371F6283F6A9F00BEED80 /* AppExtension.swift in Sources */,
				AA43723A283F6A9F00BEED80 /* Request.swift in Sources */,
				AA4371F8283F6A9F00BEED80 /* Github.swift in Sources */,
				AA437230283F6A9F00BEED80 /* Reaction.swift in Sources */,
				AA437274283FB91600BEED80 /* DmsView.swift in Sources */,
				AA437212283F6A9F00BEED80 /* SongLink.swift in Sources */,
				AA437242283F6A9F00BEED80 /* Gateway.swift in Sources */,
				AA43724A283F6A9F00BEED80 /* RegisterImages.swift in Sources */,
				AA437202283F6A9F00BEED80 /* Extensions.swift in Sources */,
				AA437240283F6A9F00BEED80 /* Gateway+MessageHandle.swift in Sources */,
				AA43724E283F6A9F00BEED80 /* PlaceholderPfpUrlGen.swift in Sources */,
				AA437216283F6A9F00BEED80 /* Events.swift in Sources */,
				AA43720E283F6A9F00BEED80 /* Operators++.swift in Sources */,
				AA437250283F6A9F00BEED80 /* Storage.swift in Sources */,
				AA43722E283F6A9F00BEED80 /* Emote.swift in Sources */,
				AA437257283F6BE900BEED80 /* LoadingView.swift in Sources */,
				AA437226283F6A9F00BEED80 /* Sticker.swift in Sources */,
				AA437236283F6A9F00BEED80 /* ReadState.swift in Sources */,
				AA43725D283F6DF900BEED80 /* HomeView.swift in Sources */,
				AA4371FC283F6A9F00BEED80 /* Regex.swift in Sources */,
				AA43724C283F6A9F00BEED80 /* Images.swift in Sources */,
				AA4371FA283F6A9F00BEED80 /* Keychain.swift in Sources */,
				AA437228283F6A9F00BEED80 /* Channel.swift in Sources */,
				AA437254283F6A9F00BEED80 /* Models.swift in Sources */,
				AA43720A283F6A9F00BEED80 /* Combine++.swift in Sources */,
				AA43720C283F6A9F00BEED80 /* SwiftUI++.swift in Sources */,
				AA437210283F6A9F00BEED80 /* Keypath++.swift in Sources */,
				AA437238283F6A9F00BEED80 /* MentionProtocol.swift in Sources */,
				AA437218283F6A9F00BEED80 /* LoginPayloads.swift in Sources */,
				AA43721A283F6A9F00BEED80 /* GatewayStructure.swift in Sources */,
				AA8D00C7283FE266004CF88C /* ChannelViewModel.swift in Sources */,
				AA4371AD283F695A00BEED80 /* ComplicationController.swift in Sources */,
				AA437214283F6A9F00BEED80 /* MemberList.swift in Sources */,
				AA4371F2283F6A9F00BEED80 /* Constants.swift in Sources */,
				AA43722C283F6A9F00BEED80 /* User.swift in Sources */,
				AA43723E283F6A9F00BEED80 /* Gateway+VoiceState.swift in Sources */,
			);
			runOnlyForDeploymentPostprocessing = 0;
		};
/* End PBXSourcesBuildPhase section */

/* Begin PBXTargetDependency section */
		AA43701C283F677600BEED80 /* PBXTargetDependency */ = {
			isa = PBXTargetDependency;
			target = AA437018283F677600BEED80 /* WatchCord WatchKit App */;
			targetProxy = AA43701B283F677600BEED80 /* PBXContainerItemProxy */;
		};
		AA437027283F677700BEED80 /* PBXTargetDependency */ = {
			isa = PBXTargetDependency;
			target = AA437023283F677700BEED80 /* WatchCord WatchKit Extension */;
			targetProxy = AA437026283F677700BEED80 /* PBXContainerItemProxy */;
		};
/* End PBXTargetDependency section */

/* Begin XCBuildConfiguration section */
		AA437035283F677800BEED80 /* Debug */ = {
			isa = XCBuildConfiguration;
			buildSettings = {
				ALWAYS_SEARCH_USER_PATHS = NO;
				CLANG_ANALYZER_NONNULL = YES;
				CLANG_ANALYZER_NUMBER_OBJECT_CONVERSION = YES_AGGRESSIVE;
				CLANG_CXX_LANGUAGE_STANDARD = "gnu++17";
				CLANG_ENABLE_MODULES = YES;
				CLANG_ENABLE_OBJC_ARC = YES;
				CLANG_ENABLE_OBJC_WEAK = YES;
				CLANG_WARN_BLOCK_CAPTURE_AUTORELEASING = YES;
				CLANG_WARN_BOOL_CONVERSION = YES;
				CLANG_WARN_COMMA = YES;
				CLANG_WARN_CONSTANT_CONVERSION = YES;
				CLANG_WARN_DEPRECATED_OBJC_IMPLEMENTATIONS = YES;
				CLANG_WARN_DIRECT_OBJC_ISA_USAGE = YES_ERROR;
				CLANG_WARN_DOCUMENTATION_COMMENTS = YES;
				CLANG_WARN_EMPTY_BODY = YES;
				CLANG_WARN_ENUM_CONVERSION = YES;
				CLANG_WARN_INFINITE_RECURSION = YES;
				CLANG_WARN_INT_CONVERSION = YES;
				CLANG_WARN_NON_LITERAL_NULL_CONVERSION = YES;
				CLANG_WARN_OBJC_IMPLICIT_RETAIN_SELF = YES;
				CLANG_WARN_OBJC_LITERAL_CONVERSION = YES;
				CLANG_WARN_OBJC_ROOT_CLASS = YES_ERROR;
				CLANG_WARN_QUOTED_INCLUDE_IN_FRAMEWORK_HEADER = YES;
				CLANG_WARN_RANGE_LOOP_ANALYSIS = YES;
				CLANG_WARN_STRICT_PROTOTYPES = YES;
				CLANG_WARN_SUSPICIOUS_MOVE = YES;
				CLANG_WARN_UNGUARDED_AVAILABILITY = YES_AGGRESSIVE;
				CLANG_WARN_UNREACHABLE_CODE = YES;
				CLANG_WARN__DUPLICATE_METHOD_MATCH = YES;
				COPY_PHASE_STRIP = NO;
				DEBUG_INFORMATION_FORMAT = dwarf;
				ENABLE_STRICT_OBJC_MSGSEND = YES;
				ENABLE_TESTABILITY = YES;
				GCC_C_LANGUAGE_STANDARD = gnu11;
				GCC_DYNAMIC_NO_PIC = NO;
				GCC_NO_COMMON_BLOCKS = YES;
				GCC_OPTIMIZATION_LEVEL = 0;
				GCC_PREPROCESSOR_DEFINITIONS = (
					"DEBUG=1",
					"$(inherited)",
				);
				GCC_WARN_64_TO_32_BIT_CONVERSION = YES;
				GCC_WARN_ABOUT_RETURN_TYPE = YES_ERROR;
				GCC_WARN_UNDECLARED_SELECTOR = YES;
				GCC_WARN_UNINITIALIZED_AUTOS = YES_AGGRESSIVE;
				GCC_WARN_UNUSED_FUNCTION = YES;
				GCC_WARN_UNUSED_VARIABLE = YES;
				MTL_ENABLE_DEBUG_INFO = INCLUDE_SOURCE;
				MTL_FAST_MATH = YES;
				ONLY_ACTIVE_ARCH = YES;
				SWIFT_ACTIVE_COMPILATION_CONDITIONS = DEBUG;
				SWIFT_OPTIMIZATION_LEVEL = "-Onone";
			};
			name = Debug;
		};
		AA437036283F677800BEED80 /* Release */ = {
			isa = XCBuildConfiguration;
			buildSettings = {
				ALWAYS_SEARCH_USER_PATHS = NO;
				CLANG_ANALYZER_NONNULL = YES;
				CLANG_ANALYZER_NUMBER_OBJECT_CONVERSION = YES_AGGRESSIVE;
				CLANG_CXX_LANGUAGE_STANDARD = "gnu++17";
				CLANG_ENABLE_MODULES = YES;
				CLANG_ENABLE_OBJC_ARC = YES;
				CLANG_ENABLE_OBJC_WEAK = YES;
				CLANG_WARN_BLOCK_CAPTURE_AUTORELEASING = YES;
				CLANG_WARN_BOOL_CONVERSION = YES;
				CLANG_WARN_COMMA = YES;
				CLANG_WARN_CONSTANT_CONVERSION = YES;
				CLANG_WARN_DEPRECATED_OBJC_IMPLEMENTATIONS = YES;
				CLANG_WARN_DIRECT_OBJC_ISA_USAGE = YES_ERROR;
				CLANG_WARN_DOCUMENTATION_COMMENTS = YES;
				CLANG_WARN_EMPTY_BODY = YES;
				CLANG_WARN_ENUM_CONVERSION = YES;
				CLANG_WARN_INFINITE_RECURSION = YES;
				CLANG_WARN_INT_CONVERSION = YES;
				CLANG_WARN_NON_LITERAL_NULL_CONVERSION = YES;
				CLANG_WARN_OBJC_IMPLICIT_RETAIN_SELF = YES;
				CLANG_WARN_OBJC_LITERAL_CONVERSION = YES;
				CLANG_WARN_OBJC_ROOT_CLASS = YES_ERROR;
				CLANG_WARN_QUOTED_INCLUDE_IN_FRAMEWORK_HEADER = YES;
				CLANG_WARN_RANGE_LOOP_ANALYSIS = YES;
				CLANG_WARN_STRICT_PROTOTYPES = YES;
				CLANG_WARN_SUSPICIOUS_MOVE = YES;
				CLANG_WARN_UNGUARDED_AVAILABILITY = YES_AGGRESSIVE;
				CLANG_WARN_UNREACHABLE_CODE = YES;
				CLANG_WARN__DUPLICATE_METHOD_MATCH = YES;
				COPY_PHASE_STRIP = NO;
				DEBUG_INFORMATION_FORMAT = "dwarf-with-dsym";
				ENABLE_NS_ASSERTIONS = NO;
				ENABLE_STRICT_OBJC_MSGSEND = YES;
				GCC_C_LANGUAGE_STANDARD = gnu11;
				GCC_NO_COMMON_BLOCKS = YES;
				GCC_WARN_64_TO_32_BIT_CONVERSION = YES;
				GCC_WARN_ABOUT_RETURN_TYPE = YES_ERROR;
				GCC_WARN_UNDECLARED_SELECTOR = YES;
				GCC_WARN_UNINITIALIZED_AUTOS = YES_AGGRESSIVE;
				GCC_WARN_UNUSED_FUNCTION = YES;
				GCC_WARN_UNUSED_VARIABLE = YES;
				MTL_ENABLE_DEBUG_INFO = NO;
				MTL_FAST_MATH = YES;
				SWIFT_COMPILATION_MODE = wholemodule;
				SWIFT_OPTIMIZATION_LEVEL = "-O";
			};
			name = Release;
		};
		AA437038283F677800BEED80 /* Debug */ = {
			isa = XCBuildConfiguration;
			buildSettings = {
				ASSETCATALOG_COMPILER_COMPLICATION_NAME = Complication;
				CODE_SIGN_STYLE = Automatic;
				CURRENT_PROJECT_VERSION = 1;
				DEVELOPMENT_TEAM = 566RT33SA2;
				ENABLE_PREVIEWS = YES;
				GENERATE_INFOPLIST_FILE = YES;
				INFOPLIST_FILE = "WatchCord WatchKit Extension/Info.plist";
				INFOPLIST_KEY_CFBundleDisplayName = "WatchCord WatchKit Extension";
				INFOPLIST_KEY_CLKComplicationPrincipalClass = "$(PRODUCT_MODULE_NAME).ComplicationController";
				INFOPLIST_KEY_NSHumanReadableCopyright = "";
				INFOPLIST_KEY_WKRunsIndependentlyOfCompanionApp = YES;
				LD_RUNPATH_SEARCH_PATHS = (
					"$(inherited)",
					"@executable_path/Frameworks",
					"@executable_path/../../Frameworks",
				);
				MARKETING_VERSION = 1.0;
				PRODUCT_BUNDLE_IDENTIFIER = com.llsc12.WatchCord.watchkitapp.watchkitextension;
				PRODUCT_NAME = "${TARGET_NAME}";
				SDKROOT = watchos;
				SKIP_INSTALL = YES;
				SWIFT_EMIT_LOC_STRINGS = YES;
				SWIFT_VERSION = 5.0;
				TARGETED_DEVICE_FAMILY = 4;
				WATCHOS_DEPLOYMENT_TARGET = 8.5;
			};
			name = Debug;
		};
		AA437039283F677800BEED80 /* Release */ = {
			isa = XCBuildConfiguration;
			buildSettings = {
				ASSETCATALOG_COMPILER_COMPLICATION_NAME = Complication;
				CODE_SIGN_STYLE = Automatic;
				CURRENT_PROJECT_VERSION = 1;
				DEVELOPMENT_TEAM = 566RT33SA2;
				ENABLE_PREVIEWS = YES;
				GENERATE_INFOPLIST_FILE = YES;
				INFOPLIST_FILE = "WatchCord WatchKit Extension/Info.plist";
				INFOPLIST_KEY_CFBundleDisplayName = "WatchCord WatchKit Extension";
				INFOPLIST_KEY_CLKComplicationPrincipalClass = "$(PRODUCT_MODULE_NAME).ComplicationController";
				INFOPLIST_KEY_NSHumanReadableCopyright = "";
				INFOPLIST_KEY_WKRunsIndependentlyOfCompanionApp = YES;
				LD_RUNPATH_SEARCH_PATHS = (
					"$(inherited)",
					"@executable_path/Frameworks",
					"@executable_path/../../Frameworks",
				);
				MARKETING_VERSION = 1.0;
				PRODUCT_BUNDLE_IDENTIFIER = com.llsc12.WatchCord.watchkitapp.watchkitextension;
				PRODUCT_NAME = "${TARGET_NAME}";
				SDKROOT = watchos;
				SKIP_INSTALL = YES;
				SWIFT_EMIT_LOC_STRINGS = YES;
				SWIFT_VERSION = 5.0;
				TARGETED_DEVICE_FAMILY = 4;
				VALIDATE_PRODUCT = YES;
				WATCHOS_DEPLOYMENT_TARGET = 8.5;
			};
			name = Release;
		};
		AA43703C283F677800BEED80 /* Debug */ = {
			isa = XCBuildConfiguration;
			buildSettings = {
				ALWAYS_EMBED_SWIFT_STANDARD_LIBRARIES = YES;
				ASSETCATALOG_COMPILER_APPICON_NAME = AppIcon;
				ASSETCATALOG_COMPILER_GLOBAL_ACCENT_COLOR_NAME = AccentColor;
				CODE_SIGN_IDENTITY = "Apple Development";
				CODE_SIGN_STYLE = Automatic;
				CURRENT_PROJECT_VERSION = 1;
				DEVELOPMENT_TEAM = 566RT33SA2;
				GENERATE_INFOPLIST_FILE = YES;
				IBSC_MODULE = WatchCord_WatchKit_Extension;
				INFOPLIST_KEY_UISupportedInterfaceOrientations = "UIInterfaceOrientationPortrait UIInterfaceOrientationPortraitUpsideDown";
				INFOPLIST_KEY_WKCompanionAppBundleIdentifier = com.llsc12.WatchCord;
				MARKETING_VERSION = 1.0;
				PRODUCT_BUNDLE_IDENTIFIER = com.llsc12.WatchCord.watchkitapp;
				PRODUCT_NAME = WatchCord;
				PROVISIONING_PROFILE_SPECIFIER = "";
				SDKROOT = watchos;
				SKIP_INSTALL = YES;
				SWIFT_EMIT_LOC_STRINGS = YES;
				SWIFT_VERSION = 5.0;
				TARGETED_DEVICE_FAMILY = 4;
				WATCHOS_DEPLOYMENT_TARGET = 8.5;
			};
			name = Debug;
		};
		AA43703D283F677800BEED80 /* Release */ = {
			isa = XCBuildConfiguration;
			buildSettings = {
				ALWAYS_EMBED_SWIFT_STANDARD_LIBRARIES = YES;
				ASSETCATALOG_COMPILER_APPICON_NAME = AppIcon;
				ASSETCATALOG_COMPILER_GLOBAL_ACCENT_COLOR_NAME = AccentColor;
				CODE_SIGN_IDENTITY = "Apple Development";
				CODE_SIGN_STYLE = Automatic;
				CURRENT_PROJECT_VERSION = 1;
				DEVELOPMENT_TEAM = 566RT33SA2;
				GENERATE_INFOPLIST_FILE = YES;
				IBSC_MODULE = WatchCord_WatchKit_Extension;
				INFOPLIST_KEY_UISupportedInterfaceOrientations = "UIInterfaceOrientationPortrait UIInterfaceOrientationPortraitUpsideDown";
				INFOPLIST_KEY_WKCompanionAppBundleIdentifier = com.llsc12.WatchCord;
				MARKETING_VERSION = 1.0;
				PRODUCT_BUNDLE_IDENTIFIER = com.llsc12.WatchCord.watchkitapp;
				PRODUCT_NAME = WatchCord;
				PROVISIONING_PROFILE_SPECIFIER = "";
				SDKROOT = watchos;
				SKIP_INSTALL = YES;
				SWIFT_EMIT_LOC_STRINGS = YES;
				SWIFT_VERSION = 5.0;
				TARGETED_DEVICE_FAMILY = 4;
				VALIDATE_PRODUCT = YES;
				WATCHOS_DEPLOYMENT_TARGET = 8.5;
			};
			name = Release;
		};
		AA437040283F677800BEED80 /* Debug */ = {
			isa = XCBuildConfiguration;
			buildSettings = {
				ASSETCATALOG_COMPILER_APPICON_NAME = AppIcon;
				ASSETCATALOG_COMPILER_GLOBAL_ACCENT_COLOR_NAME = AccentColor;
				CODE_SIGN_STYLE = Automatic;
				CURRENT_PROJECT_VERSION = 1;
				DEVELOPMENT_TEAM = 566RT33SA2;
				ENABLE_PREVIEWS = YES;
				GENERATE_INFOPLIST_FILE = YES;
				INFOPLIST_KEY_UIApplicationSceneManifest_Generation = YES;
				INFOPLIST_KEY_UIApplicationSupportsIndirectInputEvents = YES;
				INFOPLIST_KEY_UILaunchScreen_Generation = YES;
				INFOPLIST_KEY_UISupportedInterfaceOrientations_iPad = "UIInterfaceOrientationPortrait UIInterfaceOrientationPortraitUpsideDown UIInterfaceOrientationLandscapeLeft UIInterfaceOrientationLandscapeRight";
				INFOPLIST_KEY_UISupportedInterfaceOrientations_iPhone = "UIInterfaceOrientationPortrait UIInterfaceOrientationLandscapeLeft UIInterfaceOrientationLandscapeRight";
				IPHONEOS_DEPLOYMENT_TARGET = 15.5;
				LD_RUNPATH_SEARCH_PATHS = (
					"$(inherited)",
					"@executable_path/Frameworks",
				);
				MARKETING_VERSION = 1.0;
				PRODUCT_BUNDLE_IDENTIFIER = com.llsc12.WatchCord;
				PRODUCT_NAME = "$(TARGET_NAME)";
				SDKROOT = iphoneos;
				SWIFT_EMIT_LOC_STRINGS = YES;
				SWIFT_VERSION = 5.0;
				TARGETED_DEVICE_FAMILY = 1;
			};
			name = Debug;
		};
		AA437041283F677800BEED80 /* Release */ = {
			isa = XCBuildConfiguration;
			buildSettings = {
				ASSETCATALOG_COMPILER_APPICON_NAME = AppIcon;
				ASSETCATALOG_COMPILER_GLOBAL_ACCENT_COLOR_NAME = AccentColor;
				CODE_SIGN_IDENTITY = "Apple Development";
				CODE_SIGN_STYLE = Automatic;
				CURRENT_PROJECT_VERSION = 1;
				DEVELOPMENT_TEAM = 566RT33SA2;
				ENABLE_PREVIEWS = YES;
				GENERATE_INFOPLIST_FILE = YES;
				INFOPLIST_KEY_UIApplicationSceneManifest_Generation = YES;
				INFOPLIST_KEY_UIApplicationSupportsIndirectInputEvents = YES;
				INFOPLIST_KEY_UILaunchScreen_Generation = YES;
				INFOPLIST_KEY_UISupportedInterfaceOrientations_iPad = "UIInterfaceOrientationPortrait UIInterfaceOrientationPortraitUpsideDown UIInterfaceOrientationLandscapeLeft UIInterfaceOrientationLandscapeRight";
				INFOPLIST_KEY_UISupportedInterfaceOrientations_iPhone = "UIInterfaceOrientationPortrait UIInterfaceOrientationLandscapeLeft UIInterfaceOrientationLandscapeRight";
				IPHONEOS_DEPLOYMENT_TARGET = 15.5;
				LD_RUNPATH_SEARCH_PATHS = (
					"$(inherited)",
					"@executable_path/Frameworks",
				);
				MARKETING_VERSION = 1.0;
				PRODUCT_BUNDLE_IDENTIFIER = com.llsc12.WatchCord;
				PRODUCT_NAME = "$(TARGET_NAME)";
				PROVISIONING_PROFILE_SPECIFIER = "";
				SDKROOT = iphoneos;
				SWIFT_EMIT_LOC_STRINGS = YES;
				SWIFT_VERSION = 5.0;
				TARGETED_DEVICE_FAMILY = 1;
				VALIDATE_PRODUCT = YES;
			};
			name = Release;
		};
/* End XCBuildConfiguration section */

/* Begin XCConfigurationList section */
		AA437006283F677400BEED80 /* Build configuration list for PBXProject "WatchCord" */ = {
			isa = XCConfigurationList;
			buildConfigurations = (
				AA437035283F677800BEED80 /* Debug */,
				AA437036283F677800BEED80 /* Release */,
			);
			defaultConfigurationIsVisible = 0;
			defaultConfigurationName = Release;
		};
		AA437037283F677800BEED80 /* Build configuration list for PBXNativeTarget "WatchCord WatchKit Extension" */ = {
			isa = XCConfigurationList;
			buildConfigurations = (
				AA437038283F677800BEED80 /* Debug */,
				AA437039283F677800BEED80 /* Release */,
			);
			defaultConfigurationIsVisible = 0;
			defaultConfigurationName = Release;
		};
		AA43703B283F677800BEED80 /* Build configuration list for PBXNativeTarget "WatchCord WatchKit App" */ = {
			isa = XCConfigurationList;
			buildConfigurations = (
				AA43703C283F677800BEED80 /* Debug */,
				AA43703D283F677800BEED80 /* Release */,
			);
			defaultConfigurationIsVisible = 0;
			defaultConfigurationName = Release;
		};
		AA43703F283F677800BEED80 /* Build configuration list for PBXNativeTarget "WatchCord" */ = {
			isa = XCConfigurationList;
			buildConfigurations = (
				AA437040283F677800BEED80 /* Debug */,
				AA437041283F677800BEED80 /* Release */,
			);
			defaultConfigurationIsVisible = 0;
			defaultConfigurationName = Release;
		};
/* End XCConfigurationList section */

/* Begin XCRemoteSwiftPackageReference section */
		AA4370BA283F683D00BEED80 /* XCRemoteSwiftPackageReference "SDWebImageSwiftUI" */ = {
			isa = XCRemoteSwiftPackageReference;
			repositoryURL = "https://github.com/SDWebImage/SDWebImageSwiftUI";
			requirement = {
				kind = upToNextMajorVersion;
				minimumVersion = 2.0.0;
			};
		};
/* End XCRemoteSwiftPackageReference section */

/* Begin XCSwiftPackageProductDependency section */
		AA4370BB283F683E00BEED80 /* SDWebImageSwiftUI */ = {
			isa = XCSwiftPackageProductDependency;
			package = AA4370BA283F683D00BEED80 /* XCRemoteSwiftPackageReference "SDWebImageSwiftUI" */;
			productName = SDWebImageSwiftUI;
		};
		AA4370BE283F686000BEED80 /* SDWebImageSwiftUI */ = {
			isa = XCSwiftPackageProductDependency;
			package = AA4370BA283F683D00BEED80 /* XCRemoteSwiftPackageReference "SDWebImageSwiftUI" */;
			productName = SDWebImageSwiftUI;
		};
/* End XCSwiftPackageProductDependency section */
	};
	rootObject = AA437003283F677400BEED80 /* Project object */;
}
