// !$*UTF8*$!
{
	archiveVersion = 1;
	classes = {
	};
	objectVersion = 55;
	objects = {

/* Begin PBXBuildFile section */
		AA40878C28318B24009B638A /* SampleDataProvision.swift in Sources */ = {isa = PBXBuildFile; fileRef = AA40878B28318B24009B638A /* SampleDataProvision.swift */; };
		AA40878E28318EA1009B638A /* ChatView.swift in Sources */ = {isa = PBXBuildFile; fileRef = AA40878D28318EA1009B638A /* ChatView.swift */; };
		AA408791283190CC009B638A /* SDWebImageSwiftUI in Frameworks */ = {isa = PBXBuildFile; productRef = AA408790283190CC009B638A /* SDWebImageSwiftUI */; };
		AA40879428319175009B638A /* SDWebImageSwiftUI in Frameworks */ = {isa = PBXBuildFile; productRef = AA40879328319175009B638A /* SDWebImageSwiftUI */; };
		AAC6B0C4283123C20032E1D6 /* WatchCordApp.swift in Sources */ = {isa = PBXBuildFile; fileRef = AAC6B0C3283123C20032E1D6 /* WatchCordApp.swift */; };
		AAC6B0C6283123C20032E1D6 /* ContentView.swift in Sources */ = {isa = PBXBuildFile; fileRef = AAC6B0C5283123C20032E1D6 /* ContentView.swift */; };
		AAC6B0C8283123C40032E1D6 /* Assets.xcassets in Resources */ = {isa = PBXBuildFile; fileRef = AAC6B0C7283123C40032E1D6 /* Assets.xcassets */; };
		AAC6B0CB283123C40032E1D6 /* Preview Assets.xcassets in Resources */ = {isa = PBXBuildFile; fileRef = AAC6B0CA283123C40032E1D6 /* Preview Assets.xcassets */; };
		AAC6B0CF283123C40032E1D6 /* WatchCord.app in Embed Watch Content */ = {isa = PBXBuildFile; fileRef = AAC6B0CE283123C40032E1D6 /* WatchCord.app */; settings = {ATTRIBUTES = (RemoveHeadersOnCopy, ); }; };
		AAC6B0D4283123C50032E1D6 /* Assets.xcassets in Resources */ = {isa = PBXBuildFile; fileRef = AAC6B0D3283123C50032E1D6 /* Assets.xcassets */; };
		AAC6B0DA283123C60032E1D6 /* WatchCord WatchKit Extension.appex in Embed App Extensions */ = {isa = PBXBuildFile; fileRef = AAC6B0D9283123C60032E1D6 /* WatchCord WatchKit Extension.appex */; settings = {ATTRIBUTES = (RemoveHeadersOnCopy, ); }; };
		AAC6B0DF283123C60032E1D6 /* SidebarView.swift in Sources */ = {isa = PBXBuildFile; fileRef = AAC6B0DE283123C60032E1D6 /* SidebarView.swift */; };
		AAC6B0E1283123C60032E1D6 /* WatchCordApp.swift in Sources */ = {isa = PBXBuildFile; fileRef = AAC6B0E0283123C60032E1D6 /* WatchCordApp.swift */; };
		AAC6B0E3283123C60032E1D6 /* ComplicationController.swift in Sources */ = {isa = PBXBuildFile; fileRef = AAC6B0E2283123C60032E1D6 /* ComplicationController.swift */; };
		AAC6B0E5283123C70032E1D6 /* Assets.xcassets in Resources */ = {isa = PBXBuildFile; fileRef = AAC6B0E4283123C70032E1D6 /* Assets.xcassets */; };
		AAC6B0E8283123C70032E1D6 /* Preview Assets.xcassets in Resources */ = {isa = PBXBuildFile; fileRef = AAC6B0E7283123C70032E1D6 /* Preview Assets.xcassets */; };
		AAFD28DD28343FBC003BEDEA /* RegisterImages.swift in Sources */ = {isa = PBXBuildFile; fileRef = AAFD28CA28343FBC003BEDEA /* RegisterImages.swift */; };
		AAFD28DF28343FBC003BEDEA /* Images.swift in Sources */ = {isa = PBXBuildFile; fileRef = AAFD28CC28343FBC003BEDEA /* Images.swift */; };
		AAFD28E028343FBC003BEDEA /* Gateway+MessageHandle.swift in Sources */ = {isa = PBXBuildFile; fileRef = AAFD28CE28343FBC003BEDEA /* Gateway+MessageHandle.swift */; };
		AAFD28E128343FBC003BEDEA /* Gateway.swift in Sources */ = {isa = PBXBuildFile; fileRef = AAFD28CF28343FBC003BEDEA /* Gateway.swift */; };
		AAFD28E228343FBC003BEDEA /* GatewayEvent.swift in Sources */ = {isa = PBXBuildFile; fileRef = AAFD28D028343FBC003BEDEA /* GatewayEvent.swift */; };
		AAFD28E328343FBC003BEDEA /* ZStream.swift in Sources */ = {isa = PBXBuildFile; fileRef = AAFD28D128343FBC003BEDEA /* ZStream.swift */; };
		AAFD28E428343FBC003BEDEA /* Socket.swift in Sources */ = {isa = PBXBuildFile; fileRef = AAFD28D228343FBC003BEDEA /* Socket.swift */; };
		AAFD28E528343FBC003BEDEA /* Gateway+VoiceState.swift in Sources */ = {isa = PBXBuildFile; fileRef = AAFD28D428343FBC003BEDEA /* Gateway+VoiceState.swift */; };
		AAFD28FD28344219003BEDEA /* MemberList.swift in Sources */ = {isa = PBXBuildFile; fileRef = AAFD28E828344219003BEDEA /* MemberList.swift */; };
		AAFD28FE28344219003BEDEA /* Events.swift in Sources */ = {isa = PBXBuildFile; fileRef = AAFD28E928344219003BEDEA /* Events.swift */; };
		AAFD28FF28344219003BEDEA /* LoginPayloads.swift in Sources */ = {isa = PBXBuildFile; fileRef = AAFD28EA28344219003BEDEA /* LoginPayloads.swift */; };
		AAFD290028344219003BEDEA /* GatewayStructure.swift in Sources */ = {isa = PBXBuildFile; fileRef = AAFD28EB28344219003BEDEA /* GatewayStructure.swift */; };
		AAFD290128344219003BEDEA /* SongLink.swift in Sources */ = {isa = PBXBuildFile; fileRef = AAFD28ED28344219003BEDEA /* SongLink.swift */; };
		AAFD290228344219003BEDEA /* Embed.swift in Sources */ = {isa = PBXBuildFile; fileRef = AAFD28EF28344219003BEDEA /* Embed.swift */; };
		AAFD290328344219003BEDEA /* Attachment.swift in Sources */ = {isa = PBXBuildFile; fileRef = AAFD28F028344219003BEDEA /* Attachment.swift */; };
		AAFD290428344219003BEDEA /* Roles.swift in Sources */ = {isa = PBXBuildFile; fileRef = AAFD28F128344219003BEDEA /* Roles.swift */; };
		AAFD290528344219003BEDEA /* Guild.swift in Sources */ = {isa = PBXBuildFile; fileRef = AAFD28F228344219003BEDEA /* Guild.swift */; };
		AAFD290628344219003BEDEA /* Message.swift in Sources */ = {isa = PBXBuildFile; fileRef = AAFD28F328344219003BEDEA /* Message.swift */; };
		AAFD290728344219003BEDEA /* Sticker.swift in Sources */ = {isa = PBXBuildFile; fileRef = AAFD28F428344219003BEDEA /* Sticker.swift */; };
		AAFD290828344219003BEDEA /* Channel.swift in Sources */ = {isa = PBXBuildFile; fileRef = AAFD28F528344219003BEDEA /* Channel.swift */; };
		AAFD290928344219003BEDEA /* Permissions.swift in Sources */ = {isa = PBXBuildFile; fileRef = AAFD28F628344219003BEDEA /* Permissions.swift */; };
		AAFD290A28344219003BEDEA /* User.swift in Sources */ = {isa = PBXBuildFile; fileRef = AAFD28F728344219003BEDEA /* User.swift */; };
		AAFD290B28344219003BEDEA /* Emote.swift in Sources */ = {isa = PBXBuildFile; fileRef = AAFD28F828344219003BEDEA /* Emote.swift */; };
		AAFD290C28344219003BEDEA /* Reaction.swift in Sources */ = {isa = PBXBuildFile; fileRef = AAFD28F928344219003BEDEA /* Reaction.swift */; };
		AAFD290D28344219003BEDEA /* Settings.swift in Sources */ = {isa = PBXBuildFile; fileRef = AAFD28FA28344219003BEDEA /* Settings.swift */; };
		AAFD290E28344219003BEDEA /* Status.swift in Sources */ = {isa = PBXBuildFile; fileRef = AAFD28FB28344219003BEDEA /* Status.swift */; };
		AAFD290F28344219003BEDEA /* ReadState.swift in Sources */ = {isa = PBXBuildFile; fileRef = AAFD28FC28344219003BEDEA /* ReadState.swift */; };
		AAFD2911283518B6003BEDEA /* Constants.swift in Sources */ = {isa = PBXBuildFile; fileRef = AAFD2910283518B6003BEDEA /* Constants.swift */; };
		AAFD291928351AAC003BEDEA /* MentionProtocol.swift in Sources */ = {isa = PBXBuildFile; fileRef = AAFD291528351AAB003BEDEA /* MentionProtocol.swift */; };
		AAFD291B28351AAC003BEDEA /* Request.swift in Sources */ = {isa = PBXBuildFile; fileRef = AAFD291728351AAB003BEDEA /* Request.swift */; };
		AAFD291C28351AAC003BEDEA /* Core.swift in Sources */ = {isa = PBXBuildFile; fileRef = AAFD291828351AAC003BEDEA /* Core.swift */; };
		AAFD293228351B5E003BEDEA /* Queues.swift in Sources */ = {isa = PBXBuildFile; fileRef = AAFD291F28351B5E003BEDEA /* Queues.swift */; };
		AAFD293328351B5E003BEDEA /* Github.swift in Sources */ = {isa = PBXBuildFile; fileRef = AAFD292128351B5E003BEDEA /* Github.swift */; };
		AAFD293628351B5E003BEDEA /* Keychain.swift in Sources */ = {isa = PBXBuildFile; fileRef = AAFD292428351B5E003BEDEA /* Keychain.swift */; };
		AAFD293728351B5E003BEDEA /* Regex.swift in Sources */ = {isa = PBXBuildFile; fileRef = AAFD292528351B5E003BEDEA /* Regex.swift */; };
		AAFD293828351B5E003BEDEA /* String++.swift in Sources */ = {isa = PBXBuildFile; fileRef = AAFD292728351B5E003BEDEA /* String++.swift */; };
		AAFD293928351B5E003BEDEA /* Networking++.swift in Sources */ = {isa = PBXBuildFile; fileRef = AAFD292828351B5E003BEDEA /* Networking++.swift */; };
		AAFD293A28351B5E003BEDEA /* Extensions.swift in Sources */ = {isa = PBXBuildFile; fileRef = AAFD292928351B5E003BEDEA /* Extensions.swift */; };
		AAFD293B28351B5E003BEDEA /* NSColor++.swift in Sources */ = {isa = PBXBuildFile; fileRef = AAFD292A28351B5E003BEDEA /* NSColor++.swift */; };
		AAFD293C28351B5E003BEDEA /* Collection++.swift in Sources */ = {isa = PBXBuildFile; fileRef = AAFD292B28351B5E003BEDEA /* Collection++.swift */; };
		AAFD293D28351B5E003BEDEA /* Print++.swift in Sources */ = {isa = PBXBuildFile; fileRef = AAFD292C28351B5E003BEDEA /* Print++.swift */; };
		AAFD293E28351B5E003BEDEA /* Combine++.swift in Sources */ = {isa = PBXBuildFile; fileRef = AAFD292D28351B5E003BEDEA /* Combine++.swift */; };
		AAFD293F28351B5E003BEDEA /* SwiftUI++.swift in Sources */ = {isa = PBXBuildFile; fileRef = AAFD292E28351B5E003BEDEA /* SwiftUI++.swift */; };
		AAFD294028351B5E003BEDEA /* Operators++.swift in Sources */ = {isa = PBXBuildFile; fileRef = AAFD292F28351B5E003BEDEA /* Operators++.swift */; };
		AAFD294128351B5E003BEDEA /* Keypath++.swift in Sources */ = {isa = PBXBuildFile; fileRef = AAFD293028351B5E003BEDEA /* Keypath++.swift */; };
		AAFD2943283541ED003BEDEA /* AppExtension.swift in Sources */ = {isa = PBXBuildFile; fileRef = AAFD2942283541ED003BEDEA /* AppExtension.swift */; };
/* End PBXBuildFile section */

/* Begin PBXContainerItemProxy section */
		AAC6B0D0283123C40032E1D6 /* PBXContainerItemProxy */ = {
			isa = PBXContainerItemProxy;
			containerPortal = AAC6B0B8283123C20032E1D6 /* Project object */;
			proxyType = 1;
			remoteGlobalIDString = AAC6B0CD283123C40032E1D6;
			remoteInfo = "MiniCord WatchKit App";
		};
		AAC6B0DB283123C60032E1D6 /* PBXContainerItemProxy */ = {
			isa = PBXContainerItemProxy;
			containerPortal = AAC6B0B8283123C20032E1D6 /* Project object */;
			proxyType = 1;
			remoteGlobalIDString = AAC6B0D8283123C60032E1D6;
			remoteInfo = "MiniCord WatchKit Extension";
		};
/* End PBXContainerItemProxy section */

/* Begin PBXCopyFilesBuildPhase section */
		AAC6B0EF283123C70032E1D6 /* Embed App Extensions */ = {
			isa = PBXCopyFilesBuildPhase;
			buildActionMask = 2147483647;
			dstPath = "";
			dstSubfolderSpec = 13;
			files = (
				AAC6B0DA283123C60032E1D6 /* WatchCord WatchKit Extension.appex in Embed App Extensions */,
			);
			name = "Embed App Extensions";
			runOnlyForDeploymentPostprocessing = 0;
		};
		AAC6B0F3283123C70032E1D6 /* Embed Watch Content */ = {
			isa = PBXCopyFilesBuildPhase;
			buildActionMask = 2147483647;
			dstPath = "$(CONTENTS_FOLDER_PATH)/Watch";
			dstSubfolderSpec = 16;
			files = (
				AAC6B0CF283123C40032E1D6 /* WatchCord.app in Embed Watch Content */,
			);
			name = "Embed Watch Content";
			runOnlyForDeploymentPostprocessing = 0;
		};
/* End PBXCopyFilesBuildPhase section */

/* Begin PBXFileReference section */
		AA40878B28318B24009B638A /* SampleDataProvision.swift */ = {isa = PBXFileReference; lastKnownFileType = sourcecode.swift; path = SampleDataProvision.swift; sourceTree = "<group>"; };
		AA40878D28318EA1009B638A /* ChatView.swift */ = {isa = PBXFileReference; lastKnownFileType = sourcecode.swift; path = ChatView.swift; sourceTree = "<group>"; };
		AAC6B0C0283123C20032E1D6 /* WatchCord.app */ = {isa = PBXFileReference; explicitFileType = wrapper.application; includeInIndex = 0; path = WatchCord.app; sourceTree = BUILT_PRODUCTS_DIR; };
		AAC6B0C3283123C20032E1D6 /* WatchCordApp.swift */ = {isa = PBXFileReference; lastKnownFileType = sourcecode.swift; path = WatchCordApp.swift; sourceTree = "<group>"; };
		AAC6B0C5283123C20032E1D6 /* ContentView.swift */ = {isa = PBXFileReference; lastKnownFileType = sourcecode.swift; path = ContentView.swift; sourceTree = "<group>"; };
		AAC6B0C7283123C40032E1D6 /* Assets.xcassets */ = {isa = PBXFileReference; lastKnownFileType = folder.assetcatalog; path = Assets.xcassets; sourceTree = "<group>"; };
		AAC6B0CA283123C40032E1D6 /* Preview Assets.xcassets */ = {isa = PBXFileReference; lastKnownFileType = folder.assetcatalog; path = "Preview Assets.xcassets"; sourceTree = "<group>"; };
		AAC6B0CE283123C40032E1D6 /* WatchCord.app */ = {isa = PBXFileReference; explicitFileType = wrapper.application; includeInIndex = 0; path = WatchCord.app; sourceTree = BUILT_PRODUCTS_DIR; };
		AAC6B0D3283123C50032E1D6 /* Assets.xcassets */ = {isa = PBXFileReference; lastKnownFileType = folder.assetcatalog; path = Assets.xcassets; sourceTree = "<group>"; };
		AAC6B0D9283123C60032E1D6 /* WatchCord WatchKit Extension.appex */ = {isa = PBXFileReference; explicitFileType = "wrapper.app-extension"; includeInIndex = 0; path = "WatchCord WatchKit Extension.appex"; sourceTree = BUILT_PRODUCTS_DIR; };
		AAC6B0DE283123C60032E1D6 /* SidebarView.swift */ = {isa = PBXFileReference; lastKnownFileType = sourcecode.swift; path = SidebarView.swift; sourceTree = "<group>"; };
		AAC6B0E0283123C60032E1D6 /* WatchCordApp.swift */ = {isa = PBXFileReference; lastKnownFileType = sourcecode.swift; path = WatchCordApp.swift; sourceTree = "<group>"; };
		AAC6B0E2283123C60032E1D6 /* ComplicationController.swift */ = {isa = PBXFileReference; lastKnownFileType = sourcecode.swift; path = ComplicationController.swift; sourceTree = "<group>"; };
		AAC6B0E4283123C70032E1D6 /* Assets.xcassets */ = {isa = PBXFileReference; lastKnownFileType = folder.assetcatalog; path = Assets.xcassets; sourceTree = "<group>"; };
		AAC6B0E7283123C70032E1D6 /* Preview Assets.xcassets */ = {isa = PBXFileReference; lastKnownFileType = folder.assetcatalog; path = "Preview Assets.xcassets"; sourceTree = "<group>"; };
		AAC6B0E9283123C70032E1D6 /* Info.plist */ = {isa = PBXFileReference; lastKnownFileType = text.plist.xml; path = Info.plist; sourceTree = "<group>"; };
		AAFD28CA28343FBC003BEDEA /* RegisterImages.swift */ = {isa = PBXFileReference; fileEncoding = 4; lastKnownFileType = sourcecode.swift; path = RegisterImages.swift; sourceTree = "<group>"; };
		AAFD28CC28343FBC003BEDEA /* Images.swift */ = {isa = PBXFileReference; fileEncoding = 4; lastKnownFileType = sourcecode.swift; path = Images.swift; sourceTree = "<group>"; };
		AAFD28CE28343FBC003BEDEA /* Gateway+MessageHandle.swift */ = {isa = PBXFileReference; fileEncoding = 4; lastKnownFileType = sourcecode.swift; path = "Gateway+MessageHandle.swift"; sourceTree = "<group>"; };
		AAFD28CF28343FBC003BEDEA /* Gateway.swift */ = {isa = PBXFileReference; fileEncoding = 4; lastKnownFileType = sourcecode.swift; path = Gateway.swift; sourceTree = "<group>"; };
		AAFD28D028343FBC003BEDEA /* GatewayEvent.swift */ = {isa = PBXFileReference; fileEncoding = 4; lastKnownFileType = sourcecode.swift; path = GatewayEvent.swift; sourceTree = "<group>"; };
		AAFD28D128343FBC003BEDEA /* ZStream.swift */ = {isa = PBXFileReference; fileEncoding = 4; lastKnownFileType = sourcecode.swift; path = ZStream.swift; sourceTree = "<group>"; };
		AAFD28D228343FBC003BEDEA /* Socket.swift */ = {isa = PBXFileReference; fileEncoding = 4; lastKnownFileType = sourcecode.swift; path = Socket.swift; sourceTree = "<group>"; };
		AAFD28D428343FBC003BEDEA /* Gateway+VoiceState.swift */ = {isa = PBXFileReference; fileEncoding = 4; lastKnownFileType = sourcecode.swift; path = "Gateway+VoiceState.swift"; sourceTree = "<group>"; };
		AAFD28E828344219003BEDEA /* MemberList.swift */ = {isa = PBXFileReference; fileEncoding = 4; lastKnownFileType = sourcecode.swift; path = MemberList.swift; sourceTree = "<group>"; };
		AAFD28E928344219003BEDEA /* Events.swift */ = {isa = PBXFileReference; fileEncoding = 4; lastKnownFileType = sourcecode.swift; path = Events.swift; sourceTree = "<group>"; };
		AAFD28EA28344219003BEDEA /* LoginPayloads.swift */ = {isa = PBXFileReference; fileEncoding = 4; lastKnownFileType = sourcecode.swift; path = LoginPayloads.swift; sourceTree = "<group>"; };
		AAFD28EB28344219003BEDEA /* GatewayStructure.swift */ = {isa = PBXFileReference; fileEncoding = 4; lastKnownFileType = sourcecode.swift; path = GatewayStructure.swift; sourceTree = "<group>"; };
		AAFD28ED28344219003BEDEA /* SongLink.swift */ = {isa = PBXFileReference; fileEncoding = 4; lastKnownFileType = sourcecode.swift; path = SongLink.swift; sourceTree = "<group>"; };
		AAFD28EF28344219003BEDEA /* Embed.swift */ = {isa = PBXFileReference; fileEncoding = 4; lastKnownFileType = sourcecode.swift; path = Embed.swift; sourceTree = "<group>"; };
		AAFD28F028344219003BEDEA /* Attachment.swift */ = {isa = PBXFileReference; fileEncoding = 4; lastKnownFileType = sourcecode.swift; path = Attachment.swift; sourceTree = "<group>"; };
		AAFD28F128344219003BEDEA /* Roles.swift */ = {isa = PBXFileReference; fileEncoding = 4; lastKnownFileType = sourcecode.swift; path = Roles.swift; sourceTree = "<group>"; };
		AAFD28F228344219003BEDEA /* Guild.swift */ = {isa = PBXFileReference; fileEncoding = 4; lastKnownFileType = sourcecode.swift; path = Guild.swift; sourceTree = "<group>"; };
		AAFD28F328344219003BEDEA /* Message.swift */ = {isa = PBXFileReference; fileEncoding = 4; lastKnownFileType = sourcecode.swift; path = Message.swift; sourceTree = "<group>"; };
		AAFD28F428344219003BEDEA /* Sticker.swift */ = {isa = PBXFileReference; fileEncoding = 4; lastKnownFileType = sourcecode.swift; path = Sticker.swift; sourceTree = "<group>"; };
		AAFD28F528344219003BEDEA /* Channel.swift */ = {isa = PBXFileReference; fileEncoding = 4; lastKnownFileType = sourcecode.swift; path = Channel.swift; sourceTree = "<group>"; };
		AAFD28F628344219003BEDEA /* Permissions.swift */ = {isa = PBXFileReference; fileEncoding = 4; lastKnownFileType = sourcecode.swift; path = Permissions.swift; sourceTree = "<group>"; };
		AAFD28F728344219003BEDEA /* User.swift */ = {isa = PBXFileReference; fileEncoding = 4; lastKnownFileType = sourcecode.swift; path = User.swift; sourceTree = "<group>"; };
		AAFD28F828344219003BEDEA /* Emote.swift */ = {isa = PBXFileReference; fileEncoding = 4; lastKnownFileType = sourcecode.swift; path = Emote.swift; sourceTree = "<group>"; };
		AAFD28F928344219003BEDEA /* Reaction.swift */ = {isa = PBXFileReference; fileEncoding = 4; lastKnownFileType = sourcecode.swift; path = Reaction.swift; sourceTree = "<group>"; };
		AAFD28FA28344219003BEDEA /* Settings.swift */ = {isa = PBXFileReference; fileEncoding = 4; lastKnownFileType = sourcecode.swift; path = Settings.swift; sourceTree = "<group>"; };
		AAFD28FB28344219003BEDEA /* Status.swift */ = {isa = PBXFileReference; fileEncoding = 4; lastKnownFileType = sourcecode.swift; path = Status.swift; sourceTree = "<group>"; };
		AAFD28FC28344219003BEDEA /* ReadState.swift */ = {isa = PBXFileReference; fileEncoding = 4; lastKnownFileType = sourcecode.swift; path = ReadState.swift; sourceTree = "<group>"; };
		AAFD2910283518B6003BEDEA /* Constants.swift */ = {isa = PBXFileReference; lastKnownFileType = sourcecode.swift; path = Constants.swift; sourceTree = "<group>"; };
		AAFD291528351AAB003BEDEA /* MentionProtocol.swift */ = {isa = PBXFileReference; fileEncoding = 4; lastKnownFileType = sourcecode.swift; path = MentionProtocol.swift; sourceTree = "<group>"; };
		AAFD291728351AAB003BEDEA /* Request.swift */ = {isa = PBXFileReference; fileEncoding = 4; lastKnownFileType = sourcecode.swift; path = Request.swift; sourceTree = "<group>"; };
		AAFD291828351AAC003BEDEA /* Core.swift */ = {isa = PBXFileReference; fileEncoding = 4; lastKnownFileType = sourcecode.swift; path = Core.swift; sourceTree = "<group>"; };
		AAFD291F28351B5E003BEDEA /* Queues.swift */ = {isa = PBXFileReference; fileEncoding = 4; lastKnownFileType = sourcecode.swift; path = Queues.swift; sourceTree = "<group>"; };
		AAFD292128351B5E003BEDEA /* Github.swift */ = {isa = PBXFileReference; fileEncoding = 4; lastKnownFileType = sourcecode.swift; path = Github.swift; sourceTree = "<group>"; };
		AAFD292428351B5E003BEDEA /* Keychain.swift */ = {isa = PBXFileReference; fileEncoding = 4; lastKnownFileType = sourcecode.swift; path = Keychain.swift; sourceTree = "<group>"; };
		AAFD292528351B5E003BEDEA /* Regex.swift */ = {isa = PBXFileReference; fileEncoding = 4; lastKnownFileType = sourcecode.swift; path = Regex.swift; sourceTree = "<group>"; };
		AAFD292728351B5E003BEDEA /* String++.swift */ = {isa = PBXFileReference; fileEncoding = 4; lastKnownFileType = sourcecode.swift; path = "String++.swift"; sourceTree = "<group>"; };
		AAFD292828351B5E003BEDEA /* Networking++.swift */ = {isa = PBXFileReference; fileEncoding = 4; lastKnownFileType = sourcecode.swift; path = "Networking++.swift"; sourceTree = "<group>"; };
		AAFD292928351B5E003BEDEA /* Extensions.swift */ = {isa = PBXFileReference; fileEncoding = 4; lastKnownFileType = sourcecode.swift; path = Extensions.swift; sourceTree = "<group>"; };
		AAFD292A28351B5E003BEDEA /* NSColor++.swift */ = {isa = PBXFileReference; fileEncoding = 4; lastKnownFileType = sourcecode.swift; path = "NSColor++.swift"; sourceTree = "<group>"; };
		AAFD292B28351B5E003BEDEA /* Collection++.swift */ = {isa = PBXFileReference; fileEncoding = 4; lastKnownFileType = sourcecode.swift; path = "Collection++.swift"; sourceTree = "<group>"; };
		AAFD292C28351B5E003BEDEA /* Print++.swift */ = {isa = PBXFileReference; fileEncoding = 4; lastKnownFileType = sourcecode.swift; path = "Print++.swift"; sourceTree = "<group>"; };
		AAFD292D28351B5E003BEDEA /* Combine++.swift */ = {isa = PBXFileReference; fileEncoding = 4; lastKnownFileType = sourcecode.swift; path = "Combine++.swift"; sourceTree = "<group>"; };
		AAFD292E28351B5E003BEDEA /* SwiftUI++.swift */ = {isa = PBXFileReference; fileEncoding = 4; lastKnownFileType = sourcecode.swift; path = "SwiftUI++.swift"; sourceTree = "<group>"; };
		AAFD292F28351B5E003BEDEA /* Operators++.swift */ = {isa = PBXFileReference; fileEncoding = 4; lastKnownFileType = sourcecode.swift; path = "Operators++.swift"; sourceTree = "<group>"; };
		AAFD293028351B5E003BEDEA /* Keypath++.swift */ = {isa = PBXFileReference; fileEncoding = 4; lastKnownFileType = sourcecode.swift; path = "Keypath++.swift"; sourceTree = "<group>"; };
		AAFD2942283541ED003BEDEA /* AppExtension.swift */ = {isa = PBXFileReference; lastKnownFileType = sourcecode.swift; path = AppExtension.swift; sourceTree = "<group>"; };
/* End PBXFileReference section */

/* Begin PBXFrameworksBuildPhase section */
		AAC6B0BD283123C20032E1D6 /* Frameworks */ = {
			isa = PBXFrameworksBuildPhase;
			buildActionMask = 2147483647;
			files = (
				AA408791283190CC009B638A /* SDWebImageSwiftUI in Frameworks */,
			);
			runOnlyForDeploymentPostprocessing = 0;
		};
		AAC6B0D6283123C60032E1D6 /* Frameworks */ = {
			isa = PBXFrameworksBuildPhase;
			buildActionMask = 2147483647;
			files = (
				AA40879428319175009B638A /* SDWebImageSwiftUI in Frameworks */,
			);
			runOnlyForDeploymentPostprocessing = 0;
		};
/* End PBXFrameworksBuildPhase section */

/* Begin PBXGroup section */
		AA40878A28318AFB009B638A /* Utilities */ = {
			isa = PBXGroup;
			children = (
				AAFD2910283518B6003BEDEA /* Constants.swift */,
				AAFD28E628344201003BEDEA /* Objects */,
				AAFD291D28351B5E003BEDEA /* Misc */,
				AAFD28A728343DDA003BEDEA /* Backend */,
			);
			path = Utilities;
			sourceTree = "<group>";
		};
		AA40879228319175009B638A /* Frameworks */ = {
			isa = PBXGroup;
			children = (
			);
			name = Frameworks;
			sourceTree = "<group>";
		};
		AAC6B0B7283123C20032E1D6 = {
			isa = PBXGroup;
			children = (
				AAC6B0C2283123C20032E1D6 /* WatchCord */,
				AAC6B0D2283123C40032E1D6 /* WatchCord WatchKit App */,
				AAC6B0DD283123C60032E1D6 /* WatchCord WatchKit Extension */,
				AAC6B0C1283123C20032E1D6 /* Products */,
				AA40879228319175009B638A /* Frameworks */,
			);
			sourceTree = "<group>";
		};
		AAC6B0C1283123C20032E1D6 /* Products */ = {
			isa = PBXGroup;
			children = (
				AAC6B0C0283123C20032E1D6 /* WatchCord.app */,
				AAC6B0CE283123C40032E1D6 /* WatchCord.app */,
				AAC6B0D9283123C60032E1D6 /* WatchCord WatchKit Extension.appex */,
			);
			name = Products;
			sourceTree = "<group>";
		};
		AAC6B0C2283123C20032E1D6 /* WatchCord */ = {
			isa = PBXGroup;
			children = (
				AAC6B0C3283123C20032E1D6 /* WatchCordApp.swift */,
				AAC6B0C5283123C20032E1D6 /* ContentView.swift */,
				AAC6B0C7283123C40032E1D6 /* Assets.xcassets */,
				AAC6B0C9283123C40032E1D6 /* Preview Content */,
			);
			path = WatchCord;
			sourceTree = "<group>";
		};
		AAC6B0C9283123C40032E1D6 /* Preview Content */ = {
			isa = PBXGroup;
			children = (
				AAC6B0CA283123C40032E1D6 /* Preview Assets.xcassets */,
			);
			path = "Preview Content";
			sourceTree = "<group>";
		};
		AAC6B0D2283123C40032E1D6 /* WatchCord WatchKit App */ = {
			isa = PBXGroup;
			children = (
				AAC6B0D3283123C50032E1D6 /* Assets.xcassets */,
			);
			path = "WatchCord WatchKit App";
			sourceTree = "<group>";
		};
		AAC6B0DD283123C60032E1D6 /* WatchCord WatchKit Extension */ = {
			isa = PBXGroup;
			children = (
				AAC6B0E0283123C60032E1D6 /* WatchCordApp.swift */,
				AAC6B0F7283123E00032E1D6 /* Views */,
				AA40878A28318AFB009B638A /* Utilities */,
				AAC6B0E2283123C60032E1D6 /* ComplicationController.swift */,
				AAC6B0E4283123C70032E1D6 /* Assets.xcassets */,
				AAC6B0E9283123C70032E1D6 /* Info.plist */,
				AA40878B28318B24009B638A /* SampleDataProvision.swift */,
				AAC6B0E6283123C70032E1D6 /* Preview Content */,
			);
			path = "WatchCord WatchKit Extension";
			sourceTree = "<group>";
		};
		AAC6B0E6283123C70032E1D6 /* Preview Content */ = {
			isa = PBXGroup;
			children = (
				AAC6B0E7283123C70032E1D6 /* Preview Assets.xcassets */,
			);
			path = "Preview Content";
			sourceTree = "<group>";
		};
		AAC6B0F7283123E00032E1D6 /* Views */ = {
			isa = PBXGroup;
			children = (
				AAC6B0DE283123C60032E1D6 /* SidebarView.swift */,
				AA40878D28318EA1009B638A /* ChatView.swift */,
			);
			path = Views;
			sourceTree = "<group>";
		};
		AAFD28A728343DDA003BEDEA /* Backend */ = {
			isa = PBXGroup;
			children = (
				AAFD28CD28343FBC003BEDEA /* Gateway */,
				AAFD28C628343FBB003BEDEA /* Markdown */,
				AAFD28C928343FBC003BEDEA /* Media */,
				AAFD28C028343FBB003BEDEA /* Networking */,
				AAFD28D328343FBC003BEDEA /* Voice */,
			);
			path = Backend;
			sourceTree = "<group>";
		};
		AAFD28C028343FBB003BEDEA /* Networking */ = {
			isa = PBXGroup;
			children = (
				AAFD291828351AAC003BEDEA /* Core.swift */,
				AAFD291528351AAB003BEDEA /* MentionProtocol.swift */,
				AAFD291728351AAB003BEDEA /* Request.swift */,
			);
			path = Networking;
			sourceTree = "<group>";
		};
		AAFD28C628343FBB003BEDEA /* Markdown */ = {
			isa = PBXGroup;
			children = (
			);
			path = Markdown;
			sourceTree = "<group>";
		};
		AAFD28C928343FBC003BEDEA /* Media */ = {
			isa = PBXGroup;
			children = (
				AAFD28CA28343FBC003BEDEA /* RegisterImages.swift */,
				AAFD28CC28343FBC003BEDEA /* Images.swift */,
			);
			path = Media;
			sourceTree = "<group>";
		};
		AAFD28CD28343FBC003BEDEA /* Gateway */ = {
			isa = PBXGroup;
			children = (
				AAFD28CE28343FBC003BEDEA /* Gateway+MessageHandle.swift */,
				AAFD28CF28343FBC003BEDEA /* Gateway.swift */,
				AAFD28D028343FBC003BEDEA /* GatewayEvent.swift */,
				AAFD28D128343FBC003BEDEA /* ZStream.swift */,
				AAFD28D228343FBC003BEDEA /* Socket.swift */,
			);
			path = Gateway;
			sourceTree = "<group>";
		};
		AAFD28D328343FBC003BEDEA /* Voice */ = {
			isa = PBXGroup;
			children = (
				AAFD28D428343FBC003BEDEA /* Gateway+VoiceState.swift */,
			);
			path = Voice;
			sourceTree = "<group>";
		};
		AAFD28E628344201003BEDEA /* Objects */ = {
			isa = PBXGroup;
			children = (
				AAFD28EE28344219003BEDEA /* DiscordTypes */,
				AAFD28E728344219003BEDEA /* GatewayPayloads */,
				AAFD28EC28344219003BEDEA /* Misc */,
			);
			path = Objects;
			sourceTree = "<group>";
		};
		AAFD28E728344219003BEDEA /* GatewayPayloads */ = {
			isa = PBXGroup;
			children = (
				AAFD28E828344219003BEDEA /* MemberList.swift */,
				AAFD28E928344219003BEDEA /* Events.swift */,
				AAFD28EA28344219003BEDEA /* LoginPayloads.swift */,
				AAFD28EB28344219003BEDEA /* GatewayStructure.swift */,
			);
			path = GatewayPayloads;
			sourceTree = "<group>";
		};
		AAFD28EC28344219003BEDEA /* Misc */ = {
			isa = PBXGroup;
			children = (
				AAFD28ED28344219003BEDEA /* SongLink.swift */,
			);
			path = Misc;
			sourceTree = "<group>";
		};
		AAFD28EE28344219003BEDEA /* DiscordTypes */ = {
			isa = PBXGroup;
			children = (
				AAFD28EF28344219003BEDEA /* Embed.swift */,
				AAFD28F028344219003BEDEA /* Attachment.swift */,
				AAFD28F128344219003BEDEA /* Roles.swift */,
				AAFD28F228344219003BEDEA /* Guild.swift */,
				AAFD28F328344219003BEDEA /* Message.swift */,
				AAFD28F428344219003BEDEA /* Sticker.swift */,
				AAFD28F528344219003BEDEA /* Channel.swift */,
				AAFD28F628344219003BEDEA /* Permissions.swift */,
				AAFD28F728344219003BEDEA /* User.swift */,
				AAFD28F828344219003BEDEA /* Emote.swift */,
				AAFD28F928344219003BEDEA /* Reaction.swift */,
				AAFD28FA28344219003BEDEA /* Settings.swift */,
				AAFD28FB28344219003BEDEA /* Status.swift */,
				AAFD28FC28344219003BEDEA /* ReadState.swift */,
			);
			path = DiscordTypes;
			sourceTree = "<group>";
		};
		AAFD291D28351B5E003BEDEA /* Misc */ = {
			isa = PBXGroup;
			children = (
				AAFD291F28351B5E003BEDEA /* Queues.swift */,
				AAFD292028351B5E003BEDEA /* Shapes */,
				AAFD292428351B5E003BEDEA /* Keychain.swift */,
				AAFD292528351B5E003BEDEA /* Regex.swift */,
				AAFD292628351B5E003BEDEA /* PlusPlus */,
				AAFD2942283541ED003BEDEA /* AppExtension.swift */,
			);
			path = Misc;
			sourceTree = "<group>";
		};
		AAFD292028351B5E003BEDEA /* Shapes */ = {
			isa = PBXGroup;
			children = (
				AAFD292128351B5E003BEDEA /* Github.swift */,
			);
			path = Shapes;
			sourceTree = "<group>";
		};
		AAFD292628351B5E003BEDEA /* PlusPlus */ = {
			isa = PBXGroup;
			children = (
				AAFD292728351B5E003BEDEA /* String++.swift */,
				AAFD292828351B5E003BEDEA /* Networking++.swift */,
				AAFD292928351B5E003BEDEA /* Extensions.swift */,
				AAFD292A28351B5E003BEDEA /* NSColor++.swift */,
				AAFD292B28351B5E003BEDEA /* Collection++.swift */,
				AAFD292C28351B5E003BEDEA /* Print++.swift */,
				AAFD292D28351B5E003BEDEA /* Combine++.swift */,
				AAFD292E28351B5E003BEDEA /* SwiftUI++.swift */,
				AAFD292F28351B5E003BEDEA /* Operators++.swift */,
				AAFD293028351B5E003BEDEA /* Keypath++.swift */,
			);
			path = PlusPlus;
			sourceTree = "<group>";
		};
/* End PBXGroup section */

/* Begin PBXNativeTarget section */
		AAC6B0BF283123C20032E1D6 /* WatchCord */ = {
			isa = PBXNativeTarget;
			buildConfigurationList = AAC6B0F4283123C70032E1D6 /* Build configuration list for PBXNativeTarget "WatchCord" */;
			buildPhases = (
				AAC6B0BC283123C20032E1D6 /* Sources */,
				AAC6B0BD283123C20032E1D6 /* Frameworks */,
				AAC6B0BE283123C20032E1D6 /* Resources */,
				AAC6B0F3283123C70032E1D6 /* Embed Watch Content */,
			);
			buildRules = (
			);
			dependencies = (
				AAC6B0D1283123C40032E1D6 /* PBXTargetDependency */,
			);
			name = WatchCord;
			packageProductDependencies = (
				AA408790283190CC009B638A /* SDWebImageSwiftUI */,
			);
			productName = MiniCord;
			productReference = AAC6B0C0283123C20032E1D6 /* WatchCord.app */;
			productType = "com.apple.product-type.application";
		};
		AAC6B0CD283123C40032E1D6 /* WatchCord WatchKit App */ = {
			isa = PBXNativeTarget;
			buildConfigurationList = AAC6B0F0283123C70032E1D6 /* Build configuration list for PBXNativeTarget "WatchCord WatchKit App" */;
			buildPhases = (
				AAC6B0CC283123C40032E1D6 /* Resources */,
				AAC6B0EF283123C70032E1D6 /* Embed App Extensions */,
			);
			buildRules = (
			);
			dependencies = (
				AAC6B0DC283123C60032E1D6 /* PBXTargetDependency */,
			);
			name = "WatchCord WatchKit App";
			productName = "MiniCord WatchKit App";
			productReference = AAC6B0CE283123C40032E1D6 /* WatchCord.app */;
			productType = "com.apple.product-type.application.watchapp2";
		};
		AAC6B0D8283123C60032E1D6 /* WatchCord WatchKit Extension */ = {
			isa = PBXNativeTarget;
			buildConfigurationList = AAC6B0EC283123C70032E1D6 /* Build configuration list for PBXNativeTarget "WatchCord WatchKit Extension" */;
			buildPhases = (
				AAC6B0D5283123C60032E1D6 /* Sources */,
				AAC6B0D6283123C60032E1D6 /* Frameworks */,
				AAC6B0D7283123C60032E1D6 /* Resources */,
			);
			buildRules = (
			);
			dependencies = (
			);
			name = "WatchCord WatchKit Extension";
			packageProductDependencies = (
				AA40879328319175009B638A /* SDWebImageSwiftUI */,
			);
			productName = "MiniCord WatchKit Extension";
			productReference = AAC6B0D9283123C60032E1D6 /* WatchCord WatchKit Extension.appex */;
			productType = "com.apple.product-type.watchkit2-extension";
		};
/* End PBXNativeTarget section */

/* Begin PBXProject section */
		AAC6B0B8283123C20032E1D6 /* Project object */ = {
			isa = PBXProject;
			attributes = {
				BuildIndependentTargetsInParallel = 1;
				LastSwiftUpdateCheck = 1330;
				LastUpgradeCheck = 1330;
				TargetAttributes = {
					AAC6B0BF283123C20032E1D6 = {
						CreatedOnToolsVersion = 13.3.1;
					};
					AAC6B0CD283123C40032E1D6 = {
						CreatedOnToolsVersion = 13.3.1;
					};
					AAC6B0D8283123C60032E1D6 = {
						CreatedOnToolsVersion = 13.3.1;
					};
				};
			};
			buildConfigurationList = AAC6B0BB283123C20032E1D6 /* Build configuration list for PBXProject "WatchCord" */;
			compatibilityVersion = "Xcode 13.0";
			developmentRegion = en;
			hasScannedForEncodings = 0;
			knownRegions = (
				en,
				Base,
			);
			mainGroup = AAC6B0B7283123C20032E1D6;
			packageReferences = (
				AA40878F283190CC009B638A /* XCRemoteSwiftPackageReference "SDWebImageSwiftUI" */,
			);
			productRefGroup = AAC6B0C1283123C20032E1D6 /* Products */;
			projectDirPath = "";
			projectRoot = "";
			targets = (
				AAC6B0BF283123C20032E1D6 /* WatchCord */,
				AAC6B0CD283123C40032E1D6 /* WatchCord WatchKit App */,
				AAC6B0D8283123C60032E1D6 /* WatchCord WatchKit Extension */,
			);
		};
/* End PBXProject section */

/* Begin PBXResourcesBuildPhase section */
		AAC6B0BE283123C20032E1D6 /* Resources */ = {
			isa = PBXResourcesBuildPhase;
			buildActionMask = 2147483647;
			files = (
				AAC6B0CB283123C40032E1D6 /* Preview Assets.xcassets in Resources */,
				AAC6B0C8283123C40032E1D6 /* Assets.xcassets in Resources */,
			);
			runOnlyForDeploymentPostprocessing = 0;
		};
		AAC6B0CC283123C40032E1D6 /* Resources */ = {
			isa = PBXResourcesBuildPhase;
			buildActionMask = 2147483647;
			files = (
				AAC6B0D4283123C50032E1D6 /* Assets.xcassets in Resources */,
			);
			runOnlyForDeploymentPostprocessing = 0;
		};
		AAC6B0D7283123C60032E1D6 /* Resources */ = {
			isa = PBXResourcesBuildPhase;
			buildActionMask = 2147483647;
			files = (
				AAC6B0E8283123C70032E1D6 /* Preview Assets.xcassets in Resources */,
				AAC6B0E5283123C70032E1D6 /* Assets.xcassets in Resources */,
			);
			runOnlyForDeploymentPostprocessing = 0;
		};
/* End PBXResourcesBuildPhase section */

/* Begin PBXSourcesBuildPhase section */
		AAC6B0BC283123C20032E1D6 /* Sources */ = {
			isa = PBXSourcesBuildPhase;
			buildActionMask = 2147483647;
			files = (
				AAC6B0C6283123C20032E1D6 /* ContentView.swift in Sources */,
				AAC6B0C4283123C20032E1D6 /* WatchCordApp.swift in Sources */,
			);
			runOnlyForDeploymentPostprocessing = 0;
		};
		AAC6B0D5283123C60032E1D6 /* Sources */ = {
			isa = PBXSourcesBuildPhase;
			buildActionMask = 2147483647;
			files = (
				AAFD293928351B5E003BEDEA /* Networking++.swift in Sources */,
				AAFD291B28351AAC003BEDEA /* Request.swift in Sources */,
				AAFD28E028343FBC003BEDEA /* Gateway+MessageHandle.swift in Sources */,
				AAFD290128344219003BEDEA /* SongLink.swift in Sources */,
				AAFD291928351AAC003BEDEA /* MentionProtocol.swift in Sources */,
				AAFD293628351B5E003BEDEA /* Keychain.swift in Sources */,
				AAFD290528344219003BEDEA /* Guild.swift in Sources */,
				AAFD28FF28344219003BEDEA /* LoginPayloads.swift in Sources */,
				AAFD293228351B5E003BEDEA /* Queues.swift in Sources */,
				AAFD293D28351B5E003BEDEA /* Print++.swift in Sources */,
				AAFD28E228343FBC003BEDEA /* GatewayEvent.swift in Sources */,
				AAFD290B28344219003BEDEA /* Emote.swift in Sources */,
				AAFD28E128343FBC003BEDEA /* Gateway.swift in Sources */,
				AAFD290328344219003BEDEA /* Attachment.swift in Sources */,
				AAFD28FE28344219003BEDEA /* Events.swift in Sources */,
				AAC6B0E1283123C60032E1D6 /* WatchCordApp.swift in Sources */,
				AAFD28E428343FBC003BEDEA /* Socket.swift in Sources */,
				AAFD290A28344219003BEDEA /* User.swift in Sources */,
				AAFD293328351B5E003BEDEA /* Github.swift in Sources */,
				AAFD2911283518B6003BEDEA /* Constants.swift in Sources */,
				AAFD290828344219003BEDEA /* Channel.swift in Sources */,
				AAFD293F28351B5E003BEDEA /* SwiftUI++.swift in Sources */,
				AAFD290928344219003BEDEA /* Permissions.swift in Sources */,
				AAFD290D28344219003BEDEA /* Settings.swift in Sources */,
				AAFD290228344219003BEDEA /* Embed.swift in Sources */,
				AAFD294028351B5E003BEDEA /* Operators++.swift in Sources */,
				AAFD28E328343FBC003BEDEA /* ZStream.swift in Sources */,
				AAFD2943283541ED003BEDEA /* AppExtension.swift in Sources */,
				AA40878C28318B24009B638A /* SampleDataProvision.swift in Sources */,
				AAFD290F28344219003BEDEA /* ReadState.swift in Sources */,
				AAFD290C28344219003BEDEA /* Reaction.swift in Sources */,
				AAFD293B28351B5E003BEDEA /* NSColor++.swift in Sources */,
				AAFD290628344219003BEDEA /* Message.swift in Sources */,
				AA40878E28318EA1009B638A /* ChatView.swift in Sources */,
				AAFD28DD28343FBC003BEDEA /* RegisterImages.swift in Sources */,
				AAFD28E528343FBC003BEDEA /* Gateway+VoiceState.swift in Sources */,
				AAFD28FD28344219003BEDEA /* MemberList.swift in Sources */,
				AAFD294128351B5E003BEDEA /* Keypath++.swift in Sources */,
				AAFD28DF28343FBC003BEDEA /* Images.swift in Sources */,
				AAC6B0DF283123C60032E1D6 /* SidebarView.swift in Sources */,
				AAFD290428344219003BEDEA /* Roles.swift in Sources */,
				AAFD293C28351B5E003BEDEA /* Collection++.swift in Sources */,
				AAFD290E28344219003BEDEA /* Status.swift in Sources */,
				AAFD293828351B5E003BEDEA /* String++.swift in Sources */,
				AAFD293E28351B5E003BEDEA /* Combine++.swift in Sources */,
				AAFD290728344219003BEDEA /* Sticker.swift in Sources */,
				AAFD293A28351B5E003BEDEA /* Extensions.swift in Sources */,
				AAFD293728351B5E003BEDEA /* Regex.swift in Sources */,
				AAC6B0E3283123C60032E1D6 /* ComplicationController.swift in Sources */,
				AAFD290028344219003BEDEA /* GatewayStructure.swift in Sources */,
				AAFD291C28351AAC003BEDEA /* Core.swift in Sources */,
			);
			runOnlyForDeploymentPostprocessing = 0;
		};
/* End PBXSourcesBuildPhase section */

/* Begin PBXTargetDependency section */
		AAC6B0D1283123C40032E1D6 /* PBXTargetDependency */ = {
			isa = PBXTargetDependency;
			target = AAC6B0CD283123C40032E1D6 /* WatchCord WatchKit App */;
			targetProxy = AAC6B0D0283123C40032E1D6 /* PBXContainerItemProxy */;
		};
		AAC6B0DC283123C60032E1D6 /* PBXTargetDependency */ = {
			isa = PBXTargetDependency;
			target = AAC6B0D8283123C60032E1D6 /* WatchCord WatchKit Extension */;
			targetProxy = AAC6B0DB283123C60032E1D6 /* PBXContainerItemProxy */;
		};
/* End PBXTargetDependency section */

/* Begin XCBuildConfiguration section */
		AAC6B0EA283123C70032E1D6 /* Debug */ = {
			isa = XCBuildConfiguration;
			buildSettings = {
				ALWAYS_SEARCH_USER_PATHS = NO;
				CLANG_ANALYZER_NONNULL = YES;
				CLANG_ANALYZER_NUMBER_OBJECT_CONVERSION = YES_AGGRESSIVE;
				CLANG_CXX_LANGUAGE_STANDARD = "gnu++17";
				CLANG_ENABLE_MODULES = YES;
				CLANG_ENABLE_OBJC_ARC = YES;
				CLANG_ENABLE_OBJC_WEAK = YES;
				CLANG_WARN_BLOCK_CAPTURE_AUTORELEASING = YES;
				CLANG_WARN_BOOL_CONVERSION = YES;
				CLANG_WARN_COMMA = YES;
				CLANG_WARN_CONSTANT_CONVERSION = YES;
				CLANG_WARN_DEPRECATED_OBJC_IMPLEMENTATIONS = YES;
				CLANG_WARN_DIRECT_OBJC_ISA_USAGE = YES_ERROR;
				CLANG_WARN_DOCUMENTATION_COMMENTS = YES;
				CLANG_WARN_EMPTY_BODY = YES;
				CLANG_WARN_ENUM_CONVERSION = YES;
				CLANG_WARN_INFINITE_RECURSION = YES;
				CLANG_WARN_INT_CONVERSION = YES;
				CLANG_WARN_NON_LITERAL_NULL_CONVERSION = YES;
				CLANG_WARN_OBJC_IMPLICIT_RETAIN_SELF = YES;
				CLANG_WARN_OBJC_LITERAL_CONVERSION = YES;
				CLANG_WARN_OBJC_ROOT_CLASS = YES_ERROR;
				CLANG_WARN_QUOTED_INCLUDE_IN_FRAMEWORK_HEADER = YES;
				CLANG_WARN_RANGE_LOOP_ANALYSIS = YES;
				CLANG_WARN_STRICT_PROTOTYPES = YES;
				CLANG_WARN_SUSPICIOUS_MOVE = YES;
				CLANG_WARN_UNGUARDED_AVAILABILITY = YES_AGGRESSIVE;
				CLANG_WARN_UNREACHABLE_CODE = YES;
				CLANG_WARN__DUPLICATE_METHOD_MATCH = YES;
				COPY_PHASE_STRIP = NO;
				DEBUG_INFORMATION_FORMAT = dwarf;
				ENABLE_STRICT_OBJC_MSGSEND = YES;
				ENABLE_TESTABILITY = YES;
				GCC_C_LANGUAGE_STANDARD = gnu11;
				GCC_DYNAMIC_NO_PIC = NO;
				GCC_NO_COMMON_BLOCKS = YES;
				GCC_OPTIMIZATION_LEVEL = 0;
				GCC_PREPROCESSOR_DEFINITIONS = (
					"DEBUG=1",
					"$(inherited)",
				);
				GCC_WARN_64_TO_32_BIT_CONVERSION = YES;
				GCC_WARN_ABOUT_RETURN_TYPE = YES_ERROR;
				GCC_WARN_UNDECLARED_SELECTOR = YES;
				GCC_WARN_UNINITIALIZED_AUTOS = YES_AGGRESSIVE;
				GCC_WARN_UNUSED_FUNCTION = YES;
				GCC_WARN_UNUSED_VARIABLE = YES;
				MTL_ENABLE_DEBUG_INFO = INCLUDE_SOURCE;
				MTL_FAST_MATH = YES;
				ONLY_ACTIVE_ARCH = YES;
				SWIFT_ACTIVE_COMPILATION_CONDITIONS = DEBUG;
				SWIFT_OPTIMIZATION_LEVEL = "-Onone";
			};
			name = Debug;
		};
		AAC6B0EB283123C70032E1D6 /* Release */ = {
			isa = XCBuildConfiguration;
			buildSettings = {
				ALWAYS_SEARCH_USER_PATHS = NO;
				CLANG_ANALYZER_NONNULL = YES;
				CLANG_ANALYZER_NUMBER_OBJECT_CONVERSION = YES_AGGRESSIVE;
				CLANG_CXX_LANGUAGE_STANDARD = "gnu++17";
				CLANG_ENABLE_MODULES = YES;
				CLANG_ENABLE_OBJC_ARC = YES;
				CLANG_ENABLE_OBJC_WEAK = YES;
				CLANG_WARN_BLOCK_CAPTURE_AUTORELEASING = YES;
				CLANG_WARN_BOOL_CONVERSION = YES;
				CLANG_WARN_COMMA = YES;
				CLANG_WARN_CONSTANT_CONVERSION = YES;
				CLANG_WARN_DEPRECATED_OBJC_IMPLEMENTATIONS = YES;
				CLANG_WARN_DIRECT_OBJC_ISA_USAGE = YES_ERROR;
				CLANG_WARN_DOCUMENTATION_COMMENTS = YES;
				CLANG_WARN_EMPTY_BODY = YES;
				CLANG_WARN_ENUM_CONVERSION = YES;
				CLANG_WARN_INFINITE_RECURSION = YES;
				CLANG_WARN_INT_CONVERSION = YES;
				CLANG_WARN_NON_LITERAL_NULL_CONVERSION = YES;
				CLANG_WARN_OBJC_IMPLICIT_RETAIN_SELF = YES;
				CLANG_WARN_OBJC_LITERAL_CONVERSION = YES;
				CLANG_WARN_OBJC_ROOT_CLASS = YES_ERROR;
				CLANG_WARN_QUOTED_INCLUDE_IN_FRAMEWORK_HEADER = YES;
				CLANG_WARN_RANGE_LOOP_ANALYSIS = YES;
				CLANG_WARN_STRICT_PROTOTYPES = YES;
				CLANG_WARN_SUSPICIOUS_MOVE = YES;
				CLANG_WARN_UNGUARDED_AVAILABILITY = YES_AGGRESSIVE;
				CLANG_WARN_UNREACHABLE_CODE = YES;
				CLANG_WARN__DUPLICATE_METHOD_MATCH = YES;
				COPY_PHASE_STRIP = NO;
				DEBUG_INFORMATION_FORMAT = "dwarf-with-dsym";
				ENABLE_NS_ASSERTIONS = NO;
				ENABLE_STRICT_OBJC_MSGSEND = YES;
				GCC_C_LANGUAGE_STANDARD = gnu11;
				GCC_NO_COMMON_BLOCKS = YES;
				GCC_WARN_64_TO_32_BIT_CONVERSION = YES;
				GCC_WARN_ABOUT_RETURN_TYPE = YES_ERROR;
				GCC_WARN_UNDECLARED_SELECTOR = YES;
				GCC_WARN_UNINITIALIZED_AUTOS = YES_AGGRESSIVE;
				GCC_WARN_UNUSED_FUNCTION = YES;
				GCC_WARN_UNUSED_VARIABLE = YES;
				MTL_ENABLE_DEBUG_INFO = NO;
				MTL_FAST_MATH = YES;
				SWIFT_COMPILATION_MODE = wholemodule;
				SWIFT_OPTIMIZATION_LEVEL = "-O";
			};
			name = Release;
		};
		AAC6B0ED283123C70032E1D6 /* Debug */ = {
			isa = XCBuildConfiguration;
			buildSettings = {
				ASSETCATALOG_COMPILER_COMPLICATION_NAME = Complication;
				CODE_SIGN_STYLE = Automatic;
				CURRENT_PROJECT_VERSION = 1;
				DEVELOPMENT_ASSET_PATHS = "\"WatchCord WatchKit Extension/Preview Content\"";
				DEVELOPMENT_TEAM = 566RT33SA2;
				ENABLE_PREVIEWS = YES;
				GENERATE_INFOPLIST_FILE = YES;
				INFOPLIST_FILE = "WatchCord WatchKit Extension/Info.plist";
				INFOPLIST_KEY_CFBundleDisplayName = "WatchCord WatchKit Extension";
				INFOPLIST_KEY_CLKComplicationPrincipalClass = WatchCord_WatchKit_Extension.ComplicationController;
				INFOPLIST_KEY_NSHumanReadableCopyright = "";
				INFOPLIST_KEY_WKRunsIndependentlyOfCompanionApp = YES;
				LD_RUNPATH_SEARCH_PATHS = (
					"$(inherited)",
					"@executable_path/Frameworks",
					"@executable_path/../../Frameworks",
				);
				MARKETING_VERSION = 1.0;
				PRODUCT_BUNDLE_IDENTIFIER = com.llsc12.WatchCord.watchkitapp.watchkitextension;
				PRODUCT_NAME = "${TARGET_NAME}";
				SDKROOT = watchos;
				SKIP_INSTALL = YES;
				SWIFT_EMIT_LOC_STRINGS = YES;
				SWIFT_VERSION = 5.0;
				TARGETED_DEVICE_FAMILY = 4;
				WATCHOS_DEPLOYMENT_TARGET = 8.5;
			};
			name = Debug;
		};
		AAC6B0EE283123C70032E1D6 /* Release */ = {
			isa = XCBuildConfiguration;
			buildSettings = {
				ASSETCATALOG_COMPILER_COMPLICATION_NAME = Complication;
				CODE_SIGN_STYLE = Automatic;
				CURRENT_PROJECT_VERSION = 1;
				DEVELOPMENT_ASSET_PATHS = "\"WatchCord WatchKit Extension/Preview Content\"";
				DEVELOPMENT_TEAM = 566RT33SA2;
				ENABLE_PREVIEWS = YES;
				GENERATE_INFOPLIST_FILE = YES;
				INFOPLIST_FILE = "WatchCord WatchKit Extension/Info.plist";
				INFOPLIST_KEY_CFBundleDisplayName = "WatchCord WatchKit Extension";
				INFOPLIST_KEY_CLKComplicationPrincipalClass = WatchCord_WatchKit_Extension.ComplicationController;
				INFOPLIST_KEY_NSHumanReadableCopyright = "";
				INFOPLIST_KEY_WKRunsIndependentlyOfCompanionApp = YES;
				LD_RUNPATH_SEARCH_PATHS = (
					"$(inherited)",
					"@executable_path/Frameworks",
					"@executable_path/../../Frameworks",
				);
				MARKETING_VERSION = 1.0;
				PRODUCT_BUNDLE_IDENTIFIER = com.llsc12.WatchCord.watchkitapp.watchkitextension;
				PRODUCT_NAME = "${TARGET_NAME}";
				SDKROOT = watchos;
				SKIP_INSTALL = YES;
				SWIFT_EMIT_LOC_STRINGS = YES;
				SWIFT_VERSION = 5.0;
				TARGETED_DEVICE_FAMILY = 4;
				VALIDATE_PRODUCT = YES;
				WATCHOS_DEPLOYMENT_TARGET = 8.5;
			};
			name = Release;
		};
		AAC6B0F1283123C70032E1D6 /* Debug */ = {
			isa = XCBuildConfiguration;
			buildSettings = {
				ALWAYS_EMBED_SWIFT_STANDARD_LIBRARIES = YES;
				ASSETCATALOG_COMPILER_APPICON_NAME = AppIcon;
				ASSETCATALOG_COMPILER_GLOBAL_ACCENT_COLOR_NAME = AccentColor;
				CODE_SIGN_STYLE = Automatic;
				CURRENT_PROJECT_VERSION = 1;
				DEVELOPMENT_TEAM = 566RT33SA2;
				GENERATE_INFOPLIST_FILE = YES;
				IBSC_MODULE = WatchCord_WatchKit_Extension;
				INFOPLIST_KEY_UISupportedInterfaceOrientations = "UIInterfaceOrientationPortrait UIInterfaceOrientationPortraitUpsideDown";
				INFOPLIST_KEY_WKCompanionAppBundleIdentifier = com.llsc12.WatchCord;
				MARKETING_VERSION = 1.0;
				PRODUCT_BUNDLE_IDENTIFIER = com.llsc12.WatchCord.watchkitapp;
				PRODUCT_NAME = WatchCord;
				SDKROOT = watchos;
				SKIP_INSTALL = YES;
				SWIFT_EMIT_LOC_STRINGS = YES;
				SWIFT_VERSION = 5.0;
				TARGETED_DEVICE_FAMILY = 4;
				WATCHOS_DEPLOYMENT_TARGET = 8.5;
			};
			name = Debug;
		};
		AAC6B0F2283123C70032E1D6 /* Release */ = {
			isa = XCBuildConfiguration;
			buildSettings = {
				ALWAYS_EMBED_SWIFT_STANDARD_LIBRARIES = YES;
				ASSETCATALOG_COMPILER_APPICON_NAME = AppIcon;
				ASSETCATALOG_COMPILER_GLOBAL_ACCENT_COLOR_NAME = AccentColor;
				CODE_SIGN_STYLE = Automatic;
				CURRENT_PROJECT_VERSION = 1;
				DEVELOPMENT_TEAM = 566RT33SA2;
				GENERATE_INFOPLIST_FILE = YES;
				IBSC_MODULE = WatchCord_WatchKit_Extension;
				INFOPLIST_KEY_UISupportedInterfaceOrientations = "UIInterfaceOrientationPortrait UIInterfaceOrientationPortraitUpsideDown";
				INFOPLIST_KEY_WKCompanionAppBundleIdentifier = com.llsc12.WatchCord;
				MARKETING_VERSION = 1.0;
				PRODUCT_BUNDLE_IDENTIFIER = com.llsc12.WatchCord.watchkitapp;
				PRODUCT_NAME = WatchCord;
				SDKROOT = watchos;
				SKIP_INSTALL = YES;
				SWIFT_EMIT_LOC_STRINGS = YES;
				SWIFT_VERSION = 5.0;
				TARGETED_DEVICE_FAMILY = 4;
				VALIDATE_PRODUCT = YES;
				WATCHOS_DEPLOYMENT_TARGET = 8.5;
			};
			name = Release;
		};
		AAC6B0F5283123C70032E1D6 /* Debug */ = {
			isa = XCBuildConfiguration;
			buildSettings = {
				ASSETCATALOG_COMPILER_APPICON_NAME = AppIcon;
				ASSETCATALOG_COMPILER_GLOBAL_ACCENT_COLOR_NAME = AccentColor;
				CODE_SIGN_STYLE = Automatic;
				CURRENT_PROJECT_VERSION = 1;
				DEVELOPMENT_ASSET_PATHS = "\"WatchCord/Preview Content\"";
				DEVELOPMENT_TEAM = 566RT33SA2;
				ENABLE_PREVIEWS = YES;
				GENERATE_INFOPLIST_FILE = YES;
				INFOPLIST_KEY_UIApplicationSceneManifest_Generation = YES;
				INFOPLIST_KEY_UIApplicationSupportsIndirectInputEvents = YES;
				INFOPLIST_KEY_UILaunchScreen_Generation = YES;
				INFOPLIST_KEY_UISupportedInterfaceOrientations_iPad = "UIInterfaceOrientationPortrait UIInterfaceOrientationPortraitUpsideDown UIInterfaceOrientationLandscapeLeft UIInterfaceOrientationLandscapeRight";
				INFOPLIST_KEY_UISupportedInterfaceOrientations_iPhone = "UIInterfaceOrientationPortrait UIInterfaceOrientationLandscapeLeft UIInterfaceOrientationLandscapeRight";
				IPHONEOS_DEPLOYMENT_TARGET = 15.4;
				LD_RUNPATH_SEARCH_PATHS = (
					"$(inherited)",
					"@executable_path/Frameworks",
				);
				MARKETING_VERSION = 1.0;
				PRODUCT_BUNDLE_IDENTIFIER = com.llsc12.WatchCord;
				PRODUCT_NAME = "$(TARGET_NAME)";
				SDKROOT = iphoneos;
				SWIFT_EMIT_LOC_STRINGS = YES;
				SWIFT_VERSION = 5.0;
				TARGETED_DEVICE_FAMILY = 1;
			};
			name = Debug;
		};
		AAC6B0F6283123C70032E1D6 /* Release */ = {
			isa = XCBuildConfiguration;
			buildSettings = {
				ASSETCATALOG_COMPILER_APPICON_NAME = AppIcon;
				ASSETCATALOG_COMPILER_GLOBAL_ACCENT_COLOR_NAME = AccentColor;
				CODE_SIGN_STYLE = Automatic;
				CURRENT_PROJECT_VERSION = 1;
				DEVELOPMENT_ASSET_PATHS = "\"WatchCord/Preview Content\"";
				DEVELOPMENT_TEAM = 566RT33SA2;
				ENABLE_PREVIEWS = YES;
				GENERATE_INFOPLIST_FILE = YES;
				INFOPLIST_KEY_UIApplicationSceneManifest_Generation = YES;
				INFOPLIST_KEY_UIApplicationSupportsIndirectInputEvents = YES;
				INFOPLIST_KEY_UILaunchScreen_Generation = YES;
				INFOPLIST_KEY_UISupportedInterfaceOrientations_iPad = "UIInterfaceOrientationPortrait UIInterfaceOrientationPortraitUpsideDown UIInterfaceOrientationLandscapeLeft UIInterfaceOrientationLandscapeRight";
				INFOPLIST_KEY_UISupportedInterfaceOrientations_iPhone = "UIInterfaceOrientationPortrait UIInterfaceOrientationLandscapeLeft UIInterfaceOrientationLandscapeRight";
				IPHONEOS_DEPLOYMENT_TARGET = 15.4;
				LD_RUNPATH_SEARCH_PATHS = (
					"$(inherited)",
					"@executable_path/Frameworks",
				);
				MARKETING_VERSION = 1.0;
				PRODUCT_BUNDLE_IDENTIFIER = com.llsc12.WatchCord;
				PRODUCT_NAME = "$(TARGET_NAME)";
				SDKROOT = iphoneos;
				SWIFT_EMIT_LOC_STRINGS = YES;
				SWIFT_VERSION = 5.0;
				TARGETED_DEVICE_FAMILY = 1;
				VALIDATE_PRODUCT = YES;
			};
			name = Release;
		};
/* End XCBuildConfiguration section */

/* Begin XCConfigurationList section */
		AAC6B0BB283123C20032E1D6 /* Build configuration list for PBXProject "WatchCord" */ = {
			isa = XCConfigurationList;
			buildConfigurations = (
				AAC6B0EA283123C70032E1D6 /* Debug */,
				AAC6B0EB283123C70032E1D6 /* Release */,
			);
			defaultConfigurationIsVisible = 0;
			defaultConfigurationName = Release;
		};
		AAC6B0EC283123C70032E1D6 /* Build configuration list for PBXNativeTarget "WatchCord WatchKit Extension" */ = {
			isa = XCConfigurationList;
			buildConfigurations = (
				AAC6B0ED283123C70032E1D6 /* Debug */,
				AAC6B0EE283123C70032E1D6 /* Release */,
			);
			defaultConfigurationIsVisible = 0;
			defaultConfigurationName = Release;
		};
		AAC6B0F0283123C70032E1D6 /* Build configuration list for PBXNativeTarget "WatchCord WatchKit App" */ = {
			isa = XCConfigurationList;
			buildConfigurations = (
				AAC6B0F1283123C70032E1D6 /* Debug */,
				AAC6B0F2283123C70032E1D6 /* Release */,
			);
			defaultConfigurationIsVisible = 0;
			defaultConfigurationName = Release;
		};
		AAC6B0F4283123C70032E1D6 /* Build configuration list for PBXNativeTarget "WatchCord" */ = {
			isa = XCConfigurationList;
			buildConfigurations = (
				AAC6B0F5283123C70032E1D6 /* Debug */,
				AAC6B0F6283123C70032E1D6 /* Release */,
			);
			defaultConfigurationIsVisible = 0;
			defaultConfigurationName = Release;
		};
/* End XCConfigurationList section */

/* Begin XCRemoteSwiftPackageReference section */
		AA40878F283190CC009B638A /* XCRemoteSwiftPackageReference "SDWebImageSwiftUI" */ = {
			isa = XCRemoteSwiftPackageReference;
			repositoryURL = "https://github.com/SDWebImage/SDWebImageSwiftUI";
			requirement = {
				kind = upToNextMajorVersion;
				minimumVersion = 2.0.0;
			};
		};
/* End XCRemoteSwiftPackageReference section */

/* Begin XCSwiftPackageProductDependency section */
		AA408790283190CC009B638A /* SDWebImageSwiftUI */ = {
			isa = XCSwiftPackageProductDependency;
			package = AA40878F283190CC009B638A /* XCRemoteSwiftPackageReference "SDWebImageSwiftUI" */;
			productName = SDWebImageSwiftUI;
		};
		AA40879328319175009B638A /* SDWebImageSwiftUI */ = {
			isa = XCSwiftPackageProductDependency;
			package = AA40878F283190CC009B638A /* XCRemoteSwiftPackageReference "SDWebImageSwiftUI" */;
			productName = SDWebImageSwiftUI;
		};
/* End XCSwiftPackageProductDependency section */
	};
	rootObject = AAC6B0B8283123C20032E1D6 /* Project object */;
}
