// !$*UTF8*$!
{
	archiveVersion = 1;
	classes = {
	};
	objectVersion = 55;
	objects = {

/* Begin PBXBuildFile section */
		AA40878C28318B24009B638A /* SampleDataProvision.swift in Sources */ = {isa = PBXBuildFile; fileRef = AA40878B28318B24009B638A /* SampleDataProvision.swift */; };
		AA40878E28318EA1009B638A /* ChatView.swift in Sources */ = {isa = PBXBuildFile; fileRef = AA40878D28318EA1009B638A /* ChatView.swift */; };
		AA408791283190CC009B638A /* SDWebImageSwiftUI in Frameworks */ = {isa = PBXBuildFile; productRef = AA408790283190CC009B638A /* SDWebImageSwiftUI */; };
		AA40879428319175009B638A /* SDWebImageSwiftUI in Frameworks */ = {isa = PBXBuildFile; productRef = AA40879328319175009B638A /* SDWebImageSwiftUI */; };
		AA91114F28382E6600F87400 /* Constants.swift in Sources */ = {isa = PBXBuildFile; fileRef = AA91111028382E6600F87400 /* Constants.swift */; };
		AA91115028382E6600F87400 /* Queues.swift in Sources */ = {isa = PBXBuildFile; fileRef = AA91111228382E6600F87400 /* Queues.swift */; };
		AA91115128382E6600F87400 /* AppExtension.swift in Sources */ = {isa = PBXBuildFile; fileRef = AA91111328382E6600F87400 /* AppExtension.swift */; };
		AA91115228382E6600F87400 /* Github.swift in Sources */ = {isa = PBXBuildFile; fileRef = AA91111528382E6600F87400 /* Github.swift */; };
		AA91115328382E6600F87400 /* Keychain.swift in Sources */ = {isa = PBXBuildFile; fileRef = AA91111628382E6600F87400 /* Keychain.swift */; };
		AA91115428382E6600F87400 /* Regex.swift in Sources */ = {isa = PBXBuildFile; fileRef = AA91111728382E6600F87400 /* Regex.swift */; };
		AA91115528382E6600F87400 /* String++.swift in Sources */ = {isa = PBXBuildFile; fileRef = AA91111928382E6600F87400 /* String++.swift */; };
		AA91115628382E6600F87400 /* Networking++.swift in Sources */ = {isa = PBXBuildFile; fileRef = AA91111A28382E6600F87400 /* Networking++.swift */; };
		AA91115728382E6600F87400 /* Extensions.swift in Sources */ = {isa = PBXBuildFile; fileRef = AA91111B28382E6600F87400 /* Extensions.swift */; };
		AA91115828382E6600F87400 /* NSColor++.swift in Sources */ = {isa = PBXBuildFile; fileRef = AA91111C28382E6600F87400 /* NSColor++.swift */; };
		AA91115928382E6600F87400 /* Collection++.swift in Sources */ = {isa = PBXBuildFile; fileRef = AA91111D28382E6600F87400 /* Collection++.swift */; };
		AA91115A28382E6600F87400 /* Print++.swift in Sources */ = {isa = PBXBuildFile; fileRef = AA91111E28382E6600F87400 /* Print++.swift */; };
		AA91115B28382E6600F87400 /* Combine++.swift in Sources */ = {isa = PBXBuildFile; fileRef = AA91111F28382E6600F87400 /* Combine++.swift */; };
		AA91115C28382E6600F87400 /* SwiftUI++.swift in Sources */ = {isa = PBXBuildFile; fileRef = AA91112028382E6600F87400 /* SwiftUI++.swift */; };
		AA91115D28382E6600F87400 /* Operators++.swift in Sources */ = {isa = PBXBuildFile; fileRef = AA91112128382E6600F87400 /* Operators++.swift */; };
		AA91115E28382E6600F87400 /* Keypath++.swift in Sources */ = {isa = PBXBuildFile; fileRef = AA91112228382E6600F87400 /* Keypath++.swift */; };
		AA91115F28382E6600F87400 /* SongLink.swift in Sources */ = {isa = PBXBuildFile; fileRef = AA91112528382E6600F87400 /* SongLink.swift */; };
		AA91116028382E6600F87400 /* MemberList.swift in Sources */ = {isa = PBXBuildFile; fileRef = AA91112728382E6600F87400 /* MemberList.swift */; };
		AA91116128382E6600F87400 /* Events.swift in Sources */ = {isa = PBXBuildFile; fileRef = AA91112828382E6600F87400 /* Events.swift */; };
		AA91116228382E6600F87400 /* LoginPayloads.swift in Sources */ = {isa = PBXBuildFile; fileRef = AA91112928382E6600F87400 /* LoginPayloads.swift */; };
		AA91116328382E6600F87400 /* GatewayStructure.swift in Sources */ = {isa = PBXBuildFile; fileRef = AA91112A28382E6600F87400 /* GatewayStructure.swift */; };
		AA91116428382E6600F87400 /* Embed.swift in Sources */ = {isa = PBXBuildFile; fileRef = AA91112C28382E6600F87400 /* Embed.swift */; };
		AA91116528382E6600F87400 /* Attachment.swift in Sources */ = {isa = PBXBuildFile; fileRef = AA91112D28382E6600F87400 /* Attachment.swift */; };
		AA91116628382E6600F87400 /* Roles.swift in Sources */ = {isa = PBXBuildFile; fileRef = AA91112E28382E6600F87400 /* Roles.swift */; };
		AA91116728382E6600F87400 /* Guild.swift in Sources */ = {isa = PBXBuildFile; fileRef = AA91112F28382E6600F87400 /* Guild.swift */; };
		AA91116828382E6600F87400 /* Message.swift in Sources */ = {isa = PBXBuildFile; fileRef = AA91113028382E6600F87400 /* Message.swift */; };
		AA91116928382E6600F87400 /* Sticker.swift in Sources */ = {isa = PBXBuildFile; fileRef = AA91113128382E6600F87400 /* Sticker.swift */; };
		AA91116A28382E6600F87400 /* Channel.swift in Sources */ = {isa = PBXBuildFile; fileRef = AA91113228382E6600F87400 /* Channel.swift */; };
		AA91116B28382E6600F87400 /* Permissions.swift in Sources */ = {isa = PBXBuildFile; fileRef = AA91113328382E6600F87400 /* Permissions.swift */; };
		AA91116C28382E6600F87400 /* User.swift in Sources */ = {isa = PBXBuildFile; fileRef = AA91113428382E6600F87400 /* User.swift */; };
		AA91116D28382E6600F87400 /* Emote.swift in Sources */ = {isa = PBXBuildFile; fileRef = AA91113528382E6600F87400 /* Emote.swift */; };
		AA91116E28382E6600F87400 /* Reaction.swift in Sources */ = {isa = PBXBuildFile; fileRef = AA91113628382E6600F87400 /* Reaction.swift */; };
		AA91116F28382E6600F87400 /* Settings.swift in Sources */ = {isa = PBXBuildFile; fileRef = AA91113728382E6600F87400 /* Settings.swift */; };
		AA91117028382E6600F87400 /* Status.swift in Sources */ = {isa = PBXBuildFile; fileRef = AA91113828382E6600F87400 /* Status.swift */; };
		AA91117128382E6600F87400 /* ReadState.swift in Sources */ = {isa = PBXBuildFile; fileRef = AA91113928382E6600F87400 /* ReadState.swift */; };
		AA91117228382E6600F87400 /* MentionProtocol.swift in Sources */ = {isa = PBXBuildFile; fileRef = AA91113D28382E6600F87400 /* MentionProtocol.swift */; };
		AA91117328382E6600F87400 /* Request.swift in Sources */ = {isa = PBXBuildFile; fileRef = AA91113E28382E6600F87400 /* Request.swift */; };
		AA91117428382E6600F87400 /* Core.swift in Sources */ = {isa = PBXBuildFile; fileRef = AA91113F28382E6600F87400 /* Core.swift */; };
		AA91117528382E6600F87400 /* Gateway+VoiceState.swift in Sources */ = {isa = PBXBuildFile; fileRef = AA91114128382E6600F87400 /* Gateway+VoiceState.swift */; };
		AA91117628382E6600F87400 /* Gateway+MessageHandle.swift in Sources */ = {isa = PBXBuildFile; fileRef = AA91114328382E6600F87400 /* Gateway+MessageHandle.swift */; };
		AA91117728382E6600F87400 /* Gateway.swift in Sources */ = {isa = PBXBuildFile; fileRef = AA91114428382E6600F87400 /* Gateway.swift */; };
		AA91117828382E6600F87400 /* GatewayEvent.swift in Sources */ = {isa = PBXBuildFile; fileRef = AA91114528382E6600F87400 /* GatewayEvent.swift */; };
		AA91117928382E6600F87400 /* ZStream.swift in Sources */ = {isa = PBXBuildFile; fileRef = AA91114628382E6600F87400 /* ZStream.swift */; };
		AA91117A28382E6600F87400 /* Socket.swift in Sources */ = {isa = PBXBuildFile; fileRef = AA91114728382E6600F87400 /* Socket.swift */; };
		AA91117B28382E6600F87400 /* RegisterImages.swift in Sources */ = {isa = PBXBuildFile; fileRef = AA91114928382E6600F87400 /* RegisterImages.swift */; };
		AA91117C28382E6600F87400 /* Images.swift in Sources */ = {isa = PBXBuildFile; fileRef = AA91114A28382E6600F87400 /* Images.swift */; };
		AA91117D28382E6600F87400 /* Storage.swift in Sources */ = {isa = PBXBuildFile; fileRef = AA91114C28382E6600F87400 /* Storage.swift */; };
		AA91117E28382E6600F87400 /* Engine.swift in Sources */ = {isa = PBXBuildFile; fileRef = AA91114D28382E6600F87400 /* Engine.swift */; };
		AA91117F28382E6600F87400 /* Models.swift in Sources */ = {isa = PBXBuildFile; fileRef = AA91114E28382E6600F87400 /* Models.swift */; };
		AA9111C028382F5F00F87400 /* Constants.swift in Sources */ = {isa = PBXBuildFile; fileRef = AA91118128382F5E00F87400 /* Constants.swift */; };
		AA9111C128382F5F00F87400 /* Queues.swift in Sources */ = {isa = PBXBuildFile; fileRef = AA91118328382F5E00F87400 /* Queues.swift */; };
		AA9111C228382F5F00F87400 /* AppExtension.swift in Sources */ = {isa = PBXBuildFile; fileRef = AA91118428382F5E00F87400 /* AppExtension.swift */; };
		AA9111C328382F5F00F87400 /* Github.swift in Sources */ = {isa = PBXBuildFile; fileRef = AA91118628382F5E00F87400 /* Github.swift */; };
		AA9111C428382F5F00F87400 /* Keychain.swift in Sources */ = {isa = PBXBuildFile; fileRef = AA91118728382F5E00F87400 /* Keychain.swift */; };
		AA9111C528382F5F00F87400 /* Regex.swift in Sources */ = {isa = PBXBuildFile; fileRef = AA91118828382F5E00F87400 /* Regex.swift */; };
		AA9111C628382F5F00F87400 /* String++.swift in Sources */ = {isa = PBXBuildFile; fileRef = AA91118A28382F5E00F87400 /* String++.swift */; };
		AA9111C728382F5F00F87400 /* Networking++.swift in Sources */ = {isa = PBXBuildFile; fileRef = AA91118B28382F5E00F87400 /* Networking++.swift */; };
		AA9111C828382F5F00F87400 /* Extensions.swift in Sources */ = {isa = PBXBuildFile; fileRef = AA91118C28382F5E00F87400 /* Extensions.swift */; };
		AA9111C928382F5F00F87400 /* NSColor++.swift in Sources */ = {isa = PBXBuildFile; fileRef = AA91118D28382F5E00F87400 /* NSColor++.swift */; };
		AA9111CA28382F5F00F87400 /* Collection++.swift in Sources */ = {isa = PBXBuildFile; fileRef = AA91118E28382F5E00F87400 /* Collection++.swift */; };
		AA9111CB28382F5F00F87400 /* Print++.swift in Sources */ = {isa = PBXBuildFile; fileRef = AA91118F28382F5E00F87400 /* Print++.swift */; };
		AA9111CC28382F5F00F87400 /* Combine++.swift in Sources */ = {isa = PBXBuildFile; fileRef = AA91119028382F5E00F87400 /* Combine++.swift */; };
		AA9111CD28382F5F00F87400 /* SwiftUI++.swift in Sources */ = {isa = PBXBuildFile; fileRef = AA91119128382F5E00F87400 /* SwiftUI++.swift */; };
		AA9111CE28382F5F00F87400 /* Operators++.swift in Sources */ = {isa = PBXBuildFile; fileRef = AA91119228382F5E00F87400 /* Operators++.swift */; };
		AA9111CF28382F5F00F87400 /* Keypath++.swift in Sources */ = {isa = PBXBuildFile; fileRef = AA91119328382F5E00F87400 /* Keypath++.swift */; };
		AA9111D028382F5F00F87400 /* SongLink.swift in Sources */ = {isa = PBXBuildFile; fileRef = AA91119628382F5E00F87400 /* SongLink.swift */; };
		AA9111D128382F5F00F87400 /* MemberList.swift in Sources */ = {isa = PBXBuildFile; fileRef = AA91119828382F5E00F87400 /* MemberList.swift */; };
		AA9111D228382F5F00F87400 /* Events.swift in Sources */ = {isa = PBXBuildFile; fileRef = AA91119928382F5E00F87400 /* Events.swift */; };
		AA9111D328382F5F00F87400 /* LoginPayloads.swift in Sources */ = {isa = PBXBuildFile; fileRef = AA91119A28382F5E00F87400 /* LoginPayloads.swift */; };
		AA9111D428382F5F00F87400 /* GatewayStructure.swift in Sources */ = {isa = PBXBuildFile; fileRef = AA91119B28382F5E00F87400 /* GatewayStructure.swift */; };
		AA9111D528382F5F00F87400 /* Embed.swift in Sources */ = {isa = PBXBuildFile; fileRef = AA91119D28382F5E00F87400 /* Embed.swift */; };
		AA9111D628382F5F00F87400 /* Attachment.swift in Sources */ = {isa = PBXBuildFile; fileRef = AA91119E28382F5E00F87400 /* Attachment.swift */; };
		AA9111D728382F5F00F87400 /* Roles.swift in Sources */ = {isa = PBXBuildFile; fileRef = AA91119F28382F5E00F87400 /* Roles.swift */; };
		AA9111D828382F5F00F87400 /* Guild.swift in Sources */ = {isa = PBXBuildFile; fileRef = AA9111A028382F5E00F87400 /* Guild.swift */; };
		AA9111D928382F5F00F87400 /* Message.swift in Sources */ = {isa = PBXBuildFile; fileRef = AA9111A128382F5E00F87400 /* Message.swift */; };
		AA9111DA28382F5F00F87400 /* Sticker.swift in Sources */ = {isa = PBXBuildFile; fileRef = AA9111A228382F5E00F87400 /* Sticker.swift */; };
		AA9111DB28382F5F00F87400 /* Channel.swift in Sources */ = {isa = PBXBuildFile; fileRef = AA9111A328382F5E00F87400 /* Channel.swift */; };
		AA9111DC28382F5F00F87400 /* Permissions.swift in Sources */ = {isa = PBXBuildFile; fileRef = AA9111A428382F5E00F87400 /* Permissions.swift */; };
		AA9111DD28382F5F00F87400 /* User.swift in Sources */ = {isa = PBXBuildFile; fileRef = AA9111A528382F5E00F87400 /* User.swift */; };
		AA9111DE28382F5F00F87400 /* Emote.swift in Sources */ = {isa = PBXBuildFile; fileRef = AA9111A628382F5E00F87400 /* Emote.swift */; };
		AA9111DF28382F5F00F87400 /* Reaction.swift in Sources */ = {isa = PBXBuildFile; fileRef = AA9111A728382F5E00F87400 /* Reaction.swift */; };
		AA9111E028382F5F00F87400 /* Settings.swift in Sources */ = {isa = PBXBuildFile; fileRef = AA9111A828382F5E00F87400 /* Settings.swift */; };
		AA9111E128382F5F00F87400 /* Status.swift in Sources */ = {isa = PBXBuildFile; fileRef = AA9111A928382F5E00F87400 /* Status.swift */; };
		AA9111E228382F5F00F87400 /* ReadState.swift in Sources */ = {isa = PBXBuildFile; fileRef = AA9111AA28382F5E00F87400 /* ReadState.swift */; };
		AA9111E328382F5F00F87400 /* MentionProtocol.swift in Sources */ = {isa = PBXBuildFile; fileRef = AA9111AE28382F5E00F87400 /* MentionProtocol.swift */; };
		AA9111E428382F5F00F87400 /* Request.swift in Sources */ = {isa = PBXBuildFile; fileRef = AA9111AF28382F5E00F87400 /* Request.swift */; };
		AA9111E528382F5F00F87400 /* Core.swift in Sources */ = {isa = PBXBuildFile; fileRef = AA9111B028382F5E00F87400 /* Core.swift */; };
		AA9111E628382F5F00F87400 /* Gateway+VoiceState.swift in Sources */ = {isa = PBXBuildFile; fileRef = AA9111B228382F5E00F87400 /* Gateway+VoiceState.swift */; };
		AA9111E728382F5F00F87400 /* Gateway+MessageHandle.swift in Sources */ = {isa = PBXBuildFile; fileRef = AA9111B428382F5F00F87400 /* Gateway+MessageHandle.swift */; };
		AA9111E828382F5F00F87400 /* Gateway.swift in Sources */ = {isa = PBXBuildFile; fileRef = AA9111B528382F5F00F87400 /* Gateway.swift */; };
		AA9111E928382F5F00F87400 /* GatewayEvent.swift in Sources */ = {isa = PBXBuildFile; fileRef = AA9111B628382F5F00F87400 /* GatewayEvent.swift */; };
		AA9111EA28382F5F00F87400 /* ZStream.swift in Sources */ = {isa = PBXBuildFile; fileRef = AA9111B728382F5F00F87400 /* ZStream.swift */; };
		AA9111EB28382F5F00F87400 /* Socket.swift in Sources */ = {isa = PBXBuildFile; fileRef = AA9111B828382F5F00F87400 /* Socket.swift */; };
		AA9111EC28382F5F00F87400 /* RegisterImages.swift in Sources */ = {isa = PBXBuildFile; fileRef = AA9111BA28382F5F00F87400 /* RegisterImages.swift */; };
		AA9111ED28382F5F00F87400 /* Images.swift in Sources */ = {isa = PBXBuildFile; fileRef = AA9111BB28382F5F00F87400 /* Images.swift */; };
		AA9111EE28382F5F00F87400 /* Storage.swift in Sources */ = {isa = PBXBuildFile; fileRef = AA9111BD28382F5F00F87400 /* Storage.swift */; };
		AA9111EF28382F5F00F87400 /* Engine.swift in Sources */ = {isa = PBXBuildFile; fileRef = AA9111BE28382F5F00F87400 /* Engine.swift */; };
		AA9111F028382F5F00F87400 /* Models.swift in Sources */ = {isa = PBXBuildFile; fileRef = AA9111BF28382F5F00F87400 /* Models.swift */; };
		AA9111F2283834C000F87400 /* LoadingView.swift in Sources */ = {isa = PBXBuildFile; fileRef = AA9111F1283834C000F87400 /* LoadingView.swift */; };
		AA9111F42838479600F87400 /* ContentView.swift in Sources */ = {isa = PBXBuildFile; fileRef = AA9111F32838479600F87400 /* ContentView.swift */; };
		AAC6B0C4283123C20032E1D6 /* WatchCordApp.swift in Sources */ = {isa = PBXBuildFile; fileRef = AAC6B0C3283123C20032E1D6 /* WatchCordApp.swift */; };
		AAC6B0C6283123C20032E1D6 /* ContentView.swift in Sources */ = {isa = PBXBuildFile; fileRef = AAC6B0C5283123C20032E1D6 /* ContentView.swift */; };
		AAC6B0C8283123C40032E1D6 /* Assets.xcassets in Resources */ = {isa = PBXBuildFile; fileRef = AAC6B0C7283123C40032E1D6 /* Assets.xcassets */; };
		AAC6B0CF283123C40032E1D6 /* WatchCord.app in Embed Watch Content */ = {isa = PBXBuildFile; fileRef = AAC6B0CE283123C40032E1D6 /* WatchCord.app */; settings = {ATTRIBUTES = (RemoveHeadersOnCopy, ); }; };
		AAC6B0D4283123C50032E1D6 /* Assets.xcassets in Resources */ = {isa = PBXBuildFile; fileRef = AAC6B0D3283123C50032E1D6 /* Assets.xcassets */; };
		AAC6B0DA283123C60032E1D6 /* WatchCord WatchKit Extension.appex in Embed App Extensions */ = {isa = PBXBuildFile; fileRef = AAC6B0D9283123C60032E1D6 /* WatchCord WatchKit Extension.appex */; settings = {ATTRIBUTES = (RemoveHeadersOnCopy, ); }; };
		AAC6B0DF283123C60032E1D6 /* SidebarView.swift in Sources */ = {isa = PBXBuildFile; fileRef = AAC6B0DE283123C60032E1D6 /* SidebarView.swift */; };
		AAC6B0E1283123C60032E1D6 /* WatchCordApp.swift in Sources */ = {isa = PBXBuildFile; fileRef = AAC6B0E0283123C60032E1D6 /* WatchCordApp.swift */; };
		AAC6B0E3283123C60032E1D6 /* ComplicationController.swift in Sources */ = {isa = PBXBuildFile; fileRef = AAC6B0E2283123C60032E1D6 /* ComplicationController.swift */; };
		AAC6B0E5283123C70032E1D6 /* Assets.xcassets in Resources */ = {isa = PBXBuildFile; fileRef = AAC6B0E4283123C70032E1D6 /* Assets.xcassets */; };
/* End PBXBuildFile section */

/* Begin PBXContainerItemProxy section */
		AAC6B0D0283123C40032E1D6 /* PBXContainerItemProxy */ = {
			isa = PBXContainerItemProxy;
			containerPortal = AAC6B0B8283123C20032E1D6 /* Project object */;
			proxyType = 1;
			remoteGlobalIDString = AAC6B0CD283123C40032E1D6;
			remoteInfo = "MiniCord WatchKit App";
		};
		AAC6B0DB283123C60032E1D6 /* PBXContainerItemProxy */ = {
			isa = PBXContainerItemProxy;
			containerPortal = AAC6B0B8283123C20032E1D6 /* Project object */;
			proxyType = 1;
			remoteGlobalIDString = AAC6B0D8283123C60032E1D6;
			remoteInfo = "MiniCord WatchKit Extension";
		};
/* End PBXContainerItemProxy section */

/* Begin PBXCopyFilesBuildPhase section */
		AAC6B0EF283123C70032E1D6 /* Embed App Extensions */ = {
			isa = PBXCopyFilesBuildPhase;
			buildActionMask = 2147483647;
			dstPath = "";
			dstSubfolderSpec = 13;
			files = (
				AAC6B0DA283123C60032E1D6 /* WatchCord WatchKit Extension.appex in Embed App Extensions */,
			);
			name = "Embed App Extensions";
			runOnlyForDeploymentPostprocessing = 0;
		};
		AAC6B0F3283123C70032E1D6 /* Embed Watch Content */ = {
			isa = PBXCopyFilesBuildPhase;
			buildActionMask = 2147483647;
			dstPath = "$(CONTENTS_FOLDER_PATH)/Watch";
			dstSubfolderSpec = 16;
			files = (
				AAC6B0CF283123C40032E1D6 /* WatchCord.app in Embed Watch Content */,
			);
			name = "Embed Watch Content";
			runOnlyForDeploymentPostprocessing = 0;
		};
/* End PBXCopyFilesBuildPhase section */

/* Begin PBXFileReference section */
		AA40878B28318B24009B638A /* SampleDataProvision.swift */ = {isa = PBXFileReference; lastKnownFileType = sourcecode.swift; path = SampleDataProvision.swift; sourceTree = "<group>"; };
		AA40878D28318EA1009B638A /* ChatView.swift */ = {isa = PBXFileReference; lastKnownFileType = sourcecode.swift; path = ChatView.swift; sourceTree = "<group>"; };
		AA91110B2838245000F87400 /* WatchCord.entitlements */ = {isa = PBXFileReference; lastKnownFileType = text.plist.entitlements; path = WatchCord.entitlements; sourceTree = "<group>"; };
		AA91110C283824D400F87400 /* WatchCord WatchKit Extension.entitlements */ = {isa = PBXFileReference; lastKnownFileType = text.plist.entitlements; path = "WatchCord WatchKit Extension.entitlements"; sourceTree = "<group>"; };
		AA91111028382E6600F87400 /* Constants.swift */ = {isa = PBXFileReference; fileEncoding = 4; lastKnownFileType = sourcecode.swift; path = Constants.swift; sourceTree = "<group>"; };
		AA91111228382E6600F87400 /* Queues.swift */ = {isa = PBXFileReference; fileEncoding = 4; lastKnownFileType = sourcecode.swift; path = Queues.swift; sourceTree = "<group>"; };
		AA91111328382E6600F87400 /* AppExtension.swift */ = {isa = PBXFileReference; fileEncoding = 4; lastKnownFileType = sourcecode.swift; path = AppExtension.swift; sourceTree = "<group>"; };
		AA91111528382E6600F87400 /* Github.swift */ = {isa = PBXFileReference; fileEncoding = 4; lastKnownFileType = sourcecode.swift; path = Github.swift; sourceTree = "<group>"; };
		AA91111628382E6600F87400 /* Keychain.swift */ = {isa = PBXFileReference; fileEncoding = 4; lastKnownFileType = sourcecode.swift; path = Keychain.swift; sourceTree = "<group>"; };
		AA91111728382E6600F87400 /* Regex.swift */ = {isa = PBXFileReference; fileEncoding = 4; lastKnownFileType = sourcecode.swift; path = Regex.swift; sourceTree = "<group>"; };
		AA91111928382E6600F87400 /* String++.swift */ = {isa = PBXFileReference; fileEncoding = 4; lastKnownFileType = sourcecode.swift; path = "String++.swift"; sourceTree = "<group>"; };
		AA91111A28382E6600F87400 /* Networking++.swift */ = {isa = PBXFileReference; fileEncoding = 4; lastKnownFileType = sourcecode.swift; path = "Networking++.swift"; sourceTree = "<group>"; };
		AA91111B28382E6600F87400 /* Extensions.swift */ = {isa = PBXFileReference; fileEncoding = 4; lastKnownFileType = sourcecode.swift; path = Extensions.swift; sourceTree = "<group>"; };
		AA91111C28382E6600F87400 /* NSColor++.swift */ = {isa = PBXFileReference; fileEncoding = 4; lastKnownFileType = sourcecode.swift; path = "NSColor++.swift"; sourceTree = "<group>"; };
		AA91111D28382E6600F87400 /* Collection++.swift */ = {isa = PBXFileReference; fileEncoding = 4; lastKnownFileType = sourcecode.swift; path = "Collection++.swift"; sourceTree = "<group>"; };
		AA91111E28382E6600F87400 /* Print++.swift */ = {isa = PBXFileReference; fileEncoding = 4; lastKnownFileType = sourcecode.swift; path = "Print++.swift"; sourceTree = "<group>"; };
		AA91111F28382E6600F87400 /* Combine++.swift */ = {isa = PBXFileReference; fileEncoding = 4; lastKnownFileType = sourcecode.swift; path = "Combine++.swift"; sourceTree = "<group>"; };
		AA91112028382E6600F87400 /* SwiftUI++.swift */ = {isa = PBXFileReference; fileEncoding = 4; lastKnownFileType = sourcecode.swift; path = "SwiftUI++.swift"; sourceTree = "<group>"; };
		AA91112128382E6600F87400 /* Operators++.swift */ = {isa = PBXFileReference; fileEncoding = 4; lastKnownFileType = sourcecode.swift; path = "Operators++.swift"; sourceTree = "<group>"; };
		AA91112228382E6600F87400 /* Keypath++.swift */ = {isa = PBXFileReference; fileEncoding = 4; lastKnownFileType = sourcecode.swift; path = "Keypath++.swift"; sourceTree = "<group>"; };
		AA91112528382E6600F87400 /* SongLink.swift */ = {isa = PBXFileReference; fileEncoding = 4; lastKnownFileType = sourcecode.swift; path = SongLink.swift; sourceTree = "<group>"; };
		AA91112728382E6600F87400 /* MemberList.swift */ = {isa = PBXFileReference; fileEncoding = 4; lastKnownFileType = sourcecode.swift; path = MemberList.swift; sourceTree = "<group>"; };
		AA91112828382E6600F87400 /* Events.swift */ = {isa = PBXFileReference; fileEncoding = 4; lastKnownFileType = sourcecode.swift; path = Events.swift; sourceTree = "<group>"; };
		AA91112928382E6600F87400 /* LoginPayloads.swift */ = {isa = PBXFileReference; fileEncoding = 4; lastKnownFileType = sourcecode.swift; path = LoginPayloads.swift; sourceTree = "<group>"; };
		AA91112A28382E6600F87400 /* GatewayStructure.swift */ = {isa = PBXFileReference; fileEncoding = 4; lastKnownFileType = sourcecode.swift; path = GatewayStructure.swift; sourceTree = "<group>"; };
		AA91112C28382E6600F87400 /* Embed.swift */ = {isa = PBXFileReference; fileEncoding = 4; lastKnownFileType = sourcecode.swift; path = Embed.swift; sourceTree = "<group>"; };
		AA91112D28382E6600F87400 /* Attachment.swift */ = {isa = PBXFileReference; fileEncoding = 4; lastKnownFileType = sourcecode.swift; path = Attachment.swift; sourceTree = "<group>"; };
		AA91112E28382E6600F87400 /* Roles.swift */ = {isa = PBXFileReference; fileEncoding = 4; lastKnownFileType = sourcecode.swift; path = Roles.swift; sourceTree = "<group>"; };
		AA91112F28382E6600F87400 /* Guild.swift */ = {isa = PBXFileReference; fileEncoding = 4; lastKnownFileType = sourcecode.swift; path = Guild.swift; sourceTree = "<group>"; };
		AA91113028382E6600F87400 /* Message.swift */ = {isa = PBXFileReference; fileEncoding = 4; lastKnownFileType = sourcecode.swift; path = Message.swift; sourceTree = "<group>"; };
		AA91113128382E6600F87400 /* Sticker.swift */ = {isa = PBXFileReference; fileEncoding = 4; lastKnownFileType = sourcecode.swift; path = Sticker.swift; sourceTree = "<group>"; };
		AA91113228382E6600F87400 /* Channel.swift */ = {isa = PBXFileReference; fileEncoding = 4; lastKnownFileType = sourcecode.swift; path = Channel.swift; sourceTree = "<group>"; };
		AA91113328382E6600F87400 /* Permissions.swift */ = {isa = PBXFileReference; fileEncoding = 4; lastKnownFileType = sourcecode.swift; path = Permissions.swift; sourceTree = "<group>"; };
		AA91113428382E6600F87400 /* User.swift */ = {isa = PBXFileReference; fileEncoding = 4; lastKnownFileType = sourcecode.swift; path = User.swift; sourceTree = "<group>"; };
		AA91113528382E6600F87400 /* Emote.swift */ = {isa = PBXFileReference; fileEncoding = 4; lastKnownFileType = sourcecode.swift; path = Emote.swift; sourceTree = "<group>"; };
		AA91113628382E6600F87400 /* Reaction.swift */ = {isa = PBXFileReference; fileEncoding = 4; lastKnownFileType = sourcecode.swift; path = Reaction.swift; sourceTree = "<group>"; };
		AA91113728382E6600F87400 /* Settings.swift */ = {isa = PBXFileReference; fileEncoding = 4; lastKnownFileType = sourcecode.swift; path = Settings.swift; sourceTree = "<group>"; };
		AA91113828382E6600F87400 /* Status.swift */ = {isa = PBXFileReference; fileEncoding = 4; lastKnownFileType = sourcecode.swift; path = Status.swift; sourceTree = "<group>"; };
		AA91113928382E6600F87400 /* ReadState.swift */ = {isa = PBXFileReference; fileEncoding = 4; lastKnownFileType = sourcecode.swift; path = ReadState.swift; sourceTree = "<group>"; };
		AA91113D28382E6600F87400 /* MentionProtocol.swift */ = {isa = PBXFileReference; fileEncoding = 4; lastKnownFileType = sourcecode.swift; path = MentionProtocol.swift; sourceTree = "<group>"; };
		AA91113E28382E6600F87400 /* Request.swift */ = {isa = PBXFileReference; fileEncoding = 4; lastKnownFileType = sourcecode.swift; path = Request.swift; sourceTree = "<group>"; };
		AA91113F28382E6600F87400 /* Core.swift */ = {isa = PBXFileReference; fileEncoding = 4; lastKnownFileType = sourcecode.swift; path = Core.swift; sourceTree = "<group>"; };
		AA91114128382E6600F87400 /* Gateway+VoiceState.swift */ = {isa = PBXFileReference; fileEncoding = 4; lastKnownFileType = sourcecode.swift; path = "Gateway+VoiceState.swift"; sourceTree = "<group>"; };
		AA91114328382E6600F87400 /* Gateway+MessageHandle.swift */ = {isa = PBXFileReference; fileEncoding = 4; lastKnownFileType = sourcecode.swift; path = "Gateway+MessageHandle.swift"; sourceTree = "<group>"; };
		AA91114428382E6600F87400 /* Gateway.swift */ = {isa = PBXFileReference; fileEncoding = 4; lastKnownFileType = sourcecode.swift; path = Gateway.swift; sourceTree = "<group>"; };
		AA91114528382E6600F87400 /* GatewayEvent.swift */ = {isa = PBXFileReference; fileEncoding = 4; lastKnownFileType = sourcecode.swift; path = GatewayEvent.swift; sourceTree = "<group>"; };
		AA91114628382E6600F87400 /* ZStream.swift */ = {isa = PBXFileReference; fileEncoding = 4; lastKnownFileType = sourcecode.swift; path = ZStream.swift; sourceTree = "<group>"; };
		AA91114728382E6600F87400 /* Socket.swift */ = {isa = PBXFileReference; fileEncoding = 4; lastKnownFileType = sourcecode.swift; path = Socket.swift; sourceTree = "<group>"; };
		AA91114928382E6600F87400 /* RegisterImages.swift */ = {isa = PBXFileReference; fileEncoding = 4; lastKnownFileType = sourcecode.swift; path = RegisterImages.swift; sourceTree = "<group>"; };
		AA91114A28382E6600F87400 /* Images.swift */ = {isa = PBXFileReference; fileEncoding = 4; lastKnownFileType = sourcecode.swift; path = Images.swift; sourceTree = "<group>"; };
		AA91114C28382E6600F87400 /* Storage.swift */ = {isa = PBXFileReference; fileEncoding = 4; lastKnownFileType = sourcecode.swift; path = Storage.swift; sourceTree = "<group>"; };
		AA91114D28382E6600F87400 /* Engine.swift */ = {isa = PBXFileReference; fileEncoding = 4; lastKnownFileType = sourcecode.swift; path = Engine.swift; sourceTree = "<group>"; };
		AA91114E28382E6600F87400 /* Models.swift */ = {isa = PBXFileReference; fileEncoding = 4; lastKnownFileType = sourcecode.swift; path = Models.swift; sourceTree = "<group>"; };
		AA91118128382F5E00F87400 /* Constants.swift */ = {isa = PBXFileReference; fileEncoding = 4; lastKnownFileType = sourcecode.swift; path = Constants.swift; sourceTree = "<group>"; };
		AA91118328382F5E00F87400 /* Queues.swift */ = {isa = PBXFileReference; fileEncoding = 4; lastKnownFileType = sourcecode.swift; path = Queues.swift; sourceTree = "<group>"; };
		AA91118428382F5E00F87400 /* AppExtension.swift */ = {isa = PBXFileReference; fileEncoding = 4; lastKnownFileType = sourcecode.swift; path = AppExtension.swift; sourceTree = "<group>"; };
		AA91118628382F5E00F87400 /* Github.swift */ = {isa = PBXFileReference; fileEncoding = 4; lastKnownFileType = sourcecode.swift; path = Github.swift; sourceTree = "<group>"; };
		AA91118728382F5E00F87400 /* Keychain.swift */ = {isa = PBXFileReference; fileEncoding = 4; lastKnownFileType = sourcecode.swift; path = Keychain.swift; sourceTree = "<group>"; };
		AA91118828382F5E00F87400 /* Regex.swift */ = {isa = PBXFileReference; fileEncoding = 4; lastKnownFileType = sourcecode.swift; path = Regex.swift; sourceTree = "<group>"; };
		AA91118A28382F5E00F87400 /* String++.swift */ = {isa = PBXFileReference; fileEncoding = 4; lastKnownFileType = sourcecode.swift; path = "String++.swift"; sourceTree = "<group>"; };
		AA91118B28382F5E00F87400 /* Networking++.swift */ = {isa = PBXFileReference; fileEncoding = 4; lastKnownFileType = sourcecode.swift; path = "Networking++.swift"; sourceTree = "<group>"; };
		AA91118C28382F5E00F87400 /* Extensions.swift */ = {isa = PBXFileReference; fileEncoding = 4; lastKnownFileType = sourcecode.swift; path = Extensions.swift; sourceTree = "<group>"; };
		AA91118D28382F5E00F87400 /* NSColor++.swift */ = {isa = PBXFileReference; fileEncoding = 4; lastKnownFileType = sourcecode.swift; path = "NSColor++.swift"; sourceTree = "<group>"; };
		AA91118E28382F5E00F87400 /* Collection++.swift */ = {isa = PBXFileReference; fileEncoding = 4; lastKnownFileType = sourcecode.swift; path = "Collection++.swift"; sourceTree = "<group>"; };
		AA91118F28382F5E00F87400 /* Print++.swift */ = {isa = PBXFileReference; fileEncoding = 4; lastKnownFileType = sourcecode.swift; path = "Print++.swift"; sourceTree = "<group>"; };
		AA91119028382F5E00F87400 /* Combine++.swift */ = {isa = PBXFileReference; fileEncoding = 4; lastKnownFileType = sourcecode.swift; path = "Combine++.swift"; sourceTree = "<group>"; };
		AA91119128382F5E00F87400 /* SwiftUI++.swift */ = {isa = PBXFileReference; fileEncoding = 4; lastKnownFileType = sourcecode.swift; path = "SwiftUI++.swift"; sourceTree = "<group>"; };
		AA91119228382F5E00F87400 /* Operators++.swift */ = {isa = PBXFileReference; fileEncoding = 4; lastKnownFileType = sourcecode.swift; path = "Operators++.swift"; sourceTree = "<group>"; };
		AA91119328382F5E00F87400 /* Keypath++.swift */ = {isa = PBXFileReference; fileEncoding = 4; lastKnownFileType = sourcecode.swift; path = "Keypath++.swift"; sourceTree = "<group>"; };
		AA91119628382F5E00F87400 /* SongLink.swift */ = {isa = PBXFileReference; fileEncoding = 4; lastKnownFileType = sourcecode.swift; path = SongLink.swift; sourceTree = "<group>"; };
		AA91119828382F5E00F87400 /* MemberList.swift */ = {isa = PBXFileReference; fileEncoding = 4; lastKnownFileType = sourcecode.swift; path = MemberList.swift; sourceTree = "<group>"; };
		AA91119928382F5E00F87400 /* Events.swift */ = {isa = PBXFileReference; fileEncoding = 4; lastKnownFileType = sourcecode.swift; path = Events.swift; sourceTree = "<group>"; };
		AA91119A28382F5E00F87400 /* LoginPayloads.swift */ = {isa = PBXFileReference; fileEncoding = 4; lastKnownFileType = sourcecode.swift; path = LoginPayloads.swift; sourceTree = "<group>"; };
		AA91119B28382F5E00F87400 /* GatewayStructure.swift */ = {isa = PBXFileReference; fileEncoding = 4; lastKnownFileType = sourcecode.swift; path = GatewayStructure.swift; sourceTree = "<group>"; };
		AA91119D28382F5E00F87400 /* Embed.swift */ = {isa = PBXFileReference; fileEncoding = 4; lastKnownFileType = sourcecode.swift; path = Embed.swift; sourceTree = "<group>"; };
		AA91119E28382F5E00F87400 /* Attachment.swift */ = {isa = PBXFileReference; fileEncoding = 4; lastKnownFileType = sourcecode.swift; path = Attachment.swift; sourceTree = "<group>"; };
		AA91119F28382F5E00F87400 /* Roles.swift */ = {isa = PBXFileReference; fileEncoding = 4; lastKnownFileType = sourcecode.swift; path = Roles.swift; sourceTree = "<group>"; };
		AA9111A028382F5E00F87400 /* Guild.swift */ = {isa = PBXFileReference; fileEncoding = 4; lastKnownFileType = sourcecode.swift; path = Guild.swift; sourceTree = "<group>"; };
		AA9111A128382F5E00F87400 /* Message.swift */ = {isa = PBXFileReference; fileEncoding = 4; lastKnownFileType = sourcecode.swift; path = Message.swift; sourceTree = "<group>"; };
		AA9111A228382F5E00F87400 /* Sticker.swift */ = {isa = PBXFileReference; fileEncoding = 4; lastKnownFileType = sourcecode.swift; path = Sticker.swift; sourceTree = "<group>"; };
		AA9111A328382F5E00F87400 /* Channel.swift */ = {isa = PBXFileReference; fileEncoding = 4; lastKnownFileType = sourcecode.swift; path = Channel.swift; sourceTree = "<group>"; };
		AA9111A428382F5E00F87400 /* Permissions.swift */ = {isa = PBXFileReference; fileEncoding = 4; lastKnownFileType = sourcecode.swift; path = Permissions.swift; sourceTree = "<group>"; };
		AA9111A528382F5E00F87400 /* User.swift */ = {isa = PBXFileReference; fileEncoding = 4; lastKnownFileType = sourcecode.swift; path = User.swift; sourceTree = "<group>"; };
		AA9111A628382F5E00F87400 /* Emote.swift */ = {isa = PBXFileReference; fileEncoding = 4; lastKnownFileType = sourcecode.swift; path = Emote.swift; sourceTree = "<group>"; };
		AA9111A728382F5E00F87400 /* Reaction.swift */ = {isa = PBXFileReference; fileEncoding = 4; lastKnownFileType = sourcecode.swift; path = Reaction.swift; sourceTree = "<group>"; };
		AA9111A828382F5E00F87400 /* Settings.swift */ = {isa = PBXFileReference; fileEncoding = 4; lastKnownFileType = sourcecode.swift; path = Settings.swift; sourceTree = "<group>"; };
		AA9111A928382F5E00F87400 /* Status.swift */ = {isa = PBXFileReference; fileEncoding = 4; lastKnownFileType = sourcecode.swift; path = Status.swift; sourceTree = "<group>"; };
		AA9111AA28382F5E00F87400 /* ReadState.swift */ = {isa = PBXFileReference; fileEncoding = 4; lastKnownFileType = sourcecode.swift; path = ReadState.swift; sourceTree = "<group>"; };
		AA9111AE28382F5E00F87400 /* MentionProtocol.swift */ = {isa = PBXFileReference; fileEncoding = 4; lastKnownFileType = sourcecode.swift; path = MentionProtocol.swift; sourceTree = "<group>"; };
		AA9111AF28382F5E00F87400 /* Request.swift */ = {isa = PBXFileReference; fileEncoding = 4; lastKnownFileType = sourcecode.swift; path = Request.swift; sourceTree = "<group>"; };
		AA9111B028382F5E00F87400 /* Core.swift */ = {isa = PBXFileReference; fileEncoding = 4; lastKnownFileType = sourcecode.swift; path = Core.swift; sourceTree = "<group>"; };
		AA9111B228382F5E00F87400 /* Gateway+VoiceState.swift */ = {isa = PBXFileReference; fileEncoding = 4; lastKnownFileType = sourcecode.swift; path = "Gateway+VoiceState.swift"; sourceTree = "<group>"; };
		AA9111B428382F5F00F87400 /* Gateway+MessageHandle.swift */ = {isa = PBXFileReference; fileEncoding = 4; lastKnownFileType = sourcecode.swift; path = "Gateway+MessageHandle.swift"; sourceTree = "<group>"; };
		AA9111B528382F5F00F87400 /* Gateway.swift */ = {isa = PBXFileReference; fileEncoding = 4; lastKnownFileType = sourcecode.swift; path = Gateway.swift; sourceTree = "<group>"; };
		AA9111B628382F5F00F87400 /* GatewayEvent.swift */ = {isa = PBXFileReference; fileEncoding = 4; lastKnownFileType = sourcecode.swift; path = GatewayEvent.swift; sourceTree = "<group>"; };
		AA9111B728382F5F00F87400 /* ZStream.swift */ = {isa = PBXFileReference; fileEncoding = 4; lastKnownFileType = sourcecode.swift; path = ZStream.swift; sourceTree = "<group>"; };
		AA9111B828382F5F00F87400 /* Socket.swift */ = {isa = PBXFileReference; fileEncoding = 4; lastKnownFileType = sourcecode.swift; path = Socket.swift; sourceTree = "<group>"; };
		AA9111BA28382F5F00F87400 /* RegisterImages.swift */ = {isa = PBXFileReference; fileEncoding = 4; lastKnownFileType = sourcecode.swift; path = RegisterImages.swift; sourceTree = "<group>"; };
		AA9111BB28382F5F00F87400 /* Images.swift */ = {isa = PBXFileReference; fileEncoding = 4; lastKnownFileType = sourcecode.swift; path = Images.swift; sourceTree = "<group>"; };
		AA9111BD28382F5F00F87400 /* Storage.swift */ = {isa = PBXFileReference; fileEncoding = 4; lastKnownFileType = sourcecode.swift; path = Storage.swift; sourceTree = "<group>"; };
		AA9111BE28382F5F00F87400 /* Engine.swift */ = {isa = PBXFileReference; fileEncoding = 4; lastKnownFileType = sourcecode.swift; path = Engine.swift; sourceTree = "<group>"; };
		AA9111BF28382F5F00F87400 /* Models.swift */ = {isa = PBXFileReference; fileEncoding = 4; lastKnownFileType = sourcecode.swift; path = Models.swift; sourceTree = "<group>"; };
		AA9111F1283834C000F87400 /* LoadingView.swift */ = {isa = PBXFileReference; lastKnownFileType = sourcecode.swift; path = LoadingView.swift; sourceTree = "<group>"; };
		AA9111F32838479600F87400 /* ContentView.swift */ = {isa = PBXFileReference; lastKnownFileType = sourcecode.swift; path = ContentView.swift; sourceTree = "<group>"; };
		AAC6B0C0283123C20032E1D6 /* WatchCord.app */ = {isa = PBXFileReference; explicitFileType = wrapper.application; includeInIndex = 0; path = WatchCord.app; sourceTree = BUILT_PRODUCTS_DIR; };
		AAC6B0C3283123C20032E1D6 /* WatchCordApp.swift */ = {isa = PBXFileReference; lastKnownFileType = sourcecode.swift; path = WatchCordApp.swift; sourceTree = "<group>"; };
		AAC6B0C5283123C20032E1D6 /* ContentView.swift */ = {isa = PBXFileReference; lastKnownFileType = sourcecode.swift; path = ContentView.swift; sourceTree = "<group>"; };
		AAC6B0C7283123C40032E1D6 /* Assets.xcassets */ = {isa = PBXFileReference; lastKnownFileType = folder.assetcatalog; path = Assets.xcassets; sourceTree = "<group>"; };
		AAC6B0CE283123C40032E1D6 /* WatchCord.app */ = {isa = PBXFileReference; explicitFileType = wrapper.application; includeInIndex = 0; path = WatchCord.app; sourceTree = BUILT_PRODUCTS_DIR; };
		AAC6B0D3283123C50032E1D6 /* Assets.xcassets */ = {isa = PBXFileReference; lastKnownFileType = folder.assetcatalog; path = Assets.xcassets; sourceTree = "<group>"; };
		AAC6B0D9283123C60032E1D6 /* WatchCord WatchKit Extension.appex */ = {isa = PBXFileReference; explicitFileType = "wrapper.app-extension"; includeInIndex = 0; path = "WatchCord WatchKit Extension.appex"; sourceTree = BUILT_PRODUCTS_DIR; };
		AAC6B0DE283123C60032E1D6 /* SidebarView.swift */ = {isa = PBXFileReference; lastKnownFileType = sourcecode.swift; path = SidebarView.swift; sourceTree = "<group>"; };
		AAC6B0E0283123C60032E1D6 /* WatchCordApp.swift */ = {isa = PBXFileReference; lastKnownFileType = sourcecode.swift; path = WatchCordApp.swift; sourceTree = "<group>"; };
		AAC6B0E2283123C60032E1D6 /* ComplicationController.swift */ = {isa = PBXFileReference; lastKnownFileType = sourcecode.swift; path = ComplicationController.swift; sourceTree = "<group>"; };
		AAC6B0E4283123C70032E1D6 /* Assets.xcassets */ = {isa = PBXFileReference; lastKnownFileType = folder.assetcatalog; path = Assets.xcassets; sourceTree = "<group>"; };
		AAC6B0E9283123C70032E1D6 /* Info.plist */ = {isa = PBXFileReference; lastKnownFileType = text.plist.xml; path = Info.plist; sourceTree = "<group>"; };
/* End PBXFileReference section */

/* Begin PBXFrameworksBuildPhase section */
		AAC6B0BD283123C20032E1D6 /* Frameworks */ = {
			isa = PBXFrameworksBuildPhase;
			buildActionMask = 2147483647;
			files = (
				AA408791283190CC009B638A /* SDWebImageSwiftUI in Frameworks */,
			);
			runOnlyForDeploymentPostprocessing = 0;
		};
		AAC6B0D6283123C60032E1D6 /* Frameworks */ = {
			isa = PBXFrameworksBuildPhase;
			buildActionMask = 2147483647;
			files = (
				AA40879428319175009B638A /* SDWebImageSwiftUI in Frameworks */,
			);
			runOnlyForDeploymentPostprocessing = 0;
		};
/* End PBXFrameworksBuildPhase section */

/* Begin PBXGroup section */
		AA40879228319175009B638A /* Frameworks */ = {
			isa = PBXGroup;
			children = (
			);
			name = Frameworks;
			sourceTree = "<group>";
		};
		AA91110D28382E3500F87400 /* Other */ = {
			isa = PBXGroup;
			children = (
				AAC6B0E2283123C60032E1D6 /* ComplicationController.swift */,
				AAC6B0E4283123C70032E1D6 /* Assets.xcassets */,
				AA40878B28318B24009B638A /* SampleDataProvision.swift */,
			);
			path = Other;
			sourceTree = "<group>";
		};
		AA91110E28382E4400F87400 /* Other */ = {
			isa = PBXGroup;
			children = (
				AA91110F28382E6600F87400 /* Utilities */,
				AAC6B0C7283123C40032E1D6 /* Assets.xcassets */,
			);
			path = Other;
			sourceTree = "<group>";
		};
		AA91110F28382E6600F87400 /* Utilities */ = {
			isa = PBXGroup;
			children = (
				AA91111028382E6600F87400 /* Constants.swift */,
				AA91111128382E6600F87400 /* Misc */,
				AA91112328382E6600F87400 /* Objects */,
				AA91113A28382E6600F87400 /* Backend */,
				AA91114B28382E6600F87400 /* Commands */,
			);
			path = Utilities;
			sourceTree = "<group>";
		};
		AA91111128382E6600F87400 /* Misc */ = {
			isa = PBXGroup;
			children = (
				AA91111228382E6600F87400 /* Queues.swift */,
				AA91111328382E6600F87400 /* AppExtension.swift */,
				AA91111428382E6600F87400 /* Shapes */,
				AA91111628382E6600F87400 /* Keychain.swift */,
				AA91111728382E6600F87400 /* Regex.swift */,
				AA91111828382E6600F87400 /* PlusPlus */,
			);
			path = Misc;
			sourceTree = "<group>";
		};
		AA91111428382E6600F87400 /* Shapes */ = {
			isa = PBXGroup;
			children = (
				AA91111528382E6600F87400 /* Github.swift */,
			);
			path = Shapes;
			sourceTree = "<group>";
		};
		AA91111828382E6600F87400 /* PlusPlus */ = {
			isa = PBXGroup;
			children = (
				AA91111928382E6600F87400 /* String++.swift */,
				AA91111A28382E6600F87400 /* Networking++.swift */,
				AA91111B28382E6600F87400 /* Extensions.swift */,
				AA91111C28382E6600F87400 /* NSColor++.swift */,
				AA91111D28382E6600F87400 /* Collection++.swift */,
				AA91111E28382E6600F87400 /* Print++.swift */,
				AA91111F28382E6600F87400 /* Combine++.swift */,
				AA91112028382E6600F87400 /* SwiftUI++.swift */,
				AA91112128382E6600F87400 /* Operators++.swift */,
				AA91112228382E6600F87400 /* Keypath++.swift */,
			);
			path = PlusPlus;
			sourceTree = "<group>";
		};
		AA91112328382E6600F87400 /* Objects */ = {
			isa = PBXGroup;
			children = (
				AA91112428382E6600F87400 /* Misc */,
				AA91112628382E6600F87400 /* GatewayPayloads */,
				AA91112B28382E6600F87400 /* DiscordTypes */,
			);
			path = Objects;
			sourceTree = "<group>";
		};
		AA91112428382E6600F87400 /* Misc */ = {
			isa = PBXGroup;
			children = (
				AA91112528382E6600F87400 /* SongLink.swift */,
			);
			path = Misc;
			sourceTree = "<group>";
		};
		AA91112628382E6600F87400 /* GatewayPayloads */ = {
			isa = PBXGroup;
			children = (
				AA91112728382E6600F87400 /* MemberList.swift */,
				AA91112828382E6600F87400 /* Events.swift */,
				AA91112928382E6600F87400 /* LoginPayloads.swift */,
				AA91112A28382E6600F87400 /* GatewayStructure.swift */,
			);
			path = GatewayPayloads;
			sourceTree = "<group>";
		};
		AA91112B28382E6600F87400 /* DiscordTypes */ = {
			isa = PBXGroup;
			children = (
				AA91112C28382E6600F87400 /* Embed.swift */,
				AA91112D28382E6600F87400 /* Attachment.swift */,
				AA91112E28382E6600F87400 /* Roles.swift */,
				AA91112F28382E6600F87400 /* Guild.swift */,
				AA91113028382E6600F87400 /* Message.swift */,
				AA91113128382E6600F87400 /* Sticker.swift */,
				AA91113228382E6600F87400 /* Channel.swift */,
				AA91113328382E6600F87400 /* Permissions.swift */,
				AA91113428382E6600F87400 /* User.swift */,
				AA91113528382E6600F87400 /* Emote.swift */,
				AA91113628382E6600F87400 /* Reaction.swift */,
				AA91113728382E6600F87400 /* Settings.swift */,
				AA91113828382E6600F87400 /* Status.swift */,
				AA91113928382E6600F87400 /* ReadState.swift */,
			);
			path = DiscordTypes;
			sourceTree = "<group>";
		};
		AA91113A28382E6600F87400 /* Backend */ = {
			isa = PBXGroup;
			children = (
				AA91113B28382E6600F87400 /* Markdown */,
				AA91113C28382E6600F87400 /* Networking */,
				AA91114028382E6600F87400 /* Voice */,
				AA91114228382E6600F87400 /* Gateway */,
				AA91114828382E6600F87400 /* Media */,
			);
			path = Backend;
			sourceTree = "<group>";
		};
		AA91113B28382E6600F87400 /* Markdown */ = {
			isa = PBXGroup;
			children = (
			);
			path = Markdown;
			sourceTree = "<group>";
		};
		AA91113C28382E6600F87400 /* Networking */ = {
			isa = PBXGroup;
			children = (
				AA91113D28382E6600F87400 /* MentionProtocol.swift */,
				AA91113E28382E6600F87400 /* Request.swift */,
				AA91113F28382E6600F87400 /* Core.swift */,
			);
			path = Networking;
			sourceTree = "<group>";
		};
		AA91114028382E6600F87400 /* Voice */ = {
			isa = PBXGroup;
			children = (
				AA91114128382E6600F87400 /* Gateway+VoiceState.swift */,
			);
			path = Voice;
			sourceTree = "<group>";
		};
		AA91114228382E6600F87400 /* Gateway */ = {
			isa = PBXGroup;
			children = (
				AA91114328382E6600F87400 /* Gateway+MessageHandle.swift */,
				AA91114428382E6600F87400 /* Gateway.swift */,
				AA91114528382E6600F87400 /* GatewayEvent.swift */,
				AA91114628382E6600F87400 /* ZStream.swift */,
				AA91114728382E6600F87400 /* Socket.swift */,
			);
			path = Gateway;
			sourceTree = "<group>";
		};
		AA91114828382E6600F87400 /* Media */ = {
			isa = PBXGroup;
			children = (
				AA91114928382E6600F87400 /* RegisterImages.swift */,
				AA91114A28382E6600F87400 /* Images.swift */,
			);
			path = Media;
			sourceTree = "<group>";
		};
		AA91114B28382E6600F87400 /* Commands */ = {
			isa = PBXGroup;
			children = (
				AA91114C28382E6600F87400 /* Storage.swift */,
				AA91114D28382E6600F87400 /* Engine.swift */,
				AA91114E28382E6600F87400 /* Models.swift */,
			);
			path = Commands;
			sourceTree = "<group>";
		};
		AA91118028382F5E00F87400 /* Utilities */ = {
			isa = PBXGroup;
			children = (
				AA91118128382F5E00F87400 /* Constants.swift */,
				AA91118228382F5E00F87400 /* Misc */,
				AA91119428382F5E00F87400 /* Objects */,
				AA9111AB28382F5E00F87400 /* Backend */,
				AA9111BC28382F5F00F87400 /* Commands */,
			);
			name = Utilities;
			path = WatchCord/Other/Utilities;
			sourceTree = SOURCE_ROOT;
		};
		AA91118228382F5E00F87400 /* Misc */ = {
			isa = PBXGroup;
			children = (
				AA91118328382F5E00F87400 /* Queues.swift */,
				AA91118428382F5E00F87400 /* AppExtension.swift */,
				AA91118528382F5E00F87400 /* Shapes */,
				AA91118728382F5E00F87400 /* Keychain.swift */,
				AA91118828382F5E00F87400 /* Regex.swift */,
				AA91118928382F5E00F87400 /* PlusPlus */,
			);
			path = Misc;
			sourceTree = "<group>";
		};
		AA91118528382F5E00F87400 /* Shapes */ = {
			isa = PBXGroup;
			children = (
				AA91118628382F5E00F87400 /* Github.swift */,
			);
			path = Shapes;
			sourceTree = "<group>";
		};
		AA91118928382F5E00F87400 /* PlusPlus */ = {
			isa = PBXGroup;
			children = (
				AA91118A28382F5E00F87400 /* String++.swift */,
				AA91118B28382F5E00F87400 /* Networking++.swift */,
				AA91118C28382F5E00F87400 /* Extensions.swift */,
				AA91118D28382F5E00F87400 /* NSColor++.swift */,
				AA91118E28382F5E00F87400 /* Collection++.swift */,
				AA91118F28382F5E00F87400 /* Print++.swift */,
				AA91119028382F5E00F87400 /* Combine++.swift */,
				AA91119128382F5E00F87400 /* SwiftUI++.swift */,
				AA91119228382F5E00F87400 /* Operators++.swift */,
				AA91119328382F5E00F87400 /* Keypath++.swift */,
			);
			path = PlusPlus;
			sourceTree = "<group>";
		};
		AA91119428382F5E00F87400 /* Objects */ = {
			isa = PBXGroup;
			children = (
				AA91119528382F5E00F87400 /* Misc */,
				AA91119728382F5E00F87400 /* GatewayPayloads */,
				AA91119C28382F5E00F87400 /* DiscordTypes */,
			);
			path = Objects;
			sourceTree = "<group>";
		};
		AA91119528382F5E00F87400 /* Misc */ = {
			isa = PBXGroup;
			children = (
				AA91119628382F5E00F87400 /* SongLink.swift */,
			);
			path = Misc;
			sourceTree = "<group>";
		};
		AA91119728382F5E00F87400 /* GatewayPayloads */ = {
			isa = PBXGroup;
			children = (
				AA91119828382F5E00F87400 /* MemberList.swift */,
				AA91119928382F5E00F87400 /* Events.swift */,
				AA91119A28382F5E00F87400 /* LoginPayloads.swift */,
				AA91119B28382F5E00F87400 /* GatewayStructure.swift */,
			);
			path = GatewayPayloads;
			sourceTree = "<group>";
		};
		AA91119C28382F5E00F87400 /* DiscordTypes */ = {
			isa = PBXGroup;
			children = (
				AA91119D28382F5E00F87400 /* Embed.swift */,
				AA91119E28382F5E00F87400 /* Attachment.swift */,
				AA91119F28382F5E00F87400 /* Roles.swift */,
				AA9111A028382F5E00F87400 /* Guild.swift */,
				AA9111A128382F5E00F87400 /* Message.swift */,
				AA9111A228382F5E00F87400 /* Sticker.swift */,
				AA9111A328382F5E00F87400 /* Channel.swift */,
				AA9111A428382F5E00F87400 /* Permissions.swift */,
				AA9111A528382F5E00F87400 /* User.swift */,
				AA9111A628382F5E00F87400 /* Emote.swift */,
				AA9111A728382F5E00F87400 /* Reaction.swift */,
				AA9111A828382F5E00F87400 /* Settings.swift */,
				AA9111A928382F5E00F87400 /* Status.swift */,
				AA9111AA28382F5E00F87400 /* ReadState.swift */,
			);
			path = DiscordTypes;
			sourceTree = "<group>";
		};
		AA9111AB28382F5E00F87400 /* Backend */ = {
			isa = PBXGroup;
			children = (
				AA9111AC28382F5E00F87400 /* Markdown */,
				AA9111AD28382F5E00F87400 /* Networking */,
				AA9111B128382F5E00F87400 /* Voice */,
				AA9111B328382F5E00F87400 /* Gateway */,
				AA9111B928382F5F00F87400 /* Media */,
			);
			path = Backend;
			sourceTree = "<group>";
		};
		AA9111AC28382F5E00F87400 /* Markdown */ = {
			isa = PBXGroup;
			children = (
			);
			path = Markdown;
			sourceTree = "<group>";
		};
		AA9111AD28382F5E00F87400 /* Networking */ = {
			isa = PBXGroup;
			children = (
				AA9111AE28382F5E00F87400 /* MentionProtocol.swift */,
				AA9111AF28382F5E00F87400 /* Request.swift */,
				AA9111B028382F5E00F87400 /* Core.swift */,
			);
			path = Networking;
			sourceTree = "<group>";
		};
		AA9111B128382F5E00F87400 /* Voice */ = {
			isa = PBXGroup;
			children = (
				AA9111B228382F5E00F87400 /* Gateway+VoiceState.swift */,
			);
			path = Voice;
			sourceTree = "<group>";
		};
		AA9111B328382F5E00F87400 /* Gateway */ = {
			isa = PBXGroup;
			children = (
				AA9111B428382F5F00F87400 /* Gateway+MessageHandle.swift */,
				AA9111B528382F5F00F87400 /* Gateway.swift */,
				AA9111B628382F5F00F87400 /* GatewayEvent.swift */,
				AA9111B728382F5F00F87400 /* ZStream.swift */,
				AA9111B828382F5F00F87400 /* Socket.swift */,
			);
			path = Gateway;
			sourceTree = "<group>";
		};
		AA9111B928382F5F00F87400 /* Media */ = {
			isa = PBXGroup;
			children = (
				AA9111BA28382F5F00F87400 /* RegisterImages.swift */,
				AA9111BB28382F5F00F87400 /* Images.swift */,
			);
			path = Media;
			sourceTree = "<group>";
		};
		AA9111BC28382F5F00F87400 /* Commands */ = {
			isa = PBXGroup;
			children = (
				AA9111BD28382F5F00F87400 /* Storage.swift */,
				AA9111BE28382F5F00F87400 /* Engine.swift */,
				AA9111BF28382F5F00F87400 /* Models.swift */,
			);
			path = Commands;
			sourceTree = "<group>";
		};
		AAC6B0B7283123C20032E1D6 = {
			isa = PBXGroup;
			children = (
				AAC6B0C2283123C20032E1D6 /* WatchCord */,
				AAC6B0D2283123C40032E1D6 /* WatchCord WatchKit App */,
				AAC6B0DD283123C60032E1D6 /* WatchCord WatchKit Extension */,
				AAC6B0C1283123C20032E1D6 /* Products */,
				AA40879228319175009B638A /* Frameworks */,
			);
			sourceTree = "<group>";
		};
		AAC6B0C1283123C20032E1D6 /* Products */ = {
			isa = PBXGroup;
			children = (
				AAC6B0C0283123C20032E1D6 /* WatchCord.app */,
				AAC6B0CE283123C40032E1D6 /* WatchCord.app */,
				AAC6B0D9283123C60032E1D6 /* WatchCord WatchKit Extension.appex */,
			);
			name = Products;
			sourceTree = "<group>";
		};
		AAC6B0C2283123C20032E1D6 /* WatchCord */ = {
			isa = PBXGroup;
			children = (
				AA91110B2838245000F87400 /* WatchCord.entitlements */,
				AAC6B0C3283123C20032E1D6 /* WatchCordApp.swift */,
				AAC6B0C5283123C20032E1D6 /* ContentView.swift */,
				AA91110E28382E4400F87400 /* Other */,
			);
			path = WatchCord;
			sourceTree = "<group>";
		};
		AAC6B0D2283123C40032E1D6 /* WatchCord WatchKit App */ = {
			isa = PBXGroup;
			children = (
				AAC6B0D3283123C50032E1D6 /* Assets.xcassets */,
			);
			path = "WatchCord WatchKit App";
			sourceTree = "<group>";
		};
		AAC6B0DD283123C60032E1D6 /* WatchCord WatchKit Extension */ = {
			isa = PBXGroup;
			children = (
				AA91110C283824D400F87400 /* WatchCord WatchKit Extension.entitlements */,
				AAC6B0E0283123C60032E1D6 /* WatchCordApp.swift */,
				AAC6B0F7283123E00032E1D6 /* Views */,
				AA91118028382F5E00F87400 /* Utilities */,
				AA91110D28382E3500F87400 /* Other */,
				AAC6B0E9283123C70032E1D6 /* Info.plist */,
			);
			path = "WatchCord WatchKit Extension";
			sourceTree = "<group>";
		};
		AAC6B0F7283123E00032E1D6 /* Views */ = {
			isa = PBXGroup;
			children = (
				AA9111F32838479600F87400 /* ContentView.swift */,
				AA9111F1283834C000F87400 /* LoadingView.swift */,
				AAC6B0DE283123C60032E1D6 /* SidebarView.swift */,
				AA40878D28318EA1009B638A /* ChatView.swift */,
			);
			path = Views;
			sourceTree = "<group>";
		};
/* End PBXGroup section */

/* Begin PBXNativeTarget section */
		AAC6B0BF283123C20032E1D6 /* WatchCord */ = {
			isa = PBXNativeTarget;
			buildConfigurationList = AAC6B0F4283123C70032E1D6 /* Build configuration list for PBXNativeTarget "WatchCord" */;
			buildPhases = (
				AAC6B0BC283123C20032E1D6 /* Sources */,
				AAC6B0BD283123C20032E1D6 /* Frameworks */,
				AAC6B0BE283123C20032E1D6 /* Resources */,
				AAC6B0F3283123C70032E1D6 /* Embed Watch Content */,
			);
			buildRules = (
			);
			dependencies = (
				AAC6B0D1283123C40032E1D6 /* PBXTargetDependency */,
			);
			name = WatchCord;
			packageProductDependencies = (
				AA408790283190CC009B638A /* SDWebImageSwiftUI */,
			);
			productName = MiniCord;
			productReference = AAC6B0C0283123C20032E1D6 /* WatchCord.app */;
			productType = "com.apple.product-type.application";
		};
		AAC6B0CD283123C40032E1D6 /* WatchCord WatchKit App */ = {
			isa = PBXNativeTarget;
			buildConfigurationList = AAC6B0F0283123C70032E1D6 /* Build configuration list for PBXNativeTarget "WatchCord WatchKit App" */;
			buildPhases = (
				AAC6B0CC283123C40032E1D6 /* Resources */,
				AAC6B0EF283123C70032E1D6 /* Embed App Extensions */,
			);
			buildRules = (
			);
			dependencies = (
				AAC6B0DC283123C60032E1D6 /* PBXTargetDependency */,
			);
			name = "WatchCord WatchKit App";
			productName = "MiniCord WatchKit App";
			productReference = AAC6B0CE283123C40032E1D6 /* WatchCord.app */;
			productType = "com.apple.product-type.application.watchapp2";
		};
		AAC6B0D8283123C60032E1D6 /* WatchCord WatchKit Extension */ = {
			isa = PBXNativeTarget;
			buildConfigurationList = AAC6B0EC283123C70032E1D6 /* Build configuration list for PBXNativeTarget "WatchCord WatchKit Extension" */;
			buildPhases = (
				AAC6B0D5283123C60032E1D6 /* Sources */,
				AAC6B0D6283123C60032E1D6 /* Frameworks */,
				AAC6B0D7283123C60032E1D6 /* Resources */,
			);
			buildRules = (
			);
			dependencies = (
			);
			name = "WatchCord WatchKit Extension";
			packageProductDependencies = (
				AA40879328319175009B638A /* SDWebImageSwiftUI */,
			);
			productName = "MiniCord WatchKit Extension";
			productReference = AAC6B0D9283123C60032E1D6 /* WatchCord WatchKit Extension.appex */;
			productType = "com.apple.product-type.watchkit2-extension";
		};
/* End PBXNativeTarget section */

/* Begin PBXProject section */
		AAC6B0B8283123C20032E1D6 /* Project object */ = {
			isa = PBXProject;
			attributes = {
				BuildIndependentTargetsInParallel = 1;
				LastSwiftUpdateCheck = 1330;
				LastUpgradeCheck = 1330;
				TargetAttributes = {
					AAC6B0BF283123C20032E1D6 = {
						CreatedOnToolsVersion = 13.3.1;
					};
					AAC6B0CD283123C40032E1D6 = {
						CreatedOnToolsVersion = 13.3.1;
					};
					AAC6B0D8283123C60032E1D6 = {
						CreatedOnToolsVersion = 13.3.1;
					};
				};
			};
			buildConfigurationList = AAC6B0BB283123C20032E1D6 /* Build configuration list for PBXProject "WatchCord" */;
			compatibilityVersion = "Xcode 13.0";
			developmentRegion = en;
			hasScannedForEncodings = 0;
			knownRegions = (
				en,
				Base,
			);
			mainGroup = AAC6B0B7283123C20032E1D6;
			packageReferences = (
				AA40878F283190CC009B638A /* XCRemoteSwiftPackageReference "SDWebImageSwiftUI" */,
			);
			productRefGroup = AAC6B0C1283123C20032E1D6 /* Products */;
			projectDirPath = "";
			projectRoot = "";
			targets = (
				AAC6B0BF283123C20032E1D6 /* WatchCord */,
				AAC6B0CD283123C40032E1D6 /* WatchCord WatchKit App */,
				AAC6B0D8283123C60032E1D6 /* WatchCord WatchKit Extension */,
			);
		};
/* End PBXProject section */

/* Begin PBXResourcesBuildPhase section */
		AAC6B0BE283123C20032E1D6 /* Resources */ = {
			isa = PBXResourcesBuildPhase;
			buildActionMask = 2147483647;
			files = (
				AAC6B0C8283123C40032E1D6 /* Assets.xcassets in Resources */,
			);
			runOnlyForDeploymentPostprocessing = 0;
		};
		AAC6B0CC283123C40032E1D6 /* Resources */ = {
			isa = PBXResourcesBuildPhase;
			buildActionMask = 2147483647;
			files = (
				AAC6B0D4283123C50032E1D6 /* Assets.xcassets in Resources */,
			);
			runOnlyForDeploymentPostprocessing = 0;
		};
		AAC6B0D7283123C60032E1D6 /* Resources */ = {
			isa = PBXResourcesBuildPhase;
			buildActionMask = 2147483647;
			files = (
				AAC6B0E5283123C70032E1D6 /* Assets.xcassets in Resources */,
			);
			runOnlyForDeploymentPostprocessing = 0;
		};
/* End PBXResourcesBuildPhase section */

/* Begin PBXSourcesBuildPhase section */
		AAC6B0BC283123C20032E1D6 /* Sources */ = {
			isa = PBXSourcesBuildPhase;
			buildActionMask = 2147483647;
			files = (
				AA91115828382E6600F87400 /* NSColor++.swift in Sources */,
				AA91117328382E6600F87400 /* Request.swift in Sources */,
				AA91116A28382E6600F87400 /* Channel.swift in Sources */,
				AA91115228382E6600F87400 /* Github.swift in Sources */,
				AA91116728382E6600F87400 /* Guild.swift in Sources */,
				AA91117128382E6600F87400 /* ReadState.swift in Sources */,
				AA91116F28382E6600F87400 /* Settings.swift in Sources */,
				AA91116C28382E6600F87400 /* User.swift in Sources */,
				AA91117528382E6600F87400 /* Gateway+VoiceState.swift in Sources */,
				AA91115428382E6600F87400 /* Regex.swift in Sources */,
				AA91116428382E6600F87400 /* Embed.swift in Sources */,
				AA91116528382E6600F87400 /* Attachment.swift in Sources */,
				AAC6B0C6283123C20032E1D6 /* ContentView.swift in Sources */,
				AA91117C28382E6600F87400 /* Images.swift in Sources */,
				AA91115528382E6600F87400 /* String++.swift in Sources */,
				AA91116628382E6600F87400 /* Roles.swift in Sources */,
				AA91115B28382E6600F87400 /* Combine++.swift in Sources */,
				AAC6B0C4283123C20032E1D6 /* WatchCordApp.swift in Sources */,
				AA91117F28382E6600F87400 /* Models.swift in Sources */,
				AA91117728382E6600F87400 /* Gateway.swift in Sources */,
				AA91115628382E6600F87400 /* Networking++.swift in Sources */,
				AA91117628382E6600F87400 /* Gateway+MessageHandle.swift in Sources */,
				AA91117928382E6600F87400 /* ZStream.swift in Sources */,
				AA91116228382E6600F87400 /* LoginPayloads.swift in Sources */,
				AA91116B28382E6600F87400 /* Permissions.swift in Sources */,
				AA91116828382E6600F87400 /* Message.swift in Sources */,
				AA91114F28382E6600F87400 /* Constants.swift in Sources */,
				AA91115128382E6600F87400 /* AppExtension.swift in Sources */,
				AA91117B28382E6600F87400 /* RegisterImages.swift in Sources */,
				AA91117828382E6600F87400 /* GatewayEvent.swift in Sources */,
				AA91115D28382E6600F87400 /* Operators++.swift in Sources */,
				AA91116E28382E6600F87400 /* Reaction.swift in Sources */,
				AA91116028382E6600F87400 /* MemberList.swift in Sources */,
				AA91117A28382E6600F87400 /* Socket.swift in Sources */,
				AA91117028382E6600F87400 /* Status.swift in Sources */,
				AA91115028382E6600F87400 /* Queues.swift in Sources */,
				AA91116928382E6600F87400 /* Sticker.swift in Sources */,
				AA91117D28382E6600F87400 /* Storage.swift in Sources */,
				AA91116328382E6600F87400 /* GatewayStructure.swift in Sources */,
				AA91117228382E6600F87400 /* MentionProtocol.swift in Sources */,
				AA91115E28382E6600F87400 /* Keypath++.swift in Sources */,
				AA91115C28382E6600F87400 /* SwiftUI++.swift in Sources */,
				AA91115F28382E6600F87400 /* SongLink.swift in Sources */,
				AA91115728382E6600F87400 /* Extensions.swift in Sources */,
				AA91115928382E6600F87400 /* Collection++.swift in Sources */,
				AA91116D28382E6600F87400 /* Emote.swift in Sources */,
				AA91116128382E6600F87400 /* Events.swift in Sources */,
				AA91115328382E6600F87400 /* Keychain.swift in Sources */,
				AA91117428382E6600F87400 /* Core.swift in Sources */,
				AA91115A28382E6600F87400 /* Print++.swift in Sources */,
				AA91117E28382E6600F87400 /* Engine.swift in Sources */,
			);
			runOnlyForDeploymentPostprocessing = 0;
		};
		AAC6B0D5283123C60032E1D6 /* Sources */ = {
			isa = PBXSourcesBuildPhase;
			buildActionMask = 2147483647;
			files = (
				AA9111CF28382F5F00F87400 /* Keypath++.swift in Sources */,
				AA9111C328382F5F00F87400 /* Github.swift in Sources */,
				AA9111F42838479600F87400 /* ContentView.swift in Sources */,
				AAC6B0E1283123C60032E1D6 /* WatchCordApp.swift in Sources */,
				AA9111F2283834C000F87400 /* LoadingView.swift in Sources */,
				AA40878C28318B24009B638A /* SampleDataProvision.swift in Sources */,
				AA40878E28318EA1009B638A /* ChatView.swift in Sources */,
				AA9111D828382F5F00F87400 /* Guild.swift in Sources */,
				AA9111D328382F5F00F87400 /* LoginPayloads.swift in Sources */,
				AA9111C228382F5F00F87400 /* AppExtension.swift in Sources */,
				AA9111EC28382F5F00F87400 /* RegisterImages.swift in Sources */,
				AA9111EB28382F5F00F87400 /* Socket.swift in Sources */,
				AA9111DE28382F5F00F87400 /* Emote.swift in Sources */,
				AA9111E728382F5F00F87400 /* Gateway+MessageHandle.swift in Sources */,
				AA9111CC28382F5F00F87400 /* Combine++.swift in Sources */,
				AA9111D628382F5F00F87400 /* Attachment.swift in Sources */,
				AA9111D128382F5F00F87400 /* MemberList.swift in Sources */,
				AAC6B0DF283123C60032E1D6 /* SidebarView.swift in Sources */,
				AA9111EF28382F5F00F87400 /* Engine.swift in Sources */,
				AA9111EA28382F5F00F87400 /* ZStream.swift in Sources */,
				AA9111C628382F5F00F87400 /* String++.swift in Sources */,
				AA9111DD28382F5F00F87400 /* User.swift in Sources */,
				AA9111DB28382F5F00F87400 /* Channel.swift in Sources */,
				AA9111DC28382F5F00F87400 /* Permissions.swift in Sources */,
				AAC6B0E3283123C60032E1D6 /* ComplicationController.swift in Sources */,
				AA9111E028382F5F00F87400 /* Settings.swift in Sources */,
				AA9111D528382F5F00F87400 /* Embed.swift in Sources */,
				AA9111D028382F5F00F87400 /* SongLink.swift in Sources */,
				AA9111EE28382F5F00F87400 /* Storage.swift in Sources */,
				AA9111E328382F5F00F87400 /* MentionProtocol.swift in Sources */,
				AA9111E928382F5F00F87400 /* GatewayEvent.swift in Sources */,
				AA9111D228382F5F00F87400 /* Events.swift in Sources */,
				AA9111C028382F5F00F87400 /* Constants.swift in Sources */,
				AA9111E228382F5F00F87400 /* ReadState.swift in Sources */,
				AA9111E428382F5F00F87400 /* Request.swift in Sources */,
				AA9111C128382F5F00F87400 /* Queues.swift in Sources */,
				AA9111DF28382F5F00F87400 /* Reaction.swift in Sources */,
				AA9111D428382F5F00F87400 /* GatewayStructure.swift in Sources */,
				AA9111E828382F5F00F87400 /* Gateway.swift in Sources */,
				AA9111D928382F5F00F87400 /* Message.swift in Sources */,
				AA9111CD28382F5F00F87400 /* SwiftUI++.swift in Sources */,
				AA9111ED28382F5F00F87400 /* Images.swift in Sources */,
				AA9111C428382F5F00F87400 /* Keychain.swift in Sources */,
				AA9111CE28382F5F00F87400 /* Operators++.swift in Sources */,
				AA9111CB28382F5F00F87400 /* Print++.swift in Sources */,
				AA9111C728382F5F00F87400 /* Networking++.swift in Sources */,
				AA9111C928382F5F00F87400 /* NSColor++.swift in Sources */,
				AA9111C528382F5F00F87400 /* Regex.swift in Sources */,
				AA9111D728382F5F00F87400 /* Roles.swift in Sources */,
				AA9111E128382F5F00F87400 /* Status.swift in Sources */,
				AA9111E628382F5F00F87400 /* Gateway+VoiceState.swift in Sources */,
				AA9111DA28382F5F00F87400 /* Sticker.swift in Sources */,
				AA9111C828382F5F00F87400 /* Extensions.swift in Sources */,
				AA9111F028382F5F00F87400 /* Models.swift in Sources */,
				AA9111E528382F5F00F87400 /* Core.swift in Sources */,
				AA9111CA28382F5F00F87400 /* Collection++.swift in Sources */,
			);
			runOnlyForDeploymentPostprocessing = 0;
		};
/* End PBXSourcesBuildPhase section */

/* Begin PBXTargetDependency section */
		AAC6B0D1283123C40032E1D6 /* PBXTargetDependency */ = {
			isa = PBXTargetDependency;
			target = AAC6B0CD283123C40032E1D6 /* WatchCord WatchKit App */;
			targetProxy = AAC6B0D0283123C40032E1D6 /* PBXContainerItemProxy */;
		};
		AAC6B0DC283123C60032E1D6 /* PBXTargetDependency */ = {
			isa = PBXTargetDependency;
			target = AAC6B0D8283123C60032E1D6 /* WatchCord WatchKit Extension */;
			targetProxy = AAC6B0DB283123C60032E1D6 /* PBXContainerItemProxy */;
		};
/* End PBXTargetDependency section */

/* Begin XCBuildConfiguration section */
		AAC6B0EA283123C70032E1D6 /* Debug */ = {
			isa = XCBuildConfiguration;
			buildSettings = {
				ALWAYS_SEARCH_USER_PATHS = NO;
				CLANG_ANALYZER_NONNULL = YES;
				CLANG_ANALYZER_NUMBER_OBJECT_CONVERSION = YES_AGGRESSIVE;
				CLANG_CXX_LANGUAGE_STANDARD = "gnu++17";
				CLANG_ENABLE_MODULES = YES;
				CLANG_ENABLE_OBJC_ARC = YES;
				CLANG_ENABLE_OBJC_WEAK = YES;
				CLANG_WARN_BLOCK_CAPTURE_AUTORELEASING = YES;
				CLANG_WARN_BOOL_CONVERSION = YES;
				CLANG_WARN_COMMA = YES;
				CLANG_WARN_CONSTANT_CONVERSION = YES;
				CLANG_WARN_DEPRECATED_OBJC_IMPLEMENTATIONS = YES;
				CLANG_WARN_DIRECT_OBJC_ISA_USAGE = YES_ERROR;
				CLANG_WARN_DOCUMENTATION_COMMENTS = YES;
				CLANG_WARN_EMPTY_BODY = YES;
				CLANG_WARN_ENUM_CONVERSION = YES;
				CLANG_WARN_INFINITE_RECURSION = YES;
				CLANG_WARN_INT_CONVERSION = YES;
				CLANG_WARN_NON_LITERAL_NULL_CONVERSION = YES;
				CLANG_WARN_OBJC_IMPLICIT_RETAIN_SELF = YES;
				CLANG_WARN_OBJC_LITERAL_CONVERSION = YES;
				CLANG_WARN_OBJC_ROOT_CLASS = YES_ERROR;
				CLANG_WARN_QUOTED_INCLUDE_IN_FRAMEWORK_HEADER = YES;
				CLANG_WARN_RANGE_LOOP_ANALYSIS = YES;
				CLANG_WARN_STRICT_PROTOTYPES = YES;
				CLANG_WARN_SUSPICIOUS_MOVE = YES;
				CLANG_WARN_UNGUARDED_AVAILABILITY = YES_AGGRESSIVE;
				CLANG_WARN_UNREACHABLE_CODE = YES;
				CLANG_WARN__DUPLICATE_METHOD_MATCH = YES;
				COPY_PHASE_STRIP = NO;
				DEBUG_INFORMATION_FORMAT = dwarf;
				ENABLE_STRICT_OBJC_MSGSEND = YES;
				ENABLE_TESTABILITY = YES;
				GCC_C_LANGUAGE_STANDARD = gnu11;
				GCC_DYNAMIC_NO_PIC = NO;
				GCC_NO_COMMON_BLOCKS = YES;
				GCC_OPTIMIZATION_LEVEL = 0;
				GCC_PREPROCESSOR_DEFINITIONS = (
					"DEBUG=1",
					"$(inherited)",
				);
				GCC_WARN_64_TO_32_BIT_CONVERSION = YES;
				GCC_WARN_ABOUT_RETURN_TYPE = YES_ERROR;
				GCC_WARN_UNDECLARED_SELECTOR = YES;
				GCC_WARN_UNINITIALIZED_AUTOS = YES_AGGRESSIVE;
				GCC_WARN_UNUSED_FUNCTION = YES;
				GCC_WARN_UNUSED_VARIABLE = YES;
				MTL_ENABLE_DEBUG_INFO = INCLUDE_SOURCE;
				MTL_FAST_MATH = YES;
				ONLY_ACTIVE_ARCH = YES;
				SWIFT_ACTIVE_COMPILATION_CONDITIONS = DEBUG;
				SWIFT_OPTIMIZATION_LEVEL = "-Onone";
			};
			name = Debug;
		};
		AAC6B0EB283123C70032E1D6 /* Release */ = {
			isa = XCBuildConfiguration;
			buildSettings = {
				ALWAYS_SEARCH_USER_PATHS = NO;
				CLANG_ANALYZER_NONNULL = YES;
				CLANG_ANALYZER_NUMBER_OBJECT_CONVERSION = YES_AGGRESSIVE;
				CLANG_CXX_LANGUAGE_STANDARD = "gnu++17";
				CLANG_ENABLE_MODULES = YES;
				CLANG_ENABLE_OBJC_ARC = YES;
				CLANG_ENABLE_OBJC_WEAK = YES;
				CLANG_WARN_BLOCK_CAPTURE_AUTORELEASING = YES;
				CLANG_WARN_BOOL_CONVERSION = YES;
				CLANG_WARN_COMMA = YES;
				CLANG_WARN_CONSTANT_CONVERSION = YES;
				CLANG_WARN_DEPRECATED_OBJC_IMPLEMENTATIONS = YES;
				CLANG_WARN_DIRECT_OBJC_ISA_USAGE = YES_ERROR;
				CLANG_WARN_DOCUMENTATION_COMMENTS = YES;
				CLANG_WARN_EMPTY_BODY = YES;
				CLANG_WARN_ENUM_CONVERSION = YES;
				CLANG_WARN_INFINITE_RECURSION = YES;
				CLANG_WARN_INT_CONVERSION = YES;
				CLANG_WARN_NON_LITERAL_NULL_CONVERSION = YES;
				CLANG_WARN_OBJC_IMPLICIT_RETAIN_SELF = YES;
				CLANG_WARN_OBJC_LITERAL_CONVERSION = YES;
				CLANG_WARN_OBJC_ROOT_CLASS = YES_ERROR;
				CLANG_WARN_QUOTED_INCLUDE_IN_FRAMEWORK_HEADER = YES;
				CLANG_WARN_RANGE_LOOP_ANALYSIS = YES;
				CLANG_WARN_STRICT_PROTOTYPES = YES;
				CLANG_WARN_SUSPICIOUS_MOVE = YES;
				CLANG_WARN_UNGUARDED_AVAILABILITY = YES_AGGRESSIVE;
				CLANG_WARN_UNREACHABLE_CODE = YES;
				CLANG_WARN__DUPLICATE_METHOD_MATCH = YES;
				COPY_PHASE_STRIP = NO;
				DEBUG_INFORMATION_FORMAT = "dwarf-with-dsym";
				ENABLE_NS_ASSERTIONS = NO;
				ENABLE_STRICT_OBJC_MSGSEND = YES;
				GCC_C_LANGUAGE_STANDARD = gnu11;
				GCC_NO_COMMON_BLOCKS = YES;
				GCC_WARN_64_TO_32_BIT_CONVERSION = YES;
				GCC_WARN_ABOUT_RETURN_TYPE = YES_ERROR;
				GCC_WARN_UNDECLARED_SELECTOR = YES;
				GCC_WARN_UNINITIALIZED_AUTOS = YES_AGGRESSIVE;
				GCC_WARN_UNUSED_FUNCTION = YES;
				GCC_WARN_UNUSED_VARIABLE = YES;
				MTL_ENABLE_DEBUG_INFO = NO;
				MTL_FAST_MATH = YES;
				SWIFT_COMPILATION_MODE = wholemodule;
				SWIFT_OPTIMIZATION_LEVEL = "-O";
			};
			name = Release;
		};
		AAC6B0ED283123C70032E1D6 /* Debug */ = {
			isa = XCBuildConfiguration;
			buildSettings = {
				ASSETCATALOG_COMPILER_COMPLICATION_NAME = Complication;
				CODE_SIGN_ENTITLEMENTS = "WatchCord WatchKit Extension/WatchCord WatchKit Extension.entitlements";
				CODE_SIGN_STYLE = Automatic;
				CURRENT_PROJECT_VERSION = 1;
				DEVELOPMENT_TEAM = 566RT33SA2;
				ENABLE_PREVIEWS = YES;
				GENERATE_INFOPLIST_FILE = YES;
				INFOPLIST_FILE = "WatchCord WatchKit Extension/Info.plist";
				INFOPLIST_KEY_CFBundleDisplayName = "WatchCord WatchKit Extension";
				INFOPLIST_KEY_CLKComplicationPrincipalClass = WatchCord_WatchKit_Extension.ComplicationController;
				INFOPLIST_KEY_NSHumanReadableCopyright = "";
				INFOPLIST_KEY_WKRunsIndependentlyOfCompanionApp = YES;
				LD_RUNPATH_SEARCH_PATHS = (
					"$(inherited)",
					"@executable_path/Frameworks",
					"@executable_path/../../Frameworks",
				);
				MARKETING_VERSION = 1.0;
				PRODUCT_BUNDLE_IDENTIFIER = com.llsc12.WatchCord.watchkitapp.watchkitextension;
				PRODUCT_NAME = "${TARGET_NAME}";
				SDKROOT = watchos;
				SKIP_INSTALL = YES;
				SWIFT_EMIT_LOC_STRINGS = YES;
				SWIFT_VERSION = 5.0;
				TARGETED_DEVICE_FAMILY = 4;
				WATCHOS_DEPLOYMENT_TARGET = 8.5;
			};
			name = Debug;
		};
		AAC6B0EE283123C70032E1D6 /* Release */ = {
			isa = XCBuildConfiguration;
			buildSettings = {
				ASSETCATALOG_COMPILER_COMPLICATION_NAME = Complication;
				CODE_SIGN_ENTITLEMENTS = "WatchCord WatchKit Extension/WatchCord WatchKit Extension.entitlements";
				CODE_SIGN_STYLE = Automatic;
				CURRENT_PROJECT_VERSION = 1;
				DEVELOPMENT_TEAM = 566RT33SA2;
				ENABLE_PREVIEWS = YES;
				GENERATE_INFOPLIST_FILE = YES;
				INFOPLIST_FILE = "WatchCord WatchKit Extension/Info.plist";
				INFOPLIST_KEY_CFBundleDisplayName = "WatchCord WatchKit Extension";
				INFOPLIST_KEY_CLKComplicationPrincipalClass = WatchCord_WatchKit_Extension.ComplicationController;
				INFOPLIST_KEY_NSHumanReadableCopyright = "";
				INFOPLIST_KEY_WKRunsIndependentlyOfCompanionApp = YES;
				LD_RUNPATH_SEARCH_PATHS = (
					"$(inherited)",
					"@executable_path/Frameworks",
					"@executable_path/../../Frameworks",
				);
				MARKETING_VERSION = 1.0;
				PRODUCT_BUNDLE_IDENTIFIER = com.llsc12.WatchCord.watchkitapp.watchkitextension;
				PRODUCT_NAME = "${TARGET_NAME}";
				SDKROOT = watchos;
				SKIP_INSTALL = YES;
				SWIFT_EMIT_LOC_STRINGS = YES;
				SWIFT_VERSION = 5.0;
				TARGETED_DEVICE_FAMILY = 4;
				VALIDATE_PRODUCT = YES;
				WATCHOS_DEPLOYMENT_TARGET = 8.5;
			};
			name = Release;
		};
		AAC6B0F1283123C70032E1D6 /* Debug */ = {
			isa = XCBuildConfiguration;
			buildSettings = {
				ALWAYS_EMBED_SWIFT_STANDARD_LIBRARIES = YES;
				ASSETCATALOG_COMPILER_APPICON_NAME = AppIcon;
				ASSETCATALOG_COMPILER_GLOBAL_ACCENT_COLOR_NAME = AccentColor;
				CODE_SIGN_STYLE = Automatic;
				CURRENT_PROJECT_VERSION = 1;
				DEVELOPMENT_TEAM = 566RT33SA2;
				GENERATE_INFOPLIST_FILE = YES;
				IBSC_MODULE = WatchCord_WatchKit_Extension;
				INFOPLIST_KEY_UISupportedInterfaceOrientations = "UIInterfaceOrientationPortrait UIInterfaceOrientationPortraitUpsideDown";
				INFOPLIST_KEY_WKCompanionAppBundleIdentifier = com.llsc12.WatchCord;
				MARKETING_VERSION = 1.0;
				PRODUCT_BUNDLE_IDENTIFIER = com.llsc12.WatchCord.watchkitapp;
				PRODUCT_NAME = WatchCord;
				SDKROOT = watchos;
				SKIP_INSTALL = YES;
				SWIFT_EMIT_LOC_STRINGS = YES;
				SWIFT_VERSION = 5.0;
				TARGETED_DEVICE_FAMILY = 4;
				WATCHOS_DEPLOYMENT_TARGET = 8.5;
			};
			name = Debug;
		};
		AAC6B0F2283123C70032E1D6 /* Release */ = {
			isa = XCBuildConfiguration;
			buildSettings = {
				ALWAYS_EMBED_SWIFT_STANDARD_LIBRARIES = YES;
				ASSETCATALOG_COMPILER_APPICON_NAME = AppIcon;
				ASSETCATALOG_COMPILER_GLOBAL_ACCENT_COLOR_NAME = AccentColor;
				CODE_SIGN_STYLE = Automatic;
				CURRENT_PROJECT_VERSION = 1;
				DEVELOPMENT_TEAM = 566RT33SA2;
				GENERATE_INFOPLIST_FILE = YES;
				IBSC_MODULE = WatchCord_WatchKit_Extension;
				INFOPLIST_KEY_UISupportedInterfaceOrientations = "UIInterfaceOrientationPortrait UIInterfaceOrientationPortraitUpsideDown";
				INFOPLIST_KEY_WKCompanionAppBundleIdentifier = com.llsc12.WatchCord;
				MARKETING_VERSION = 1.0;
				PRODUCT_BUNDLE_IDENTIFIER = com.llsc12.WatchCord.watchkitapp;
				PRODUCT_NAME = WatchCord;
				SDKROOT = watchos;
				SKIP_INSTALL = YES;
				SWIFT_EMIT_LOC_STRINGS = YES;
				SWIFT_VERSION = 5.0;
				TARGETED_DEVICE_FAMILY = 4;
				VALIDATE_PRODUCT = YES;
				WATCHOS_DEPLOYMENT_TARGET = 8.5;
			};
			name = Release;
		};
		AAC6B0F5283123C70032E1D6 /* Debug */ = {
			isa = XCBuildConfiguration;
			buildSettings = {
				ASSETCATALOG_COMPILER_APPICON_NAME = AppIcon;
				ASSETCATALOG_COMPILER_GLOBAL_ACCENT_COLOR_NAME = AccentColor;
				CODE_SIGN_ENTITLEMENTS = WatchCord/WatchCord.entitlements;
				CODE_SIGN_STYLE = Automatic;
				CURRENT_PROJECT_VERSION = 1;
				DEVELOPMENT_TEAM = 566RT33SA2;
				ENABLE_PREVIEWS = YES;
				GENERATE_INFOPLIST_FILE = YES;
				INFOPLIST_KEY_UIApplicationSceneManifest_Generation = YES;
				INFOPLIST_KEY_UIApplicationSupportsIndirectInputEvents = YES;
				INFOPLIST_KEY_UILaunchScreen_Generation = YES;
				INFOPLIST_KEY_UISupportedInterfaceOrientations_iPad = "UIInterfaceOrientationPortrait UIInterfaceOrientationPortraitUpsideDown UIInterfaceOrientationLandscapeLeft UIInterfaceOrientationLandscapeRight";
				INFOPLIST_KEY_UISupportedInterfaceOrientations_iPhone = "UIInterfaceOrientationPortrait UIInterfaceOrientationLandscapeLeft UIInterfaceOrientationLandscapeRight";
				IPHONEOS_DEPLOYMENT_TARGET = 15.4;
				LD_RUNPATH_SEARCH_PATHS = (
					"$(inherited)",
					"@executable_path/Frameworks",
				);
				MARKETING_VERSION = 1.0;
				PRODUCT_BUNDLE_IDENTIFIER = com.llsc12.WatchCord;
				PRODUCT_NAME = "$(TARGET_NAME)";
				SDKROOT = iphoneos;
				SWIFT_EMIT_LOC_STRINGS = YES;
				SWIFT_VERSION = 5.0;
				TARGETED_DEVICE_FAMILY = 1;
			};
			name = Debug;
		};
		AAC6B0F6283123C70032E1D6 /* Release */ = {
			isa = XCBuildConfiguration;
			buildSettings = {
				ASSETCATALOG_COMPILER_APPICON_NAME = AppIcon;
				ASSETCATALOG_COMPILER_GLOBAL_ACCENT_COLOR_NAME = AccentColor;
				CODE_SIGN_ENTITLEMENTS = WatchCord/WatchCord.entitlements;
				CODE_SIGN_STYLE = Automatic;
				CURRENT_PROJECT_VERSION = 1;
				DEVELOPMENT_TEAM = 566RT33SA2;
				ENABLE_PREVIEWS = YES;
				GENERATE_INFOPLIST_FILE = YES;
				INFOPLIST_KEY_UIApplicationSceneManifest_Generation = YES;
				INFOPLIST_KEY_UIApplicationSupportsIndirectInputEvents = YES;
				INFOPLIST_KEY_UILaunchScreen_Generation = YES;
				INFOPLIST_KEY_UISupportedInterfaceOrientations_iPad = "UIInterfaceOrientationPortrait UIInterfaceOrientationPortraitUpsideDown UIInterfaceOrientationLandscapeLeft UIInterfaceOrientationLandscapeRight";
				INFOPLIST_KEY_UISupportedInterfaceOrientations_iPhone = "UIInterfaceOrientationPortrait UIInterfaceOrientationLandscapeLeft UIInterfaceOrientationLandscapeRight";
				IPHONEOS_DEPLOYMENT_TARGET = 15.4;
				LD_RUNPATH_SEARCH_PATHS = (
					"$(inherited)",
					"@executable_path/Frameworks",
				);
				MARKETING_VERSION = 1.0;
				PRODUCT_BUNDLE_IDENTIFIER = com.llsc12.WatchCord;
				PRODUCT_NAME = "$(TARGET_NAME)";
				SDKROOT = iphoneos;
				SWIFT_EMIT_LOC_STRINGS = YES;
				SWIFT_VERSION = 5.0;
				TARGETED_DEVICE_FAMILY = 1;
				VALIDATE_PRODUCT = YES;
			};
			name = Release;
		};
/* End XCBuildConfiguration section */

/* Begin XCConfigurationList section */
		AAC6B0BB283123C20032E1D6 /* Build configuration list for PBXProject "WatchCord" */ = {
			isa = XCConfigurationList;
			buildConfigurations = (
				AAC6B0EA283123C70032E1D6 /* Debug */,
				AAC6B0EB283123C70032E1D6 /* Release */,
			);
			defaultConfigurationIsVisible = 0;
			defaultConfigurationName = Release;
		};
		AAC6B0EC283123C70032E1D6 /* Build configuration list for PBXNativeTarget "WatchCord WatchKit Extension" */ = {
			isa = XCConfigurationList;
			buildConfigurations = (
				AAC6B0ED283123C70032E1D6 /* Debug */,
				AAC6B0EE283123C70032E1D6 /* Release */,
			);
			defaultConfigurationIsVisible = 0;
			defaultConfigurationName = Release;
		};
		AAC6B0F0283123C70032E1D6 /* Build configuration list for PBXNativeTarget "WatchCord WatchKit App" */ = {
			isa = XCConfigurationList;
			buildConfigurations = (
				AAC6B0F1283123C70032E1D6 /* Debug */,
				AAC6B0F2283123C70032E1D6 /* Release */,
			);
			defaultConfigurationIsVisible = 0;
			defaultConfigurationName = Release;
		};
		AAC6B0F4283123C70032E1D6 /* Build configuration list for PBXNativeTarget "WatchCord" */ = {
			isa = XCConfigurationList;
			buildConfigurations = (
				AAC6B0F5283123C70032E1D6 /* Debug */,
				AAC6B0F6283123C70032E1D6 /* Release */,
			);
			defaultConfigurationIsVisible = 0;
			defaultConfigurationName = Release;
		};
/* End XCConfigurationList section */

/* Begin XCRemoteSwiftPackageReference section */
		AA40878F283190CC009B638A /* XCRemoteSwiftPackageReference "SDWebImageSwiftUI" */ = {
			isa = XCRemoteSwiftPackageReference;
			repositoryURL = "https://github.com/SDWebImage/SDWebImageSwiftUI";
			requirement = {
				kind = upToNextMajorVersion;
				minimumVersion = 2.0.0;
			};
		};
/* End XCRemoteSwiftPackageReference section */

/* Begin XCSwiftPackageProductDependency section */
		AA408790283190CC009B638A /* SDWebImageSwiftUI */ = {
			isa = XCSwiftPackageProductDependency;
			package = AA40878F283190CC009B638A /* XCRemoteSwiftPackageReference "SDWebImageSwiftUI" */;
			productName = SDWebImageSwiftUI;
		};
		AA40879328319175009B638A /* SDWebImageSwiftUI */ = {
			isa = XCSwiftPackageProductDependency;
			package = AA40878F283190CC009B638A /* XCRemoteSwiftPackageReference "SDWebImageSwiftUI" */;
			productName = SDWebImageSwiftUI;
		};
/* End XCSwiftPackageProductDependency section */
	};
	rootObject = AAC6B0B8283123C20032E1D6 /* Project object */;
}
